
Microsoft Visual Studio Solution File, Format Version 12.00
# Visual Studio 2012
Project("{FAE04EC0-301F-11D3-BF4B-00C04F79EFBC}") = "Visualizer", "Visualizer\Visualizer.csproj", "{DA73FD41-0CF7-41F6-803B-471A943923B9}"
EndProject
Project("{8BC9CEB8-8B4A-11D0-8D11-00A0C91BC942}") = "ConstantsBridge", "Visualizer\ConstantsBridge\ConstantsBridge.vcxproj", "{7809CD92-E80E-4C83-83E3-F98BFC1A142A}"
EndProject
Project("{FAE04EC0-301F-11D3-BF4B-00C04F79EFBC}") = "ProcessInjectTransport", "Visualizer\plugins\transport\ProcessInjectTransport\ProcessInjectTransport.csproj", "{B2086A33-F22F-4430-A705-705C2E369950}"
EndProject
Project("{8BC9CEB8-8B4A-11D0-8D11-00A0C91BC942}") = "InjectDll", "Visualizer\plugins\transport\ProcessInjectTransport\InjectDll\InjectDll.vcxproj", "{6CB20F2D-D932-4315-ABE3-E99EA36D6BE4}"
EndProject
Project("{8BC9CEB8-8B4A-11D0-8D11-00A0C91BC942}") = "InjectHelper", "Visualizer\plugins\transport\ProcessInjectTransport\InjectHelper\InjectHelper.vcxproj", "{A3946D56-A042-4197-99B8-374F544D7857}"
EndProject
Project("{FAE04EC0-301F-11D3-BF4B-00C04F79EFBC}") = "ProcessSpyTransport", "Visualizer\plugins\transport\ProcessSpyTransport\ProcessSpyTransport.csproj", "{9C29B700-3859-4E79-8C75-06FA32CF9479}"
EndProject
Project("{8BC9CEB8-8B4A-11D0-8D11-00A0C91BC942}") = "HeapWalker", "Visualizer\plugins\transport\ProcessSpyTransport\HeapWalker\HeapWalker.vcxproj", "{F044C122-1910-437C-AB6C-0A4B803F5E2A}"
EndProject
Project("{FAE04EC0-301F-11D3-BF4B-00C04F79EFBC}") = "Win32Transport", "Visualizer\plugins\transport\Win32Transport\Win32Transport.csproj", "{C2C823A0-12C5-4D48-98C9-C9305C0A7E7B}"
EndProject
Project("{FAE04EC0-301F-11D3-BF4B-00C04F79EFBC}") = "CommandLine", "External\CommandLine\src\libcmdline\CommandLine.csproj", "{5DEA2811-2FFA-4959-830B-CAD3ACACABEB}"
EndProject
Project("{FAE04EC0-301F-11D3-BF4B-00C04F79EFBC}") = "WinFormsUI", "External\dockpanelsuite\WinFormsUI\WinFormsUI.csproj", "{C75532C4-765B-418E-B09B-46D36B2ABDB1}"
EndProject
Project("{FAE04EC0-301F-11D3-BF4B-00C04F79EFBC}") = "NBug", "External\nbug\NBug\NBug.csproj", "{62CED1D5-F603-40DE-8BF5-3E49D3A392F4}"
EndProject
Project("{8BC9CEB8-8B4A-11D0-8D11-00A0C91BC942}") = "Collector", "Collector\Collector.vcxproj", "{5E835BE4-39E6-406D-8536-9EF3238E6D40}"
EndProject
Project("{8BC9CEB8-8B4A-11D0-8D11-00A0C91BC942}") = "TestCollector", "Collector\TestCollector\TestCollector.vcxproj", "{1B044CCB-0105-4507-BF30-A0E058914ECF}"
EndProject
Project("{2150E333-8FDC-42A3-9474-1A3956D46DE8}") = "Collector", "Collector", "{B4E214AF-C0FF-419E-894F-6241A03CEF7B}"
EndProject
Project("{2150E333-8FDC-42A3-9474-1A3956D46DE8}") = "External", "External", "{89557778-07E7-4EDE-BAF6-47EE07B3331F}"
EndProject
Project("{2150E333-8FDC-42A3-9474-1A3956D46DE8}") = "Plugins", "Plugins", "{634E57C0-50D0-406A-BF69-77EFD10C42DB}"
EndProject
Project("{2150E333-8FDC-42A3-9474-1A3956D46DE8}") = "Visualizer", "Visualizer", "{924A3016-4152-4D31-9112-3DA6491060A5}"
EndProject
Project("{2150E333-8FDC-42A3-9474-1A3956D46DE8}") = "Transport", "Transport", "{AC6029BF-9729-43A4-AABA-735DA1FC3D02}"
EndProject
Project("{2150E333-8FDC-42A3-9474-1A3956D46DE8}") = "Call Stack", "Call Stack", "{CF872E5F-4408-4EA2-B853-3202A8E1DFF2}"
EndProject
Project("{2150E333-8FDC-42A3-9474-1A3956D46DE8}") = "Process Inject", "Process Inject", "{0D9C3CD7-BF6B-41A0-9ED8-AD74B2F776CF}"
EndProject
Project("{2150E333-8FDC-42A3-9474-1A3956D46DE8}") = "Process Spy", "Process Spy", "{4CC0F5E2-051F-4E55-800D-E49A2A0254F6}"
EndProject
Project("{2150E333-8FDC-42A3-9474-1A3956D46DE8}") = "Win32", "Win32", "{82646FBC-AAAB-4D18-913E-97ED077033E1}"
EndProject
Project("{8BC9CEB8-8B4A-11D0-8D11-00A0C91BC942}") = "PdbParser", "Visualizer\PdbParser\PdbParser.vcxproj", "{73E0A3FA-C680-4D41-A40A-FABF2059F5D1}"
EndProject
Project("{FAE04EC0-301F-11D3-BF4B-00C04F79EFBC}") = "CallStack_PDB", "Visualizer\plugins\callstack\CallStack_PDB\CallStack_PDB.csproj", "{BBB24EF0-1FA7-4435-96DD-0FAA91CCA950}"
EndProject
Global
	GlobalSection(SolutionConfigurationPlatforms) = preSolution
		Analysis|Any CPU = Analysis|Any CPU
		Analysis|Mixed Platforms = Analysis|Mixed Platforms
		Analysis|Win32 = Analysis|Win32
		Analysis|x86 = Analysis|x86
		Debug_Collector|Any CPU = Debug_Collector|Any CPU
		Debug_Collector|Mixed Platforms = Debug_Collector|Mixed Platforms
		Debug_Collector|Win32 = Debug_Collector|Win32
		Debug_Collector|x86 = Debug_Collector|x86
		Debug_Visualizer|Any CPU = Debug_Visualizer|Any CPU
		Debug_Visualizer|Mixed Platforms = Debug_Visualizer|Mixed Platforms
		Debug_Visualizer|Win32 = Debug_Visualizer|Win32
		Debug_Visualizer|x86 = Debug_Visualizer|x86
		Installer|Any CPU = Installer|Any CPU
		Installer|Mixed Platforms = Installer|Mixed Platforms
		Installer|Win32 = Installer|Win32
		Installer|x86 = Installer|x86
		Release_Collector|Any CPU = Release_Collector|Any CPU
		Release_Collector|Mixed Platforms = Release_Collector|Mixed Platforms
		Release_Collector|Win32 = Release_Collector|Win32
		Release_Collector|x86 = Release_Collector|x86
		Release_Visualizer|Any CPU = Release_Visualizer|Any CPU
		Release_Visualizer|Mixed Platforms = Release_Visualizer|Mixed Platforms
		Release_Visualizer|Win32 = Release_Visualizer|Win32
		Release_Visualizer|x86 = Release_Visualizer|x86
	EndGlobalSection
	GlobalSection(ProjectConfigurationPlatforms) = postSolution
		{DA73FD41-0CF7-41F6-803B-471A943923B9}.Analysis|Any CPU.ActiveCfg = Release|x86
		{DA73FD41-0CF7-41F6-803B-471A943923B9}.Analysis|Mixed Platforms.ActiveCfg = Release|x86
		{DA73FD41-0CF7-41F6-803B-471A943923B9}.Analysis|Mixed Platforms.Build.0 = Release|x86
		{DA73FD41-0CF7-41F6-803B-471A943923B9}.Analysis|Win32.ActiveCfg = Release|x86
		{DA73FD41-0CF7-41F6-803B-471A943923B9}.Analysis|Win32.Build.0 = Release|x86
		{DA73FD41-0CF7-41F6-803B-471A943923B9}.Analysis|x86.ActiveCfg = Release|x86
		{DA73FD41-0CF7-41F6-803B-471A943923B9}.Analysis|x86.Build.0 = Release|x86
		{DA73FD41-0CF7-41F6-803B-471A943923B9}.Debug_Collector|Any CPU.ActiveCfg = Debug_Collector|x86
		{DA73FD41-0CF7-41F6-803B-471A943923B9}.Debug_Collector|Mixed Platforms.ActiveCfg = Debug_Collector|x86
		{DA73FD41-0CF7-41F6-803B-471A943923B9}.Debug_Collector|Win32.ActiveCfg = Debug_Collector|x86
		{DA73FD41-0CF7-41F6-803B-471A943923B9}.Debug_Collector|Win32.Build.0 = Debug_Collector|x86
		{DA73FD41-0CF7-41F6-803B-471A943923B9}.Debug_Collector|x86.ActiveCfg = Debug_Collector|x86
		{DA73FD41-0CF7-41F6-803B-471A943923B9}.Debug_Collector|x86.Build.0 = Debug_Collector|x86
		{DA73FD41-0CF7-41F6-803B-471A943923B9}.Debug_Visualizer|Any CPU.ActiveCfg = Debug|x86
		{DA73FD41-0CF7-41F6-803B-471A943923B9}.Debug_Visualizer|Any CPU.Build.0 = Debug|x86
		{DA73FD41-0CF7-41F6-803B-471A943923B9}.Debug_Visualizer|Mixed Platforms.ActiveCfg = Debug|x86
		{DA73FD41-0CF7-41F6-803B-471A943923B9}.Debug_Visualizer|Mixed Platforms.Build.0 = Debug|x86
		{DA73FD41-0CF7-41F6-803B-471A943923B9}.Debug_Visualizer|Win32.ActiveCfg = Debug|x86
		{DA73FD41-0CF7-41F6-803B-471A943923B9}.Debug_Visualizer|Win32.Build.0 = Debug|x86
		{DA73FD41-0CF7-41F6-803B-471A943923B9}.Debug_Visualizer|x86.ActiveCfg = Debug|x86
		{DA73FD41-0CF7-41F6-803B-471A943923B9}.Debug_Visualizer|x86.Build.0 = Debug|x86
		{DA73FD41-0CF7-41F6-803B-471A943923B9}.Installer|Any CPU.ActiveCfg = Installer|x86
		{DA73FD41-0CF7-41F6-803B-471A943923B9}.Installer|Any CPU.Build.0 = Installer|x86
		{DA73FD41-0CF7-41F6-803B-471A943923B9}.Installer|Mixed Platforms.ActiveCfg = Installer|x86
		{DA73FD41-0CF7-41F6-803B-471A943923B9}.Installer|Mixed Platforms.Build.0 = Installer|x86
		{DA73FD41-0CF7-41F6-803B-471A943923B9}.Installer|Win32.ActiveCfg = Installer|x86
		{DA73FD41-0CF7-41F6-803B-471A943923B9}.Installer|Win32.Build.0 = Installer|x86
		{DA73FD41-0CF7-41F6-803B-471A943923B9}.Installer|x86.ActiveCfg = Installer|x86
		{DA73FD41-0CF7-41F6-803B-471A943923B9}.Installer|x86.Build.0 = Installer|x86
		{DA73FD41-0CF7-41F6-803B-471A943923B9}.Release_Collector|Any CPU.ActiveCfg = Release_Collector|x86
		{DA73FD41-0CF7-41F6-803B-471A943923B9}.Release_Collector|Mixed Platforms.ActiveCfg = Release_Collector|x86
		{DA73FD41-0CF7-41F6-803B-471A943923B9}.Release_Collector|Win32.ActiveCfg = Release_Collector|x86
		{DA73FD41-0CF7-41F6-803B-471A943923B9}.Release_Collector|Win32.Build.0 = Release_Collector|x86
		{DA73FD41-0CF7-41F6-803B-471A943923B9}.Release_Collector|x86.ActiveCfg = Release_Collector|x86
		{DA73FD41-0CF7-41F6-803B-471A943923B9}.Release_Collector|x86.Build.0 = Release_Collector|x86
		{DA73FD41-0CF7-41F6-803B-471A943923B9}.Release_Visualizer|Any CPU.ActiveCfg = Release|x86
		{DA73FD41-0CF7-41F6-803B-471A943923B9}.Release_Visualizer|Any CPU.Build.0 = Release|x86
		{DA73FD41-0CF7-41F6-803B-471A943923B9}.Release_Visualizer|Mixed Platforms.ActiveCfg = Release|x86
		{DA73FD41-0CF7-41F6-803B-471A943923B9}.Release_Visualizer|Mixed Platforms.Build.0 = Release|x86
		{DA73FD41-0CF7-41F6-803B-471A943923B9}.Release_Visualizer|Win32.ActiveCfg = Release|x86
		{DA73FD41-0CF7-41F6-803B-471A943923B9}.Release_Visualizer|Win32.Build.0 = Release|x86
		{DA73FD41-0CF7-41F6-803B-471A943923B9}.Release_Visualizer|x86.ActiveCfg = Release|x86
		{DA73FD41-0CF7-41F6-803B-471A943923B9}.Release_Visualizer|x86.Build.0 = Release|x86
		{7809CD92-E80E-4C83-83E3-F98BFC1A142A}.Analysis|Any CPU.ActiveCfg = Release|Win32
		{7809CD92-E80E-4C83-83E3-F98BFC1A142A}.Analysis|Mixed Platforms.ActiveCfg = Release|Win32
		{7809CD92-E80E-4C83-83E3-F98BFC1A142A}.Analysis|Mixed Platforms.Build.0 = Release|Win32
		{7809CD92-E80E-4C83-83E3-F98BFC1A142A}.Analysis|Win32.ActiveCfg = Release|Win32
		{7809CD92-E80E-4C83-83E3-F98BFC1A142A}.Analysis|Win32.Build.0 = Release|Win32
		{7809CD92-E80E-4C83-83E3-F98BFC1A142A}.Analysis|x86.ActiveCfg = Release|Win32
		{7809CD92-E80E-4C83-83E3-F98BFC1A142A}.Analysis|x86.Build.0 = Release|Win32
		{7809CD92-E80E-4C83-83E3-F98BFC1A142A}.Debug_Collector|Any CPU.ActiveCfg = Debug_Collector|Win32
		{7809CD92-E80E-4C83-83E3-F98BFC1A142A}.Debug_Collector|Mixed Platforms.ActiveCfg = Debug_Collector|Win32
		{7809CD92-E80E-4C83-83E3-F98BFC1A142A}.Debug_Collector|Win32.ActiveCfg = Debug_Collector|Win32
		{7809CD92-E80E-4C83-83E3-F98BFC1A142A}.Debug_Collector|Win32.Build.0 = Debug_Collector|Win32
		{7809CD92-E80E-4C83-83E3-F98BFC1A142A}.Debug_Collector|x86.ActiveCfg = Debug_Collector|Win32
		{7809CD92-E80E-4C83-83E3-F98BFC1A142A}.Debug_Collector|x86.Build.0 = Debug_Collector|Win32
		{7809CD92-E80E-4C83-83E3-F98BFC1A142A}.Debug_Visualizer|Any CPU.ActiveCfg = Debug|Win32
		{7809CD92-E80E-4C83-83E3-F98BFC1A142A}.Debug_Visualizer|Any CPU.Build.0 = Debug|Win32
		{7809CD92-E80E-4C83-83E3-F98BFC1A142A}.Debug_Visualizer|Mixed Platforms.ActiveCfg = Debug|Win32
		{7809CD92-E80E-4C83-83E3-F98BFC1A142A}.Debug_Visualizer|Mixed Platforms.Build.0 = Debug|Win32
		{7809CD92-E80E-4C83-83E3-F98BFC1A142A}.Debug_Visualizer|Win32.ActiveCfg = Debug|Win32
		{7809CD92-E80E-4C83-83E3-F98BFC1A142A}.Debug_Visualizer|Win32.Build.0 = Debug|Win32
		{7809CD92-E80E-4C83-83E3-F98BFC1A142A}.Debug_Visualizer|x86.ActiveCfg = Debug|Win32
		{7809CD92-E80E-4C83-83E3-F98BFC1A142A}.Debug_Visualizer|x86.Build.0 = Debug|Win32
		{7809CD92-E80E-4C83-83E3-F98BFC1A142A}.Installer|Any CPU.ActiveCfg = Installer|Win32
		{7809CD92-E80E-4C83-83E3-F98BFC1A142A}.Installer|Any CPU.Build.0 = Installer|Win32
		{7809CD92-E80E-4C83-83E3-F98BFC1A142A}.Installer|Mixed Platforms.ActiveCfg = Installer|Win32
		{7809CD92-E80E-4C83-83E3-F98BFC1A142A}.Installer|Mixed Platforms.Build.0 = Installer|Win32
		{7809CD92-E80E-4C83-83E3-F98BFC1A142A}.Installer|Win32.ActiveCfg = Installer|Win32
		{7809CD92-E80E-4C83-83E3-F98BFC1A142A}.Installer|Win32.Build.0 = Installer|Win32
		{7809CD92-E80E-4C83-83E3-F98BFC1A142A}.Installer|x86.ActiveCfg = Installer|Win32
		{7809CD92-E80E-4C83-83E3-F98BFC1A142A}.Installer|x86.Build.0 = Installer|Win32
		{7809CD92-E80E-4C83-83E3-F98BFC1A142A}.Release_Collector|Any CPU.ActiveCfg = Release_Collector|Win32
		{7809CD92-E80E-4C83-83E3-F98BFC1A142A}.Release_Collector|Mixed Platforms.ActiveCfg = Release_Collector|Win32
		{7809CD92-E80E-4C83-83E3-F98BFC1A142A}.Release_Collector|Win32.ActiveCfg = Release_Collector|Win32
		{7809CD92-E80E-4C83-83E3-F98BFC1A142A}.Release_Collector|Win32.Build.0 = Release_Collector|Win32
		{7809CD92-E80E-4C83-83E3-F98BFC1A142A}.Release_Collector|x86.ActiveCfg = Release_Collector|Win32
		{7809CD92-E80E-4C83-83E3-F98BFC1A142A}.Release_Collector|x86.Build.0 = Release_Collector|Win32
		{7809CD92-E80E-4C83-83E3-F98BFC1A142A}.Release_Visualizer|Any CPU.ActiveCfg = Release|Win32
		{7809CD92-E80E-4C83-83E3-F98BFC1A142A}.Release_Visualizer|Any CPU.Build.0 = Release|Win32
		{7809CD92-E80E-4C83-83E3-F98BFC1A142A}.Release_Visualizer|Mixed Platforms.ActiveCfg = Release|Win32
		{7809CD92-E80E-4C83-83E3-F98BFC1A142A}.Release_Visualizer|Mixed Platforms.Build.0 = Release|Win32
		{7809CD92-E80E-4C83-83E3-F98BFC1A142A}.Release_Visualizer|Win32.ActiveCfg = Release|Win32
		{7809CD92-E80E-4C83-83E3-F98BFC1A142A}.Release_Visualizer|Win32.Build.0 = Release|Win32
		{7809CD92-E80E-4C83-83E3-F98BFC1A142A}.Release_Visualizer|x86.ActiveCfg = Release|Win32
		{7809CD92-E80E-4C83-83E3-F98BFC1A142A}.Release_Visualizer|x86.Build.0 = Release|Win32
		{B2086A33-F22F-4430-A705-705C2E369950}.Analysis|Any CPU.ActiveCfg = Release|Any CPU
		{B2086A33-F22F-4430-A705-705C2E369950}.Analysis|Any CPU.Build.0 = Release|Any CPU
		{B2086A33-F22F-4430-A705-705C2E369950}.Analysis|Mixed Platforms.ActiveCfg = Release|Any CPU
		{B2086A33-F22F-4430-A705-705C2E369950}.Analysis|Mixed Platforms.Build.0 = Release|Any CPU
		{B2086A33-F22F-4430-A705-705C2E369950}.Analysis|Win32.ActiveCfg = Release|Any CPU
		{B2086A33-F22F-4430-A705-705C2E369950}.Analysis|x86.ActiveCfg = Release|Any CPU
		{B2086A33-F22F-4430-A705-705C2E369950}.Debug_Collector|Any CPU.ActiveCfg = Debug_Collector|Any CPU
		{B2086A33-F22F-4430-A705-705C2E369950}.Debug_Collector|Mixed Platforms.ActiveCfg = Debug_Collector|Any CPU
		{B2086A33-F22F-4430-A705-705C2E369950}.Debug_Collector|Win32.ActiveCfg = Debug_Collector|Any CPU
		{B2086A33-F22F-4430-A705-705C2E369950}.Debug_Collector|x86.ActiveCfg = Debug_Collector|Any CPU
		{B2086A33-F22F-4430-A705-705C2E369950}.Debug_Visualizer|Any CPU.ActiveCfg = Debug|Any CPU
		{B2086A33-F22F-4430-A705-705C2E369950}.Debug_Visualizer|Any CPU.Build.0 = Debug|Any CPU
		{B2086A33-F22F-4430-A705-705C2E369950}.Debug_Visualizer|Mixed Platforms.ActiveCfg = Debug|Any CPU
		{B2086A33-F22F-4430-A705-705C2E369950}.Debug_Visualizer|Mixed Platforms.Build.0 = Debug|Any CPU
		{B2086A33-F22F-4430-A705-705C2E369950}.Debug_Visualizer|Win32.ActiveCfg = Debug|Any CPU
		{B2086A33-F22F-4430-A705-705C2E369950}.Debug_Visualizer|x86.ActiveCfg = Debug|Any CPU
		{B2086A33-F22F-4430-A705-705C2E369950}.Installer|Any CPU.ActiveCfg = Installer|Any CPU
		{B2086A33-F22F-4430-A705-705C2E369950}.Installer|Any CPU.Build.0 = Installer|Any CPU
		{B2086A33-F22F-4430-A705-705C2E369950}.Installer|Mixed Platforms.ActiveCfg = Installer|Any CPU
		{B2086A33-F22F-4430-A705-705C2E369950}.Installer|Mixed Platforms.Build.0 = Installer|Any CPU
		{B2086A33-F22F-4430-A705-705C2E369950}.Installer|Win32.ActiveCfg = Installer|Any CPU
		{B2086A33-F22F-4430-A705-705C2E369950}.Installer|x86.ActiveCfg = Installer|Any CPU
		{B2086A33-F22F-4430-A705-705C2E369950}.Release_Collector|Any CPU.ActiveCfg = Release_Collector|Any CPU
		{B2086A33-F22F-4430-A705-705C2E369950}.Release_Collector|Mixed Platforms.ActiveCfg = Release_Collector|Any CPU
		{B2086A33-F22F-4430-A705-705C2E369950}.Release_Collector|Win32.ActiveCfg = Release_Collector|Any CPU
		{B2086A33-F22F-4430-A705-705C2E369950}.Release_Collector|x86.ActiveCfg = Release_Collector|Any CPU
		{B2086A33-F22F-4430-A705-705C2E369950}.Release_Visualizer|Any CPU.ActiveCfg = Release|Any CPU
		{B2086A33-F22F-4430-A705-705C2E369950}.Release_Visualizer|Any CPU.Build.0 = Release|Any CPU
		{B2086A33-F22F-4430-A705-705C2E369950}.Release_Visualizer|Mixed Platforms.ActiveCfg = Release|Any CPU
		{B2086A33-F22F-4430-A705-705C2E369950}.Release_Visualizer|Mixed Platforms.Build.0 = Release|Any CPU
		{B2086A33-F22F-4430-A705-705C2E369950}.Release_Visualizer|Win32.ActiveCfg = Release|Any CPU
		{B2086A33-F22F-4430-A705-705C2E369950}.Release_Visualizer|x86.ActiveCfg = Release|Any CPU
		{6CB20F2D-D932-4315-ABE3-E99EA36D6BE4}.Analysis|Any CPU.ActiveCfg = Release|Win32
		{6CB20F2D-D932-4315-ABE3-E99EA36D6BE4}.Analysis|Mixed Platforms.ActiveCfg = Release|Win32
		{6CB20F2D-D932-4315-ABE3-E99EA36D6BE4}.Analysis|Mixed Platforms.Build.0 = Release|Win32
		{6CB20F2D-D932-4315-ABE3-E99EA36D6BE4}.Analysis|Win32.ActiveCfg = Release|Win32
		{6CB20F2D-D932-4315-ABE3-E99EA36D6BE4}.Analysis|Win32.Build.0 = Release|Win32
		{6CB20F2D-D932-4315-ABE3-E99EA36D6BE4}.Analysis|x86.ActiveCfg = Release|Win32
		{6CB20F2D-D932-4315-ABE3-E99EA36D6BE4}.Analysis|x86.Build.0 = Release|Win32
		{6CB20F2D-D932-4315-ABE3-E99EA36D6BE4}.Debug_Collector|Any CPU.ActiveCfg = Debug_Collector|Win32
		{6CB20F2D-D932-4315-ABE3-E99EA36D6BE4}.Debug_Collector|Mixed Platforms.ActiveCfg = Debug_Collector|Win32
		{6CB20F2D-D932-4315-ABE3-E99EA36D6BE4}.Debug_Collector|Win32.ActiveCfg = Debug_Collector|Win32
		{6CB20F2D-D932-4315-ABE3-E99EA36D6BE4}.Debug_Collector|Win32.Build.0 = Debug_Collector|Win32
		{6CB20F2D-D932-4315-ABE3-E99EA36D6BE4}.Debug_Collector|x86.ActiveCfg = Debug_Collector|Win32
		{6CB20F2D-D932-4315-ABE3-E99EA36D6BE4}.Debug_Collector|x86.Build.0 = Debug_Collector|Win32
		{6CB20F2D-D932-4315-ABE3-E99EA36D6BE4}.Debug_Visualizer|Any CPU.ActiveCfg = Debug|Win32
		{6CB20F2D-D932-4315-ABE3-E99EA36D6BE4}.Debug_Visualizer|Mixed Platforms.ActiveCfg = Debug|Win32
		{6CB20F2D-D932-4315-ABE3-E99EA36D6BE4}.Debug_Visualizer|Mixed Platforms.Build.0 = Debug|Win32
		{6CB20F2D-D932-4315-ABE3-E99EA36D6BE4}.Debug_Visualizer|Win32.ActiveCfg = Debug|Win32
		{6CB20F2D-D932-4315-ABE3-E99EA36D6BE4}.Debug_Visualizer|Win32.Build.0 = Debug|Win32
		{6CB20F2D-D932-4315-ABE3-E99EA36D6BE4}.Debug_Visualizer|x86.ActiveCfg = Debug|Win32
		{6CB20F2D-D932-4315-ABE3-E99EA36D6BE4}.Debug_Visualizer|x86.Build.0 = Debug|Win32
		{6CB20F2D-D932-4315-ABE3-E99EA36D6BE4}.Installer|Any CPU.ActiveCfg = Installer|Win32
		{6CB20F2D-D932-4315-ABE3-E99EA36D6BE4}.Installer|Any CPU.Build.0 = Installer|Win32
		{6CB20F2D-D932-4315-ABE3-E99EA36D6BE4}.Installer|Mixed Platforms.ActiveCfg = Installer|Win32
		{6CB20F2D-D932-4315-ABE3-E99EA36D6BE4}.Installer|Mixed Platforms.Build.0 = Installer|Win32
		{6CB20F2D-D932-4315-ABE3-E99EA36D6BE4}.Installer|Win32.ActiveCfg = Installer|Win32
		{6CB20F2D-D932-4315-ABE3-E99EA36D6BE4}.Installer|Win32.Build.0 = Installer|Win32
		{6CB20F2D-D932-4315-ABE3-E99EA36D6BE4}.Installer|x86.ActiveCfg = Installer|Win32
		{6CB20F2D-D932-4315-ABE3-E99EA36D6BE4}.Installer|x86.Build.0 = Installer|Win32
		{6CB20F2D-D932-4315-ABE3-E99EA36D6BE4}.Release_Collector|Any CPU.ActiveCfg = Release_Collector|Win32
		{6CB20F2D-D932-4315-ABE3-E99EA36D6BE4}.Release_Collector|Mixed Platforms.ActiveCfg = Release_Collector|Win32
		{6CB20F2D-D932-4315-ABE3-E99EA36D6BE4}.Release_Collector|Win32.ActiveCfg = Release_Collector|Win32
		{6CB20F2D-D932-4315-ABE3-E99EA36D6BE4}.Release_Collector|Win32.Build.0 = Release_Collector|Win32
		{6CB20F2D-D932-4315-ABE3-E99EA36D6BE4}.Release_Collector|x86.ActiveCfg = Release_Collector|Win32
		{6CB20F2D-D932-4315-ABE3-E99EA36D6BE4}.Release_Collector|x86.Build.0 = Release_Collector|Win32
		{6CB20F2D-D932-4315-ABE3-E99EA36D6BE4}.Release_Visualizer|Any CPU.ActiveCfg = Release|Win32
		{6CB20F2D-D932-4315-ABE3-E99EA36D6BE4}.Release_Visualizer|Mixed Platforms.ActiveCfg = Release|Win32
		{6CB20F2D-D932-4315-ABE3-E99EA36D6BE4}.Release_Visualizer|Mixed Platforms.Build.0 = Release|Win32
		{6CB20F2D-D932-4315-ABE3-E99EA36D6BE4}.Release_Visualizer|Win32.ActiveCfg = Release|Win32
		{6CB20F2D-D932-4315-ABE3-E99EA36D6BE4}.Release_Visualizer|Win32.Build.0 = Release|Win32
		{6CB20F2D-D932-4315-ABE3-E99EA36D6BE4}.Release_Visualizer|x86.ActiveCfg = Release|Win32
		{6CB20F2D-D932-4315-ABE3-E99EA36D6BE4}.Release_Visualizer|x86.Build.0 = Release|Win32
		{A3946D56-A042-4197-99B8-374F544D7857}.Analysis|Any CPU.ActiveCfg = Release|Win32
		{A3946D56-A042-4197-99B8-374F544D7857}.Analysis|Mixed Platforms.ActiveCfg = Release|Win32
		{A3946D56-A042-4197-99B8-374F544D7857}.Analysis|Mixed Platforms.Build.0 = Release|Win32
		{A3946D56-A042-4197-99B8-374F544D7857}.Analysis|Win32.ActiveCfg = Release|Win32
		{A3946D56-A042-4197-99B8-374F544D7857}.Analysis|Win32.Build.0 = Release|Win32
		{A3946D56-A042-4197-99B8-374F544D7857}.Analysis|x86.ActiveCfg = Release|Win32
		{A3946D56-A042-4197-99B8-374F544D7857}.Analysis|x86.Build.0 = Release|Win32
		{A3946D56-A042-4197-99B8-374F544D7857}.Debug_Collector|Any CPU.ActiveCfg = Debug_Collector|Win32
		{A3946D56-A042-4197-99B8-374F544D7857}.Debug_Collector|Mixed Platforms.ActiveCfg = Debug_Collector|Win32
		{A3946D56-A042-4197-99B8-374F544D7857}.Debug_Collector|Win32.ActiveCfg = Debug_Collector|Win32
		{A3946D56-A042-4197-99B8-374F544D7857}.Debug_Collector|Win32.Build.0 = Debug_Collector|Win32
		{A3946D56-A042-4197-99B8-374F544D7857}.Debug_Collector|x86.ActiveCfg = Debug_Collector|Win32
		{A3946D56-A042-4197-99B8-374F544D7857}.Debug_Collector|x86.Build.0 = Debug_Collector|Win32
		{A3946D56-A042-4197-99B8-374F544D7857}.Debug_Visualizer|Any CPU.ActiveCfg = Debug|Win32
		{A3946D56-A042-4197-99B8-374F544D7857}.Debug_Visualizer|Mixed Platforms.ActiveCfg = Debug|Win32
		{A3946D56-A042-4197-99B8-374F544D7857}.Debug_Visualizer|Mixed Platforms.Build.0 = Debug|Win32
		{A3946D56-A042-4197-99B8-374F544D7857}.Debug_Visualizer|Win32.ActiveCfg = Debug|Win32
		{A3946D56-A042-4197-99B8-374F544D7857}.Debug_Visualizer|Win32.Build.0 = Debug|Win32
		{A3946D56-A042-4197-99B8-374F544D7857}.Debug_Visualizer|x86.ActiveCfg = Debug|Win32
		{A3946D56-A042-4197-99B8-374F544D7857}.Debug_Visualizer|x86.Build.0 = Debug|Win32
		{A3946D56-A042-4197-99B8-374F544D7857}.Installer|Any CPU.ActiveCfg = Installer|Win32
		{A3946D56-A042-4197-99B8-374F544D7857}.Installer|Any CPU.Build.0 = Installer|Win32
		{A3946D56-A042-4197-99B8-374F544D7857}.Installer|Mixed Platforms.ActiveCfg = Installer|Win32
		{A3946D56-A042-4197-99B8-374F544D7857}.Installer|Mixed Platforms.Build.0 = Installer|Win32
		{A3946D56-A042-4197-99B8-374F544D7857}.Installer|Win32.ActiveCfg = Installer|Win32
		{A3946D56-A042-4197-99B8-374F544D7857}.Installer|Win32.Build.0 = Installer|Win32
		{A3946D56-A042-4197-99B8-374F544D7857}.Installer|x86.ActiveCfg = Installer|Win32
		{A3946D56-A042-4197-99B8-374F544D7857}.Installer|x86.Build.0 = Installer|Win32
		{A3946D56-A042-4197-99B8-374F544D7857}.Release_Collector|Any CPU.ActiveCfg = Release_Collector|Win32
		{A3946D56-A042-4197-99B8-374F544D7857}.Release_Collector|Mixed Platforms.ActiveCfg = Release_Collector|Win32
		{A3946D56-A042-4197-99B8-374F544D7857}.Release_Collector|Win32.ActiveCfg = Release_Collector|Win32
		{A3946D56-A042-4197-99B8-374F544D7857}.Release_Collector|Win32.Build.0 = Release_Collector|Win32
		{A3946D56-A042-4197-99B8-374F544D7857}.Release_Collector|x86.ActiveCfg = Release_Collector|Win32
		{A3946D56-A042-4197-99B8-374F544D7857}.Release_Collector|x86.Build.0 = Release_Collector|Win32
		{A3946D56-A042-4197-99B8-374F544D7857}.Release_Visualizer|Any CPU.ActiveCfg = Release|Win32
		{A3946D56-A042-4197-99B8-374F544D7857}.Release_Visualizer|Mixed Platforms.ActiveCfg = Release|Win32
		{A3946D56-A042-4197-99B8-374F544D7857}.Release_Visualizer|Mixed Platforms.Build.0 = Release|Win32
		{A3946D56-A042-4197-99B8-374F544D7857}.Release_Visualizer|Win32.ActiveCfg = Release|Win32
		{A3946D56-A042-4197-99B8-374F544D7857}.Release_Visualizer|Win32.Build.0 = Release|Win32
		{A3946D56-A042-4197-99B8-374F544D7857}.Release_Visualizer|x86.ActiveCfg = Release|Win32
		{A3946D56-A042-4197-99B8-374F544D7857}.Release_Visualizer|x86.Build.0 = Release|Win32
		{9C29B700-3859-4E79-8C75-06FA32CF9479}.Analysis|Any CPU.ActiveCfg = Release|Any CPU
		{9C29B700-3859-4E79-8C75-06FA32CF9479}.Analysis|Any CPU.Build.0 = Release|Any CPU
		{9C29B700-3859-4E79-8C75-06FA32CF9479}.Analysis|Mixed Platforms.ActiveCfg = Release|Any CPU
		{9C29B700-3859-4E79-8C75-06FA32CF9479}.Analysis|Mixed Platforms.Build.0 = Release|Any CPU
		{9C29B700-3859-4E79-8C75-06FA32CF9479}.Analysis|Win32.ActiveCfg = Release|Any CPU
		{9C29B700-3859-4E79-8C75-06FA32CF9479}.Analysis|x86.ActiveCfg = Release|Any CPU
		{9C29B700-3859-4E79-8C75-06FA32CF9479}.Debug_Collector|Any CPU.ActiveCfg = Debug_Collector|Any CPU
		{9C29B700-3859-4E79-8C75-06FA32CF9479}.Debug_Collector|Mixed Platforms.ActiveCfg = Debug_Collector|Any CPU
		{9C29B700-3859-4E79-8C75-06FA32CF9479}.Debug_Collector|Win32.ActiveCfg = Debug_Collector|Any CPU
		{9C29B700-3859-4E79-8C75-06FA32CF9479}.Debug_Collector|x86.ActiveCfg = Debug_Collector|Any CPU
		{9C29B700-3859-4E79-8C75-06FA32CF9479}.Debug_Visualizer|Any CPU.ActiveCfg = Debug|Any CPU
		{9C29B700-3859-4E79-8C75-06FA32CF9479}.Debug_Visualizer|Any CPU.Build.0 = Debug|Any CPU
		{9C29B700-3859-4E79-8C75-06FA32CF9479}.Debug_Visualizer|Mixed Platforms.ActiveCfg = Debug|Any CPU
		{9C29B700-3859-4E79-8C75-06FA32CF9479}.Debug_Visualizer|Mixed Platforms.Build.0 = Debug|Any CPU
		{9C29B700-3859-4E79-8C75-06FA32CF9479}.Debug_Visualizer|Win32.ActiveCfg = Debug|Any CPU
		{9C29B700-3859-4E79-8C75-06FA32CF9479}.Debug_Visualizer|x86.ActiveCfg = Debug|Any CPU
		{9C29B700-3859-4E79-8C75-06FA32CF9479}.Installer|Any CPU.ActiveCfg = Installer|Any CPU
		{9C29B700-3859-4E79-8C75-06FA32CF9479}.Installer|Any CPU.Build.0 = Installer|Any CPU
		{9C29B700-3859-4E79-8C75-06FA32CF9479}.Installer|Mixed Platforms.ActiveCfg = Installer|Any CPU
		{9C29B700-3859-4E79-8C75-06FA32CF9479}.Installer|Mixed Platforms.Build.0 = Installer|Any CPU
		{9C29B700-3859-4E79-8C75-06FA32CF9479}.Installer|Win32.ActiveCfg = Installer|Any CPU
		{9C29B700-3859-4E79-8C75-06FA32CF9479}.Installer|x86.ActiveCfg = Installer|Any CPU
		{9C29B700-3859-4E79-8C75-06FA32CF9479}.Release_Collector|Any CPU.ActiveCfg = Release_Collector|Any CPU
		{9C29B700-3859-4E79-8C75-06FA32CF9479}.Release_Collector|Mixed Platforms.ActiveCfg = Release_Collector|Any CPU
		{9C29B700-3859-4E79-8C75-06FA32CF9479}.Release_Collector|Win32.ActiveCfg = Release_Collector|Any CPU
		{9C29B700-3859-4E79-8C75-06FA32CF9479}.Release_Collector|x86.ActiveCfg = Release_Collector|Any CPU
		{9C29B700-3859-4E79-8C75-06FA32CF9479}.Release_Visualizer|Any CPU.ActiveCfg = Release|Any CPU
		{9C29B700-3859-4E79-8C75-06FA32CF9479}.Release_Visualizer|Any CPU.Build.0 = Release|Any CPU
		{9C29B700-3859-4E79-8C75-06FA32CF9479}.Release_Visualizer|Mixed Platforms.ActiveCfg = Release|Any CPU
		{9C29B700-3859-4E79-8C75-06FA32CF9479}.Release_Visualizer|Mixed Platforms.Build.0 = Release|Any CPU
		{9C29B700-3859-4E79-8C75-06FA32CF9479}.Release_Visualizer|Win32.ActiveCfg = Release|Any CPU
		{9C29B700-3859-4E79-8C75-06FA32CF9479}.Release_Visualizer|x86.ActiveCfg = Release|Any CPU
		{F044C122-1910-437C-AB6C-0A4B803F5E2A}.Analysis|Any CPU.ActiveCfg = Release|Win32
		{F044C122-1910-437C-AB6C-0A4B803F5E2A}.Analysis|Mixed Platforms.ActiveCfg = Release|Win32
		{F044C122-1910-437C-AB6C-0A4B803F5E2A}.Analysis|Mixed Platforms.Build.0 = Release|Win32
		{F044C122-1910-437C-AB6C-0A4B803F5E2A}.Analysis|Win32.ActiveCfg = Release|Win32
		{F044C122-1910-437C-AB6C-0A4B803F5E2A}.Analysis|Win32.Build.0 = Release|Win32
		{F044C122-1910-437C-AB6C-0A4B803F5E2A}.Analysis|x86.ActiveCfg = Release|Win32
		{F044C122-1910-437C-AB6C-0A4B803F5E2A}.Analysis|x86.Build.0 = Release|Win32
		{F044C122-1910-437C-AB6C-0A4B803F5E2A}.Debug_Collector|Any CPU.ActiveCfg = Debug_Collector|Win32
		{F044C122-1910-437C-AB6C-0A4B803F5E2A}.Debug_Collector|Mixed Platforms.ActiveCfg = Debug_Collector|Win32
		{F044C122-1910-437C-AB6C-0A4B803F5E2A}.Debug_Collector|Win32.ActiveCfg = Debug_Collector|Win32
		{F044C122-1910-437C-AB6C-0A4B803F5E2A}.Debug_Collector|Win32.Build.0 = Debug_Collector|Win32
		{F044C122-1910-437C-AB6C-0A4B803F5E2A}.Debug_Collector|x86.ActiveCfg = Debug_Collector|Win32
		{F044C122-1910-437C-AB6C-0A4B803F5E2A}.Debug_Collector|x86.Build.0 = Debug_Collector|Win32
		{F044C122-1910-437C-AB6C-0A4B803F5E2A}.Debug_Visualizer|Any CPU.ActiveCfg = Debug|Win32
		{F044C122-1910-437C-AB6C-0A4B803F5E2A}.Debug_Visualizer|Any CPU.Build.0 = Debug|Win32
		{F044C122-1910-437C-AB6C-0A4B803F5E2A}.Debug_Visualizer|Mixed Platforms.ActiveCfg = Debug|Win32
		{F044C122-1910-437C-AB6C-0A4B803F5E2A}.Debug_Visualizer|Mixed Platforms.Build.0 = Debug|Win32
		{F044C122-1910-437C-AB6C-0A4B803F5E2A}.Debug_Visualizer|Win32.ActiveCfg = Debug|Win32
		{F044C122-1910-437C-AB6C-0A4B803F5E2A}.Debug_Visualizer|Win32.Build.0 = Debug|Win32
		{F044C122-1910-437C-AB6C-0A4B803F5E2A}.Debug_Visualizer|x86.ActiveCfg = Debug|Win32
		{F044C122-1910-437C-AB6C-0A4B803F5E2A}.Debug_Visualizer|x86.Build.0 = Debug|Win32
		{F044C122-1910-437C-AB6C-0A4B803F5E2A}.Installer|Any CPU.ActiveCfg = Installer|Win32
		{F044C122-1910-437C-AB6C-0A4B803F5E2A}.Installer|Any CPU.Build.0 = Installer|Win32
		{F044C122-1910-437C-AB6C-0A4B803F5E2A}.Installer|Mixed Platforms.ActiveCfg = Installer|Win32
		{F044C122-1910-437C-AB6C-0A4B803F5E2A}.Installer|Mixed Platforms.Build.0 = Installer|Win32
		{F044C122-1910-437C-AB6C-0A4B803F5E2A}.Installer|Win32.ActiveCfg = Installer|Win32
		{F044C122-1910-437C-AB6C-0A4B803F5E2A}.Installer|Win32.Build.0 = Installer|Win32
		{F044C122-1910-437C-AB6C-0A4B803F5E2A}.Installer|x86.ActiveCfg = Installer|Win32
		{F044C122-1910-437C-AB6C-0A4B803F5E2A}.Installer|x86.Build.0 = Installer|Win32
		{F044C122-1910-437C-AB6C-0A4B803F5E2A}.Release_Collector|Any CPU.ActiveCfg = Release_Collector|Win32
		{F044C122-1910-437C-AB6C-0A4B803F5E2A}.Release_Collector|Mixed Platforms.ActiveCfg = Release_Collector|Win32
		{F044C122-1910-437C-AB6C-0A4B803F5E2A}.Release_Collector|Win32.ActiveCfg = Release_Collector|Win32
		{F044C122-1910-437C-AB6C-0A4B803F5E2A}.Release_Collector|Win32.Build.0 = Release_Collector|Win32
		{F044C122-1910-437C-AB6C-0A4B803F5E2A}.Release_Collector|x86.ActiveCfg = Release_Collector|Win32
		{F044C122-1910-437C-AB6C-0A4B803F5E2A}.Release_Collector|x86.Build.0 = Release_Collector|Win32
		{F044C122-1910-437C-AB6C-0A4B803F5E2A}.Release_Visualizer|Any CPU.ActiveCfg = Release|Win32
		{F044C122-1910-437C-AB6C-0A4B803F5E2A}.Release_Visualizer|Any CPU.Build.0 = Release|Win32
		{F044C122-1910-437C-AB6C-0A4B803F5E2A}.Release_Visualizer|Mixed Platforms.ActiveCfg = Release|Win32
		{F044C122-1910-437C-AB6C-0A4B803F5E2A}.Release_Visualizer|Mixed Platforms.Build.0 = Release|Win32
		{F044C122-1910-437C-AB6C-0A4B803F5E2A}.Release_Visualizer|Win32.ActiveCfg = Release|Win32
		{F044C122-1910-437C-AB6C-0A4B803F5E2A}.Release_Visualizer|Win32.Build.0 = Release|Win32
		{F044C122-1910-437C-AB6C-0A4B803F5E2A}.Release_Visualizer|x86.ActiveCfg = Release|Win32
		{F044C122-1910-437C-AB6C-0A4B803F5E2A}.Release_Visualizer|x86.Build.0 = Release|Win32
		{C2C823A0-12C5-4D48-98C9-C9305C0A7E7B}.Analysis|Any CPU.ActiveCfg = Release|Any CPU
		{C2C823A0-12C5-4D48-98C9-C9305C0A7E7B}.Analysis|Any CPU.Build.0 = Release|Any CPU
		{C2C823A0-12C5-4D48-98C9-C9305C0A7E7B}.Analysis|Mixed Platforms.ActiveCfg = Release|Any CPU
		{C2C823A0-12C5-4D48-98C9-C9305C0A7E7B}.Analysis|Mixed Platforms.Build.0 = Release|Any CPU
		{C2C823A0-12C5-4D48-98C9-C9305C0A7E7B}.Analysis|Win32.ActiveCfg = Release|Any CPU
		{C2C823A0-12C5-4D48-98C9-C9305C0A7E7B}.Analysis|x86.ActiveCfg = Release|Any CPU
		{C2C823A0-12C5-4D48-98C9-C9305C0A7E7B}.Debug_Collector|Any CPU.ActiveCfg = Debug_Collector|Any CPU
		{C2C823A0-12C5-4D48-98C9-C9305C0A7E7B}.Debug_Collector|Mixed Platforms.ActiveCfg = Debug_Collector|Any CPU
		{C2C823A0-12C5-4D48-98C9-C9305C0A7E7B}.Debug_Collector|Win32.ActiveCfg = Debug_Collector|Any CPU
		{C2C823A0-12C5-4D48-98C9-C9305C0A7E7B}.Debug_Collector|x86.ActiveCfg = Debug_Collector|Any CPU
		{C2C823A0-12C5-4D48-98C9-C9305C0A7E7B}.Debug_Visualizer|Any CPU.ActiveCfg = Debug|Any CPU
		{C2C823A0-12C5-4D48-98C9-C9305C0A7E7B}.Debug_Visualizer|Any CPU.Build.0 = Debug|Any CPU
		{C2C823A0-12C5-4D48-98C9-C9305C0A7E7B}.Debug_Visualizer|Mixed Platforms.ActiveCfg = Debug|Any CPU
		{C2C823A0-12C5-4D48-98C9-C9305C0A7E7B}.Debug_Visualizer|Mixed Platforms.Build.0 = Debug|Any CPU
		{C2C823A0-12C5-4D48-98C9-C9305C0A7E7B}.Debug_Visualizer|Win32.ActiveCfg = Debug|Any CPU
		{C2C823A0-12C5-4D48-98C9-C9305C0A7E7B}.Debug_Visualizer|x86.ActiveCfg = Debug|Any CPU
		{C2C823A0-12C5-4D48-98C9-C9305C0A7E7B}.Installer|Any CPU.ActiveCfg = Installer|Any CPU
		{C2C823A0-12C5-4D48-98C9-C9305C0A7E7B}.Installer|Any CPU.Build.0 = Installer|Any CPU
		{C2C823A0-12C5-4D48-98C9-C9305C0A7E7B}.Installer|Mixed Platforms.ActiveCfg = Installer|Any CPU
		{C2C823A0-12C5-4D48-98C9-C9305C0A7E7B}.Installer|Mixed Platforms.Build.0 = Installer|Any CPU
		{C2C823A0-12C5-4D48-98C9-C9305C0A7E7B}.Installer|Win32.ActiveCfg = Installer|Any CPU
		{C2C823A0-12C5-4D48-98C9-C9305C0A7E7B}.Installer|x86.ActiveCfg = Installer|Any CPU
		{C2C823A0-12C5-4D48-98C9-C9305C0A7E7B}.Release_Collector|Any CPU.ActiveCfg = Release_Collector|Any CPU
		{C2C823A0-12C5-4D48-98C9-C9305C0A7E7B}.Release_Collector|Mixed Platforms.ActiveCfg = Release_Collector|Any CPU
		{C2C823A0-12C5-4D48-98C9-C9305C0A7E7B}.Release_Collector|Win32.ActiveCfg = Release_Collector|Any CPU
		{C2C823A0-12C5-4D48-98C9-C9305C0A7E7B}.Release_Collector|x86.ActiveCfg = Release_Collector|Any CPU
		{C2C823A0-12C5-4D48-98C9-C9305C0A7E7B}.Release_Visualizer|Any CPU.ActiveCfg = Release|Any CPU
		{C2C823A0-12C5-4D48-98C9-C9305C0A7E7B}.Release_Visualizer|Any CPU.Build.0 = Release|Any CPU
		{C2C823A0-12C5-4D48-98C9-C9305C0A7E7B}.Release_Visualizer|Mixed Platforms.ActiveCfg = Release|Any CPU
		{C2C823A0-12C5-4D48-98C9-C9305C0A7E7B}.Release_Visualizer|Mixed Platforms.Build.0 = Release|Any CPU
		{C2C823A0-12C5-4D48-98C9-C9305C0A7E7B}.Release_Visualizer|Win32.ActiveCfg = Release|Any CPU
		{C2C823A0-12C5-4D48-98C9-C9305C0A7E7B}.Release_Visualizer|x86.ActiveCfg = Release|Any CPU
		{5DEA2811-2FFA-4959-830B-CAD3ACACABEB}.Analysis|Any CPU.ActiveCfg = DebugTests|Any CPU
		{5DEA2811-2FFA-4959-830B-CAD3ACACABEB}.Analysis|Any CPU.Build.0 = DebugTests|Any CPU
		{5DEA2811-2FFA-4959-830B-CAD3ACACABEB}.Analysis|Mixed Platforms.ActiveCfg = DebugTests|Any CPU
		{5DEA2811-2FFA-4959-830B-CAD3ACACABEB}.Analysis|Mixed Platforms.Build.0 = DebugTests|Any CPU
		{5DEA2811-2FFA-4959-830B-CAD3ACACABEB}.Analysis|Win32.ActiveCfg = DebugTests|Any CPU
		{5DEA2811-2FFA-4959-830B-CAD3ACACABEB}.Analysis|x86.ActiveCfg = DebugTests|Any CPU
		{5DEA2811-2FFA-4959-830B-CAD3ACACABEB}.Debug_Collector|Any CPU.ActiveCfg = Debug_Collector|Any CPU
		{5DEA2811-2FFA-4959-830B-CAD3ACACABEB}.Debug_Collector|Mixed Platforms.ActiveCfg = Debug_Collector|Any CPU
		{5DEA2811-2FFA-4959-830B-CAD3ACACABEB}.Debug_Collector|Win32.ActiveCfg = Debug_Collector|Any CPU
		{5DEA2811-2FFA-4959-830B-CAD3ACACABEB}.Debug_Collector|x86.ActiveCfg = Debug_Collector|Any CPU
		{5DEA2811-2FFA-4959-830B-CAD3ACACABEB}.Debug_Visualizer|Any CPU.ActiveCfg = Debug|Any CPU
		{5DEA2811-2FFA-4959-830B-CAD3ACACABEB}.Debug_Visualizer|Any CPU.Build.0 = Debug|Any CPU
		{5DEA2811-2FFA-4959-830B-CAD3ACACABEB}.Debug_Visualizer|Mixed Platforms.ActiveCfg = Debug|Any CPU
		{5DEA2811-2FFA-4959-830B-CAD3ACACABEB}.Debug_Visualizer|Mixed Platforms.Build.0 = Debug|Any CPU
		{5DEA2811-2FFA-4959-830B-CAD3ACACABEB}.Debug_Visualizer|Win32.ActiveCfg = Debug|Any CPU
		{5DEA2811-2FFA-4959-830B-CAD3ACACABEB}.Debug_Visualizer|x86.ActiveCfg = Debug|Any CPU
		{5DEA2811-2FFA-4959-830B-CAD3ACACABEB}.Installer|Any CPU.ActiveCfg = Installer|Any CPU
		{5DEA2811-2FFA-4959-830B-CAD3ACACABEB}.Installer|Any CPU.Build.0 = Installer|Any CPU
		{5DEA2811-2FFA-4959-830B-CAD3ACACABEB}.Installer|Mixed Platforms.ActiveCfg = Installer|Any CPU
		{5DEA2811-2FFA-4959-830B-CAD3ACACABEB}.Installer|Mixed Platforms.Build.0 = Installer|Any CPU
		{5DEA2811-2FFA-4959-830B-CAD3ACACABEB}.Installer|Win32.ActiveCfg = Installer|Any CPU
		{5DEA2811-2FFA-4959-830B-CAD3ACACABEB}.Installer|x86.ActiveCfg = Installer|Any CPU
		{5DEA2811-2FFA-4959-830B-CAD3ACACABEB}.Release_Collector|Any CPU.ActiveCfg = Release_Collector|Any CPU
		{5DEA2811-2FFA-4959-830B-CAD3ACACABEB}.Release_Collector|Mixed Platforms.ActiveCfg = Release_Collector|Any CPU
		{5DEA2811-2FFA-4959-830B-CAD3ACACABEB}.Release_Collector|Win32.ActiveCfg = Release_Collector|Any CPU
		{5DEA2811-2FFA-4959-830B-CAD3ACACABEB}.Release_Collector|x86.ActiveCfg = Release_Collector|Any CPU
		{5DEA2811-2FFA-4959-830B-CAD3ACACABEB}.Release_Visualizer|Any CPU.ActiveCfg = Release|Any CPU
		{5DEA2811-2FFA-4959-830B-CAD3ACACABEB}.Release_Visualizer|Any CPU.Build.0 = Release|Any CPU
		{5DEA2811-2FFA-4959-830B-CAD3ACACABEB}.Release_Visualizer|Mixed Platforms.ActiveCfg = Release|Any CPU
		{5DEA2811-2FFA-4959-830B-CAD3ACACABEB}.Release_Visualizer|Mixed Platforms.Build.0 = Release|Any CPU
		{5DEA2811-2FFA-4959-830B-CAD3ACACABEB}.Release_Visualizer|Win32.ActiveCfg = Release|Any CPU
		{5DEA2811-2FFA-4959-830B-CAD3ACACABEB}.Release_Visualizer|x86.ActiveCfg = Release|Any CPU
		{C75532C4-765B-418E-B09B-46D36B2ABDB1}.Analysis|Any CPU.ActiveCfg = Release|Any CPU
		{C75532C4-765B-418E-B09B-46D36B2ABDB1}.Analysis|Any CPU.Build.0 = Release|Any CPU
		{C75532C4-765B-418E-B09B-46D36B2ABDB1}.Analysis|Mixed Platforms.ActiveCfg = Release|Any CPU
		{C75532C4-765B-418E-B09B-46D36B2ABDB1}.Analysis|Mixed Platforms.Build.0 = Release|Any CPU
		{C75532C4-765B-418E-B09B-46D36B2ABDB1}.Analysis|Win32.ActiveCfg = Release|Any CPU
		{C75532C4-765B-418E-B09B-46D36B2ABDB1}.Analysis|x86.ActiveCfg = Release|Any CPU
		{C75532C4-765B-418E-B09B-46D36B2ABDB1}.Debug_Collector|Any CPU.ActiveCfg = Debug_Collector|Any CPU
		{C75532C4-765B-418E-B09B-46D36B2ABDB1}.Debug_Collector|Mixed Platforms.ActiveCfg = Debug_Collector|Any CPU
		{C75532C4-765B-418E-B09B-46D36B2ABDB1}.Debug_Collector|Win32.ActiveCfg = Debug_Collector|Any CPU
		{C75532C4-765B-418E-B09B-46D36B2ABDB1}.Debug_Collector|x86.ActiveCfg = Debug_Collector|Any CPU
		{C75532C4-765B-418E-B09B-46D36B2ABDB1}.Debug_Visualizer|Any CPU.ActiveCfg = Debug|Any CPU
		{C75532C4-765B-418E-B09B-46D36B2ABDB1}.Debug_Visualizer|Any CPU.Build.0 = Debug|Any CPU
		{C75532C4-765B-418E-B09B-46D36B2ABDB1}.Debug_Visualizer|Mixed Platforms.ActiveCfg = Debug|Any CPU
		{C75532C4-765B-418E-B09B-46D36B2ABDB1}.Debug_Visualizer|Mixed Platforms.Build.0 = Debug|Any CPU
		{C75532C4-765B-418E-B09B-46D36B2ABDB1}.Debug_Visualizer|Win32.ActiveCfg = Debug|Any CPU
		{C75532C4-765B-418E-B09B-46D36B2ABDB1}.Debug_Visualizer|x86.ActiveCfg = Debug|Any CPU
		{C75532C4-765B-418E-B09B-46D36B2ABDB1}.Installer|Any CPU.ActiveCfg = Installer|Any CPU
		{C75532C4-765B-418E-B09B-46D36B2ABDB1}.Installer|Any CPU.Build.0 = Installer|Any CPU
		{C75532C4-765B-418E-B09B-46D36B2ABDB1}.Installer|Mixed Platforms.ActiveCfg = Installer|Any CPU
		{C75532C4-765B-418E-B09B-46D36B2ABDB1}.Installer|Mixed Platforms.Build.0 = Installer|Any CPU
		{C75532C4-765B-418E-B09B-46D36B2ABDB1}.Installer|Win32.ActiveCfg = Installer|Any CPU
		{C75532C4-765B-418E-B09B-46D36B2ABDB1}.Installer|x86.ActiveCfg = Installer|Any CPU
		{C75532C4-765B-418E-B09B-46D36B2ABDB1}.Release_Collector|Any CPU.ActiveCfg = Release_Collector|Any CPU
		{C75532C4-765B-418E-B09B-46D36B2ABDB1}.Release_Collector|Mixed Platforms.ActiveCfg = Release_Collector|Any CPU
		{C75532C4-765B-418E-B09B-46D36B2ABDB1}.Release_Collector|Win32.ActiveCfg = Release_Collector|Any CPU
		{C75532C4-765B-418E-B09B-46D36B2ABDB1}.Release_Collector|x86.ActiveCfg = Release_Collector|Any CPU
		{C75532C4-765B-418E-B09B-46D36B2ABDB1}.Release_Visualizer|Any CPU.ActiveCfg = Release|Any CPU
		{C75532C4-765B-418E-B09B-46D36B2ABDB1}.Release_Visualizer|Any CPU.Build.0 = Release|Any CPU
		{C75532C4-765B-418E-B09B-46D36B2ABDB1}.Release_Visualizer|Mixed Platforms.ActiveCfg = Release|Any CPU
		{C75532C4-765B-418E-B09B-46D36B2ABDB1}.Release_Visualizer|Mixed Platforms.Build.0 = Release|Any CPU
		{C75532C4-765B-418E-B09B-46D36B2ABDB1}.Release_Visualizer|Win32.ActiveCfg = Release|Any CPU
		{C75532C4-765B-418E-B09B-46D36B2ABDB1}.Release_Visualizer|x86.ActiveCfg = Release|Any CPU
		{62CED1D5-F603-40DE-8BF5-3E49D3A392F4}.Analysis|Any CPU.ActiveCfg = Release|Any CPU
		{62CED1D5-F603-40DE-8BF5-3E49D3A392F4}.Analysis|Any CPU.Build.0 = Release|Any CPU
		{62CED1D5-F603-40DE-8BF5-3E49D3A392F4}.Analysis|Mixed Platforms.ActiveCfg = Release|Any CPU
		{62CED1D5-F603-40DE-8BF5-3E49D3A392F4}.Analysis|Mixed Platforms.Build.0 = Release|Any CPU
		{62CED1D5-F603-40DE-8BF5-3E49D3A392F4}.Analysis|Win32.ActiveCfg = Release|Any CPU
		{62CED1D5-F603-40DE-8BF5-3E49D3A392F4}.Analysis|x86.ActiveCfg = Release|Any CPU
		{62CED1D5-F603-40DE-8BF5-3E49D3A392F4}.Debug_Collector|Any CPU.ActiveCfg = Debug_Collector|Any CPU
		{62CED1D5-F603-40DE-8BF5-3E49D3A392F4}.Debug_Collector|Mixed Platforms.ActiveCfg = Debug_Collector|Any CPU
		{62CED1D5-F603-40DE-8BF5-3E49D3A392F4}.Debug_Collector|Win32.ActiveCfg = Debug_Collector|Any CPU
		{62CED1D5-F603-40DE-8BF5-3E49D3A392F4}.Debug_Collector|x86.ActiveCfg = Debug_Collector|Any CPU
		{62CED1D5-F603-40DE-8BF5-3E49D3A392F4}.Debug_Visualizer|Any CPU.ActiveCfg = Debug|Any CPU
		{62CED1D5-F603-40DE-8BF5-3E49D3A392F4}.Debug_Visualizer|Any CPU.Build.0 = Debug|Any CPU
		{62CED1D5-F603-40DE-8BF5-3E49D3A392F4}.Debug_Visualizer|Mixed Platforms.ActiveCfg = Debug|Any CPU
		{62CED1D5-F603-40DE-8BF5-3E49D3A392F4}.Debug_Visualizer|Mixed Platforms.Build.0 = Debug|Any CPU
		{62CED1D5-F603-40DE-8BF5-3E49D3A392F4}.Debug_Visualizer|Win32.ActiveCfg = Debug|Any CPU
		{62CED1D5-F603-40DE-8BF5-3E49D3A392F4}.Debug_Visualizer|x86.ActiveCfg = Debug|Any CPU
		{62CED1D5-F603-40DE-8BF5-3E49D3A392F4}.Installer|Any CPU.ActiveCfg = Installer|Any CPU
		{62CED1D5-F603-40DE-8BF5-3E49D3A392F4}.Installer|Any CPU.Build.0 = Installer|Any CPU
		{62CED1D5-F603-40DE-8BF5-3E49D3A392F4}.Installer|Mixed Platforms.ActiveCfg = Installer|Any CPU
		{62CED1D5-F603-40DE-8BF5-3E49D3A392F4}.Installer|Mixed Platforms.Build.0 = Installer|Any CPU
		{62CED1D5-F603-40DE-8BF5-3E49D3A392F4}.Installer|Win32.ActiveCfg = Installer|Any CPU
		{62CED1D5-F603-40DE-8BF5-3E49D3A392F4}.Installer|x86.ActiveCfg = Installer|Any CPU
		{62CED1D5-F603-40DE-8BF5-3E49D3A392F4}.Release_Collector|Any CPU.ActiveCfg = Release_Collector|Any CPU
		{62CED1D5-F603-40DE-8BF5-3E49D3A392F4}.Release_Collector|Mixed Platforms.ActiveCfg = Release_Collector|Any CPU
		{62CED1D5-F603-40DE-8BF5-3E49D3A392F4}.Release_Collector|Win32.ActiveCfg = Release_Collector|Any CPU
		{62CED1D5-F603-40DE-8BF5-3E49D3A392F4}.Release_Collector|x86.ActiveCfg = Release_Collector|Any CPU
		{62CED1D5-F603-40DE-8BF5-3E49D3A392F4}.Release_Visualizer|Any CPU.ActiveCfg = Release|Any CPU
		{62CED1D5-F603-40DE-8BF5-3E49D3A392F4}.Release_Visualizer|Any CPU.Build.0 = Release|Any CPU
		{62CED1D5-F603-40DE-8BF5-3E49D3A392F4}.Release_Visualizer|Mixed Platforms.ActiveCfg = Release|Any CPU
		{62CED1D5-F603-40DE-8BF5-3E49D3A392F4}.Release_Visualizer|Mixed Platforms.Build.0 = Release|Any CPU
		{62CED1D5-F603-40DE-8BF5-3E49D3A392F4}.Release_Visualizer|Win32.ActiveCfg = Release|Any CPU
		{62CED1D5-F603-40DE-8BF5-3E49D3A392F4}.Release_Visualizer|x86.ActiveCfg = Release|Any CPU
		{5E835BE4-39E6-406D-8536-9EF3238E6D40}.Analysis|Any CPU.ActiveCfg = Analysis|Win32
		{5E835BE4-39E6-406D-8536-9EF3238E6D40}.Analysis|Mixed Platforms.ActiveCfg = Analysis|Win32
		{5E835BE4-39E6-406D-8536-9EF3238E6D40}.Analysis|Mixed Platforms.Build.0 = Analysis|Win32
		{5E835BE4-39E6-406D-8536-9EF3238E6D40}.Analysis|Win32.ActiveCfg = Analysis|Win32
		{5E835BE4-39E6-406D-8536-9EF3238E6D40}.Analysis|Win32.Build.0 = Analysis|Win32
		{5E835BE4-39E6-406D-8536-9EF3238E6D40}.Analysis|x86.ActiveCfg = Analysis|Win32
		{5E835BE4-39E6-406D-8536-9EF3238E6D40}.Analysis|x86.Build.0 = Analysis|Win32
		{5E835BE4-39E6-406D-8536-9EF3238E6D40}.Debug_Collector|Any CPU.ActiveCfg = Debug_Collector|Win32
		{5E835BE4-39E6-406D-8536-9EF3238E6D40}.Debug_Collector|Any CPU.Build.0 = Debug_Collector|Win32
		{5E835BE4-39E6-406D-8536-9EF3238E6D40}.Debug_Collector|Mixed Platforms.ActiveCfg = Debug_Collector|Win32
		{5E835BE4-39E6-406D-8536-9EF3238E6D40}.Debug_Collector|Mixed Platforms.Build.0 = Debug_Collector|Win32
		{5E835BE4-39E6-406D-8536-9EF3238E6D40}.Debug_Collector|Win32.ActiveCfg = Debug_Collector|Win32
		{5E835BE4-39E6-406D-8536-9EF3238E6D40}.Debug_Collector|Win32.Build.0 = Debug_Collector|Win32
		{5E835BE4-39E6-406D-8536-9EF3238E6D40}.Debug_Collector|x86.ActiveCfg = Debug_Collector|Win32
		{5E835BE4-39E6-406D-8536-9EF3238E6D40}.Debug_Collector|x86.Build.0 = Debug_Collector|Win32
		{5E835BE4-39E6-406D-8536-9EF3238E6D40}.Debug_Visualizer|Any CPU.ActiveCfg = Debug|Win32
		{5E835BE4-39E6-406D-8536-9EF3238E6D40}.Debug_Visualizer|Mixed Platforms.ActiveCfg = Debug|Win32
		{5E835BE4-39E6-406D-8536-9EF3238E6D40}.Debug_Visualizer|Win32.ActiveCfg = Debug|Win32
		{5E835BE4-39E6-406D-8536-9EF3238E6D40}.Debug_Visualizer|Win32.Build.0 = Debug|Win32
		{5E835BE4-39E6-406D-8536-9EF3238E6D40}.Debug_Visualizer|x86.ActiveCfg = Debug|Win32
		{5E835BE4-39E6-406D-8536-9EF3238E6D40}.Debug_Visualizer|x86.Build.0 = Debug|Win32
		{5E835BE4-39E6-406D-8536-9EF3238E6D40}.Installer|Any CPU.ActiveCfg = Installer|Win32
		{5E835BE4-39E6-406D-8536-9EF3238E6D40}.Installer|Any CPU.Build.0 = Installer|Win32
		{5E835BE4-39E6-406D-8536-9EF3238E6D40}.Installer|Mixed Platforms.ActiveCfg = Installer|Win32
		{5E835BE4-39E6-406D-8536-9EF3238E6D40}.Installer|Mixed Platforms.Build.0 = Installer|Win32
		{5E835BE4-39E6-406D-8536-9EF3238E6D40}.Installer|Win32.ActiveCfg = Installer|Win32
		{5E835BE4-39E6-406D-8536-9EF3238E6D40}.Installer|Win32.Build.0 = Installer|Win32
		{5E835BE4-39E6-406D-8536-9EF3238E6D40}.Installer|x86.ActiveCfg = Installer|Win32
		{5E835BE4-39E6-406D-8536-9EF3238E6D40}.Installer|x86.Build.0 = Installer|Win32
		{5E835BE4-39E6-406D-8536-9EF3238E6D40}.Release_Collector|Any CPU.ActiveCfg = Release_Collector|Win32
		{5E835BE4-39E6-406D-8536-9EF3238E6D40}.Release_Collector|Any CPU.Build.0 = Release_Collector|Win32
		{5E835BE4-39E6-406D-8536-9EF3238E6D40}.Release_Collector|Mixed Platforms.ActiveCfg = Release_Collector|Win32
		{5E835BE4-39E6-406D-8536-9EF3238E6D40}.Release_Collector|Mixed Platforms.Build.0 = Release_Collector|Win32
		{5E835BE4-39E6-406D-8536-9EF3238E6D40}.Release_Collector|Win32.ActiveCfg = Release_Collector|Win32
		{5E835BE4-39E6-406D-8536-9EF3238E6D40}.Release_Collector|Win32.Build.0 = Release_Collector|Win32
		{5E835BE4-39E6-406D-8536-9EF3238E6D40}.Release_Collector|x86.ActiveCfg = Release_Collector|Win32
		{5E835BE4-39E6-406D-8536-9EF3238E6D40}.Release_Collector|x86.Build.0 = Release_Collector|Win32
		{5E835BE4-39E6-406D-8536-9EF3238E6D40}.Release_Visualizer|Any CPU.ActiveCfg = Release|Win32
		{5E835BE4-39E6-406D-8536-9EF3238E6D40}.Release_Visualizer|Mixed Platforms.ActiveCfg = Release|Win32
		{5E835BE4-39E6-406D-8536-9EF3238E6D40}.Release_Visualizer|Mixed Platforms.Deploy.0 = Release|Win32
		{5E835BE4-39E6-406D-8536-9EF3238E6D40}.Release_Visualizer|Win32.ActiveCfg = Release|Win32
		{5E835BE4-39E6-406D-8536-9EF3238E6D40}.Release_Visualizer|Win32.Build.0 = Release|Win32
		{5E835BE4-39E6-406D-8536-9EF3238E6D40}.Release_Visualizer|x86.ActiveCfg = Release|Win32
		{5E835BE4-39E6-406D-8536-9EF3238E6D40}.Release_Visualizer|x86.Build.0 = Release|Win32
		{1B044CCB-0105-4507-BF30-A0E058914ECF}.Analysis|Any CPU.ActiveCfg = Analysis|Win32
		{1B044CCB-0105-4507-BF30-A0E058914ECF}.Analysis|Mixed Platforms.ActiveCfg = Analysis|Win32
		{1B044CCB-0105-4507-BF30-A0E058914ECF}.Analysis|Mixed Platforms.Build.0 = Analysis|Win32
		{1B044CCB-0105-4507-BF30-A0E058914ECF}.Analysis|Win32.ActiveCfg = Analysis|Win32
		{1B044CCB-0105-4507-BF30-A0E058914ECF}.Analysis|Win32.Build.0 = Analysis|Win32
		{1B044CCB-0105-4507-BF30-A0E058914ECF}.Analysis|x86.ActiveCfg = Analysis|Win32
		{1B044CCB-0105-4507-BF30-A0E058914ECF}.Analysis|x86.Build.0 = Analysis|Win32
		{1B044CCB-0105-4507-BF30-A0E058914ECF}.Debug_Collector|Any CPU.ActiveCfg = Debug_Collector|Win32
		{1B044CCB-0105-4507-BF30-A0E058914ECF}.Debug_Collector|Any CPU.Build.0 = Debug_Collector|Win32
		{1B044CCB-0105-4507-BF30-A0E058914ECF}.Debug_Collector|Mixed Platforms.ActiveCfg = Debug_Collector|Win32
		{1B044CCB-0105-4507-BF30-A0E058914ECF}.Debug_Collector|Mixed Platforms.Build.0 = Debug_Collector|Win32
		{1B044CCB-0105-4507-BF30-A0E058914ECF}.Debug_Collector|Win32.ActiveCfg = Debug_Collector|Win32
		{1B044CCB-0105-4507-BF30-A0E058914ECF}.Debug_Collector|Win32.Build.0 = Debug_Collector|Win32
		{1B044CCB-0105-4507-BF30-A0E058914ECF}.Debug_Collector|x86.ActiveCfg = Debug_Collector|Win32
		{1B044CCB-0105-4507-BF30-A0E058914ECF}.Debug_Collector|x86.Build.0 = Debug_Collector|Win32
		{1B044CCB-0105-4507-BF30-A0E058914ECF}.Debug_Visualizer|Any CPU.ActiveCfg = Debug|Win32
		{1B044CCB-0105-4507-BF30-A0E058914ECF}.Debug_Visualizer|Mixed Platforms.ActiveCfg = Debug|Win32
		{1B044CCB-0105-4507-BF30-A0E058914ECF}.Debug_Visualizer|Win32.ActiveCfg = Debug|Win32
		{1B044CCB-0105-4507-BF30-A0E058914ECF}.Debug_Visualizer|Win32.Build.0 = Debug|Win32
		{1B044CCB-0105-4507-BF30-A0E058914ECF}.Debug_Visualizer|x86.ActiveCfg = Debug|Win32
		{1B044CCB-0105-4507-BF30-A0E058914ECF}.Debug_Visualizer|x86.Build.0 = Debug|Win32
		{1B044CCB-0105-4507-BF30-A0E058914ECF}.Installer|Any CPU.ActiveCfg = Installer|Win32
		{1B044CCB-0105-4507-BF30-A0E058914ECF}.Installer|Any CPU.Build.0 = Installer|Win32
		{1B044CCB-0105-4507-BF30-A0E058914ECF}.Installer|Mixed Platforms.ActiveCfg = Installer|Win32
		{1B044CCB-0105-4507-BF30-A0E058914ECF}.Installer|Mixed Platforms.Build.0 = Installer|Win32
		{1B044CCB-0105-4507-BF30-A0E058914ECF}.Installer|Win32.ActiveCfg = Installer|Win32
		{1B044CCB-0105-4507-BF30-A0E058914ECF}.Installer|Win32.Build.0 = Installer|Win32
		{1B044CCB-0105-4507-BF30-A0E058914ECF}.Installer|x86.ActiveCfg = Installer|Win32
		{1B044CCB-0105-4507-BF30-A0E058914ECF}.Installer|x86.Build.0 = Installer|Win32
		{1B044CCB-0105-4507-BF30-A0E058914ECF}.Release_Collector|Any CPU.ActiveCfg = Release_Collector|Win32
		{1B044CCB-0105-4507-BF30-A0E058914ECF}.Release_Collector|Any CPU.Build.0 = Release_Collector|Win32
		{1B044CCB-0105-4507-BF30-A0E058914ECF}.Release_Collector|Mixed Platforms.ActiveCfg = Release_Collector|Win32
		{1B044CCB-0105-4507-BF30-A0E058914ECF}.Release_Collector|Mixed Platforms.Build.0 = Release_Collector|Win32
		{1B044CCB-0105-4507-BF30-A0E058914ECF}.Release_Collector|Win32.ActiveCfg = Release_Collector|Win32
		{1B044CCB-0105-4507-BF30-A0E058914ECF}.Release_Collector|Win32.Build.0 = Release_Collector|Win32
		{1B044CCB-0105-4507-BF30-A0E058914ECF}.Release_Collector|x86.ActiveCfg = Release_Collector|Win32
		{1B044CCB-0105-4507-BF30-A0E058914ECF}.Release_Collector|x86.Build.0 = Release_Collector|Win32
		{1B044CCB-0105-4507-BF30-A0E058914ECF}.Release_Visualizer|Any CPU.ActiveCfg = Release|Win32
		{1B044CCB-0105-4507-BF30-A0E058914ECF}.Release_Visualizer|Mixed Platforms.ActiveCfg = Release|Win32
		{1B044CCB-0105-4507-BF30-A0E058914ECF}.Release_Visualizer|Win32.ActiveCfg = Release|Win32
		{1B044CCB-0105-4507-BF30-A0E058914ECF}.Release_Visualizer|Win32.Build.0 = Release|Win32
		{1B044CCB-0105-4507-BF30-A0E058914ECF}.Release_Visualizer|x86.ActiveCfg = Release|Win32
		{1B044CCB-0105-4507-BF30-A0E058914ECF}.Release_Visualizer|x86.Build.0 = Release|Win32
		{73E0A3FA-C680-4D41-A40A-FABF2059F5D1}.Analysis|Any CPU.ActiveCfg = Release|Win32
		{73E0A3FA-C680-4D41-A40A-FABF2059F5D1}.Analysis|Mixed Platforms.ActiveCfg = Release|Win32
		{73E0A3FA-C680-4D41-A40A-FABF2059F5D1}.Analysis|Mixed Platforms.Build.0 = Release|Win32
		{73E0A3FA-C680-4D41-A40A-FABF2059F5D1}.Analysis|Win32.ActiveCfg = Release|Win32
		{73E0A3FA-C680-4D41-A40A-FABF2059F5D1}.Analysis|Win32.Build.0 = Release|Win32
		{73E0A3FA-C680-4D41-A40A-FABF2059F5D1}.Analysis|x86.ActiveCfg = Release|Win32
		{73E0A3FA-C680-4D41-A40A-FABF2059F5D1}.Analysis|x86.Build.0 = Release|Win32
		{73E0A3FA-C680-4D41-A40A-FABF2059F5D1}.Debug_Collector|Any CPU.ActiveCfg = Debug|Win32
		{73E0A3FA-C680-4D41-A40A-FABF2059F5D1}.Debug_Collector|Mixed Platforms.ActiveCfg = Debug|Win32
		{73E0A3FA-C680-4D41-A40A-FABF2059F5D1}.Debug_Collector|Mixed Platforms.Build.0 = Debug|Win32
		{73E0A3FA-C680-4D41-A40A-FABF2059F5D1}.Debug_Collector|Win32.ActiveCfg = Debug|Win32
		{73E0A3FA-C680-4D41-A40A-FABF2059F5D1}.Debug_Collector|Win32.Build.0 = Debug|Win32
		{73E0A3FA-C680-4D41-A40A-FABF2059F5D1}.Debug_Collector|x86.ActiveCfg = Debug|Win32
		{73E0A3FA-C680-4D41-A40A-FABF2059F5D1}.Debug_Collector|x86.Build.0 = Debug|Win32
		{73E0A3FA-C680-4D41-A40A-FABF2059F5D1}.Debug_Visualizer|Any CPU.ActiveCfg = Debug|Win32
		{73E0A3FA-C680-4D41-A40A-FABF2059F5D1}.Debug_Visualizer|Any CPU.Build.0 = Debug|Win32
		{73E0A3FA-C680-4D41-A40A-FABF2059F5D1}.Debug_Visualizer|Mixed Platforms.ActiveCfg = Debug|Win32
		{73E0A3FA-C680-4D41-A40A-FABF2059F5D1}.Debug_Visualizer|Mixed Platforms.Build.0 = Debug|Win32
		{73E0A3FA-C680-4D41-A40A-FABF2059F5D1}.Debug_Visualizer|Win32.ActiveCfg = Debug|Win32
		{73E0A3FA-C680-4D41-A40A-FABF2059F5D1}.Debug_Visualizer|Win32.Build.0 = Debug|Win32
		{73E0A3FA-C680-4D41-A40A-FABF2059F5D1}.Debug_Visualizer|x86.ActiveCfg = Debug|Win32
		{73E0A3FA-C680-4D41-A40A-FABF2059F5D1}.Debug_Visualizer|x86.Build.0 = Debug|Win32
		{73E0A3FA-C680-4D41-A40A-FABF2059F5D1}.Installer|Any CPU.ActiveCfg = Release|Win32
		{73E0A3FA-C680-4D41-A40A-FABF2059F5D1}.Installer|Any CPU.Build.0 = Release|Win32
		{73E0A3FA-C680-4D41-A40A-FABF2059F5D1}.Installer|Mixed Platforms.ActiveCfg = Release|Win32
		{73E0A3FA-C680-4D41-A40A-FABF2059F5D1}.Installer|Mixed Platforms.Build.0 = Release|Win32
		{73E0A3FA-C680-4D41-A40A-FABF2059F5D1}.Installer|Win32.ActiveCfg = Release|Win32
		{73E0A3FA-C680-4D41-A40A-FABF2059F5D1}.Installer|Win32.Build.0 = Release|Win32
		{73E0A3FA-C680-4D41-A40A-FABF2059F5D1}.Installer|x86.ActiveCfg = Release|Win32
		{73E0A3FA-C680-4D41-A40A-FABF2059F5D1}.Installer|x86.Build.0 = Release|Win32
		{73E0A3FA-C680-4D41-A40A-FABF2059F5D1}.Release_Collector|Any CPU.ActiveCfg = Release|Win32
		{73E0A3FA-C680-4D41-A40A-FABF2059F5D1}.Release_Collector|Mixed Platforms.ActiveCfg = Release|Win32
		{73E0A3FA-C680-4D41-A40A-FABF2059F5D1}.Release_Collector|Mixed Platforms.Build.0 = Release|Win32
		{73E0A3FA-C680-4D41-A40A-FABF2059F5D1}.Release_Collector|Win32.ActiveCfg = Release|Win32
		{73E0A3FA-C680-4D41-A40A-FABF2059F5D1}.Release_Collector|Win32.Build.0 = Release|Win32
		{73E0A3FA-C680-4D41-A40A-FABF2059F5D1}.Release_Collector|x86.ActiveCfg = Release|Win32
		{73E0A3FA-C680-4D41-A40A-FABF2059F5D1}.Release_Collector|x86.Build.0 = Release|Win32
		{73E0A3FA-C680-4D41-A40A-FABF2059F5D1}.Release_Visualizer|Any CPU.ActiveCfg = Release|Win32
		{73E0A3FA-C680-4D41-A40A-FABF2059F5D1}.Release_Visualizer|Any CPU.Build.0 = Release|Win32
		{73E0A3FA-C680-4D41-A40A-FABF2059F5D1}.Release_Visualizer|Mixed Platforms.ActiveCfg = Release|Win32
		{73E0A3FA-C680-4D41-A40A-FABF2059F5D1}.Release_Visualizer|Mixed Platforms.Build.0 = Release|Win32
		{73E0A3FA-C680-4D41-A40A-FABF2059F5D1}.Release_Visualizer|Win32.ActiveCfg = Release|Win32
		{73E0A3FA-C680-4D41-A40A-FABF2059F5D1}.Release_Visualizer|Win32.Build.0 = Release|Win32
		{73E0A3FA-C680-4D41-A40A-FABF2059F5D1}.Release_Visualizer|x86.ActiveCfg = Release|Win32
		{73E0A3FA-C680-4D41-A40A-FABF2059F5D1}.Release_Visualizer|x86.Build.0 = Release|Win32
		{BBB24EF0-1FA7-4435-96DD-0FAA91CCA950}.Analysis|Any CPU.ActiveCfg = Release|Any CPU
		{BBB24EF0-1FA7-4435-96DD-0FAA91CCA950}.Analysis|Any CPU.Build.0 = Release|Any CPU
		{BBB24EF0-1FA7-4435-96DD-0FAA91CCA950}.Analysis|Mixed Platforms.ActiveCfg = Release|Any CPU
		{BBB24EF0-1FA7-4435-96DD-0FAA91CCA950}.Analysis|Mixed Platforms.Build.0 = Release|Any CPU
		{BBB24EF0-1FA7-4435-96DD-0FAA91CCA950}.Analysis|Win32.ActiveCfg = Release|Any CPU
		{BBB24EF0-1FA7-4435-96DD-0FAA91CCA950}.Analysis|x86.ActiveCfg = Release|Any CPU
		{BBB24EF0-1FA7-4435-96DD-0FAA91CCA950}.Debug_Collector|Any CPU.ActiveCfg = Debug|Any CPU
		{BBB24EF0-1FA7-4435-96DD-0FAA91CCA950}.Debug_Collector|Mixed Platforms.ActiveCfg = Debug|Any CPU
		{BBB24EF0-1FA7-4435-96DD-0FAA91CCA950}.Debug_Collector|Mixed Platforms.Build.0 = Debug|Any CPU
		{BBB24EF0-1FA7-4435-96DD-0FAA91CCA950}.Debug_Collector|Win32.ActiveCfg = Debug|Any CPU
		{BBB24EF0-1FA7-4435-96DD-0FAA91CCA950}.Debug_Collector|x86.ActiveCfg = Debug|Any CPU
		{BBB24EF0-1FA7-4435-96DD-0FAA91CCA950}.Debug_Visualizer|Any CPU.ActiveCfg = Debug|Any CPU
		{BBB24EF0-1FA7-4435-96DD-0FAA91CCA950}.Debug_Visualizer|Any CPU.Build.0 = Debug|Any CPU
		{BBB24EF0-1FA7-4435-96DD-0FAA91CCA950}.Debug_Visualizer|Mixed Platforms.ActiveCfg = Debug|Any CPU
		{BBB24EF0-1FA7-4435-96DD-0FAA91CCA950}.Debug_Visualizer|Mixed Platforms.Build.0 = Debug|Any CPU
		{BBB24EF0-1FA7-4435-96DD-0FAA91CCA950}.Debug_Visualizer|Win32.ActiveCfg = Debug|Any CPU
		{BBB24EF0-1FA7-4435-96DD-0FAA91CCA950}.Debug_Visualizer|x86.ActiveCfg = Debug|Any CPU
		{BBB24EF0-1FA7-4435-96DD-0FAA91CCA950}.Installer|Any CPU.ActiveCfg = Release|Any CPU
		{BBB24EF0-1FA7-4435-96DD-0FAA91CCA950}.Installer|Any CPU.Build.0 = Release|Any CPU
		{BBB24EF0-1FA7-4435-96DD-0FAA91CCA950}.Installer|Mixed Platforms.ActiveCfg = Release|Any CPU
		{BBB24EF0-1FA7-4435-96DD-0FAA91CCA950}.Installer|Mixed Platforms.Build.0 = Release|Any CPU
		{BBB24EF0-1FA7-4435-96DD-0FAA91CCA950}.Installer|Win32.ActiveCfg = Release|Any CPU
		{BBB24EF0-1FA7-4435-96DD-0FAA91CCA950}.Installer|x86.ActiveCfg = Release|Any CPU
		{BBB24EF0-1FA7-4435-96DD-0FAA91CCA950}.Release_Collector|Any CPU.ActiveCfg = Release|Any CPU
		{BBB24EF0-1FA7-4435-96DD-0FAA91CCA950}.Release_Collector|Mixed Platforms.ActiveCfg = Release|Any CPU
		{BBB24EF0-1FA7-4435-96DD-0FAA91CCA950}.Release_Collector|Mixed Platforms.Build.0 = Release|Any CPU
		{BBB24EF0-1FA7-4435-96DD-0FAA91CCA950}.Release_Collector|Win32.ActiveCfg = Release|Any CPU
		{BBB24EF0-1FA7-4435-96DD-0FAA91CCA950}.Release_Collector|x86.ActiveCfg = Release|Any CPU
		{BBB24EF0-1FA7-4435-96DD-0FAA91CCA950}.Release_Visualizer|Any CPU.ActiveCfg = Release|Any CPU
		{BBB24EF0-1FA7-4435-96DD-0FAA91CCA950}.Release_Visualizer|Any CPU.Build.0 = Release|Any CPU
		{BBB24EF0-1FA7-4435-96DD-0FAA91CCA950}.Release_Visualizer|Mixed Platforms.ActiveCfg = Release|Any CPU
		{BBB24EF0-1FA7-4435-96DD-0FAA91CCA950}.Release_Visualizer|Mixed Platforms.Build.0 = Release|Any CPU
		{BBB24EF0-1FA7-4435-96DD-0FAA91CCA950}.Release_Visualizer|Win32.ActiveCfg = Release|Any CPU
		{BBB24EF0-1FA7-4435-96DD-0FAA91CCA950}.Release_Visualizer|x86.ActiveCfg = Release|Any CPU
	EndGlobalSection
	GlobalSection(SolutionProperties) = preSolution
		HideSolutionNode = FALSE
	EndGlobalSection
	GlobalSection(NestedProjects) = preSolution
		{634E57C0-50D0-406A-BF69-77EFD10C42DB} = {924A3016-4152-4D31-9112-3DA6491060A5}
		{89557778-07E7-4EDE-BAF6-47EE07B3331F} = {924A3016-4152-4D31-9112-3DA6491060A5}
		{DA73FD41-0CF7-41F6-803B-471A943923B9} = {924A3016-4152-4D31-9112-3DA6491060A5}
		{73E0A3FA-C680-4D41-A40A-FABF2059F5D1} = {924A3016-4152-4D31-9112-3DA6491060A5}
		{5E835BE4-39E6-406D-8536-9EF3238E6D40} = {B4E214AF-C0FF-419E-894F-6241A03CEF7B}
		{1B044CCB-0105-4507-BF30-A0E058914ECF} = {B4E214AF-C0FF-419E-894F-6241A03CEF7B}
		{7809CD92-E80E-4C83-83E3-F98BFC1A142A} = {B4E214AF-C0FF-419E-894F-6241A03CEF7B}
		{AC6029BF-9729-43A4-AABA-735DA1FC3D02} = {634E57C0-50D0-406A-BF69-77EFD10C42DB}
		{CF872E5F-4408-4EA2-B853-3202A8E1DFF2} = {634E57C0-50D0-406A-BF69-77EFD10C42DB}
		{0D9C3CD7-BF6B-41A0-9ED8-AD74B2F776CF} = {AC6029BF-9729-43A4-AABA-735DA1FC3D02}
		{4CC0F5E2-051F-4E55-800D-E49A2A0254F6} = {AC6029BF-9729-43A4-AABA-735DA1FC3D02}
		{82646FBC-AAAB-4D18-913E-97ED077033E1} = {AC6029BF-9729-43A4-AABA-735DA1FC3D02}
		{B2086A33-F22F-4430-A705-705C2E369950} = {0D9C3CD7-BF6B-41A0-9ED8-AD74B2F776CF}
		{6CB20F2D-D932-4315-ABE3-E99EA36D6BE4} = {0D9C3CD7-BF6B-41A0-9ED8-AD74B2F776CF}
		{A3946D56-A042-4197-99B8-374F544D7857} = {0D9C3CD7-BF6B-41A0-9ED8-AD74B2F776CF}
		{F044C122-1910-437C-AB6C-0A4B803F5E2A} = {4CC0F5E2-051F-4E55-800D-E49A2A0254F6}
		{9C29B700-3859-4E79-8C75-06FA32CF9479} = {4CC0F5E2-051F-4E55-800D-E49A2A0254F6}
		{C2C823A0-12C5-4D48-98C9-C9305C0A7E7B} = {82646FBC-AAAB-4D18-913E-97ED077033E1}
		{C75532C4-765B-418E-B09B-46D36B2ABDB1} = {89557778-07E7-4EDE-BAF6-47EE07B3331F}
		{62CED1D5-F603-40DE-8BF5-3E49D3A392F4} = {89557778-07E7-4EDE-BAF6-47EE07B3331F}
		{5DEA2811-2FFA-4959-830B-CAD3ACACABEB} = {89557778-07E7-4EDE-BAF6-47EE07B3331F}
		{BBB24EF0-1FA7-4435-96DD-0FAA91CCA950} = {CF872E5F-4408-4EA2-B853-3202A8E1DFF2}
	EndGlobalSection
EndGlobal
