
Microsoft Visual Studio Solution File, Format Version 12.00
# Visual Studio 2012
Project("{FAE04EC0-301F-11D3-BF4B-00C04F79EFBC}") = "Visualizer", "Visualizer\Visualizer.csproj", "{DA73FD41-0CF7-41F6-803B-471A943923B9}"
EndProject
Project("{FAE04EC0-301F-11D3-BF4B-00C04F79EFBC}") = "ProcessSpyTransport", "Visualizer\plugins\transport\ProcessSpyTransport\ProcessSpyTransport.csproj", "{9C29B700-3859-4E79-8C75-06FA32CF9479}"
EndProject
Project("{8BC9CEB8-8B4A-11D0-8D11-00A0C91BC942}") = "HeapWalker", "Visualizer\plugins\transport\ProcessSpyTransport\HeapWalker\HeapWalker.vcxproj", "{F044C122-1910-437C-AB6C-0A4B803F5E2A}"
EndProject
Project("{FAE04EC0-301F-11D3-BF4B-00C04F79EFBC}") = "Win32Transport", "Visualizer\plugins\transport\Win32Transport\Win32Transport.csproj", "{C2C823A0-12C5-4D48-98C9-C9305C0A7E7B}"
EndProject
Project("{FAE04EC0-301F-11D3-BF4B-00C04F79EFBC}") = "CommandLine", "External\CommandLine\src\libcmdline\CommandLine.csproj", "{5DEA2811-2FFA-4959-830B-CAD3ACACABEB}"
EndProject
Project("{FAE04EC0-301F-11D3-BF4B-00C04F79EFBC}") = "WinFormsUI", "External\dockpanelsuite\WinFormsUI\WinFormsUI.csproj", "{C75532C4-765B-418E-B09B-46D36B2ABDB1}"
EndProject
Project("{FAE04EC0-301F-11D3-BF4B-00C04F79EFBC}") = "NBug", "External\nbug\NBug\NBug.csproj", "{62CED1D5-F603-40DE-8BF5-3E49D3A392F4}"
EndProject
Project("{2150E333-8FDC-42A3-9474-1A3956D46DE8}") = "External", "External", "{89557778-07E7-4EDE-BAF6-47EE07B3331F}"
EndProject
Project("{2150E333-8FDC-42A3-9474-1A3956D46DE8}") = "Plugins", "Plugins", "{634E57C0-50D0-406A-BF69-77EFD10C42DB}"
EndProject
Project("{2150E333-8FDC-42A3-9474-1A3956D46DE8}") = "Visualizer", "Visualizer", "{924A3016-4152-4D31-9112-3DA6491060A5}"
EndProject
Project("{2150E333-8FDC-42A3-9474-1A3956D46DE8}") = "Transport", "Transport", "{AC6029BF-9729-43A4-AABA-735DA1FC3D02}"
EndProject
Project("{2150E333-8FDC-42A3-9474-1A3956D46DE8}") = "SymbolLookup", "SymbolLookup", "{CF872E5F-4408-4EA2-B853-3202A8E1DFF2}"
EndProject
Project("{2150E333-8FDC-42A3-9474-1A3956D46DE8}") = "Process Spy", "Process Spy", "{4CC0F5E2-051F-4E55-800D-E49A2A0254F6}"
EndProject
Project("{2150E333-8FDC-42A3-9474-1A3956D46DE8}") = "Win32", "Win32", "{82646FBC-AAAB-4D18-913E-97ED077033E1}"
EndProject
Project("{8BC9CEB8-8B4A-11D0-8D11-00A0C91BC942}") = "PdbParser", "Visualizer\PdbParser\PdbParser.vcxproj", "{73E0A3FA-C680-4D41-A40A-FABF2059F5D1}"
EndProject
Project("{8BC9CEB8-8B4A-11D0-8D11-00A0C91BC942}") = "ConstantsBridge", "Visualizer\ConstantsBridge\ConstantsBridge.vcxproj", "{7809CD92-E80E-4C83-83E3-F98BFC1A142A}"
EndProject
Project("{FAE04EC0-301F-11D3-BF4B-00C04F79EFBC}") = "SymbolLookup_PDB", "Visualizer\plugins\symbollookup\SymbolLookup_PDB\SymbolLookup_PDB.csproj", "{BBB24EF0-1FA7-4435-96DD-0FAA91CCA950}"
EndProject
Global
	GlobalSection(SolutionConfigurationPlatforms) = preSolution
		Debug|Any CPU = Debug|Any CPU
		Debug|Mixed Platforms = Debug|Mixed Platforms
		Debug|Win32 = Debug|Win32
		Debug|x64 = Debug|x64
		Debug|x86 = Debug|x86
		Installer|Any CPU = Installer|Any CPU
		Installer|Mixed Platforms = Installer|Mixed Platforms
		Installer|Win32 = Installer|Win32
		Installer|x64 = Installer|x64
		Installer|x86 = Installer|x86
		Release|Any CPU = Release|Any CPU
		Release|Mixed Platforms = Release|Mixed Platforms
		Release|Win32 = Release|Win32
		Release|x64 = Release|x64
		Release|x86 = Release|x86
	EndGlobalSection
	GlobalSection(ProjectConfigurationPlatforms) = postSolution
		{DA73FD41-0CF7-41F6-803B-471A943923B9}.Debug|Any CPU.ActiveCfg = Debug|x86
		{DA73FD41-0CF7-41F6-803B-471A943923B9}.Debug|Any CPU.Build.0 = Debug|x86
		{DA73FD41-0CF7-41F6-803B-471A943923B9}.Debug|Mixed Platforms.ActiveCfg = Debug|x86
		{DA73FD41-0CF7-41F6-803B-471A943923B9}.Debug|Mixed Platforms.Build.0 = Debug|x86
		{DA73FD41-0CF7-41F6-803B-471A943923B9}.Debug|Win32.ActiveCfg = Debug|x86
		{DA73FD41-0CF7-41F6-803B-471A943923B9}.Debug|Win32.Build.0 = Debug|x86
		{DA73FD41-0CF7-41F6-803B-471A943923B9}.Debug|x64.ActiveCfg = Debug|x64
		{DA73FD41-0CF7-41F6-803B-471A943923B9}.Debug|x64.Build.0 = Debug|x64
		{DA73FD41-0CF7-41F6-803B-471A943923B9}.Debug|x86.ActiveCfg = Debug|x86
		{DA73FD41-0CF7-41F6-803B-471A943923B9}.Debug|x86.Build.0 = Debug|x86
		{DA73FD41-0CF7-41F6-803B-471A943923B9}.Installer|Any CPU.ActiveCfg = Installer|x86
		{DA73FD41-0CF7-41F6-803B-471A943923B9}.Installer|Any CPU.Build.0 = Installer|x86
		{DA73FD41-0CF7-41F6-803B-471A943923B9}.Installer|Mixed Platforms.ActiveCfg = Installer|x86
		{DA73FD41-0CF7-41F6-803B-471A943923B9}.Installer|Mixed Platforms.Build.0 = Installer|x86
		{DA73FD41-0CF7-41F6-803B-471A943923B9}.Installer|Win32.ActiveCfg = Installer|x86
		{DA73FD41-0CF7-41F6-803B-471A943923B9}.Installer|Win32.Build.0 = Installer|x86
		{DA73FD41-0CF7-41F6-803B-471A943923B9}.Installer|x64.ActiveCfg = Installer|x64
		{DA73FD41-0CF7-41F6-803B-471A943923B9}.Installer|x64.Build.0 = Installer|x64
		{DA73FD41-0CF7-41F6-803B-471A943923B9}.Installer|x86.ActiveCfg = Installer|x86
		{DA73FD41-0CF7-41F6-803B-471A943923B9}.Installer|x86.Build.0 = Installer|x86
		{DA73FD41-0CF7-41F6-803B-471A943923B9}.Release|Any CPU.ActiveCfg = Release|x86
		{DA73FD41-0CF7-41F6-803B-471A943923B9}.Release|Any CPU.Build.0 = Release|x86
		{DA73FD41-0CF7-41F6-803B-471A943923B9}.Release|Mixed Platforms.ActiveCfg = Release|x86
		{DA73FD41-0CF7-41F6-803B-471A943923B9}.Release|Mixed Platforms.Build.0 = Release|x86
		{DA73FD41-0CF7-41F6-803B-471A943923B9}.Release|Win32.ActiveCfg = Release|x86
		{DA73FD41-0CF7-41F6-803B-471A943923B9}.Release|Win32.Build.0 = Release|x86
		{DA73FD41-0CF7-41F6-803B-471A943923B9}.Release|x64.ActiveCfg = Release|x64
		{DA73FD41-0CF7-41F6-803B-471A943923B9}.Release|x64.Build.0 = Release|x64
		{DA73FD41-0CF7-41F6-803B-471A943923B9}.Release|x86.ActiveCfg = Release|x86
		{DA73FD41-0CF7-41F6-803B-471A943923B9}.Release|x86.Build.0 = Release|x86
		{9C29B700-3859-4E79-8C75-06FA32CF9479}.Debug|Any CPU.ActiveCfg = Debug|Any CPU
		{9C29B700-3859-4E79-8C75-06FA32CF9479}.Debug|Any CPU.Build.0 = Debug|Any CPU
		{9C29B700-3859-4E79-8C75-06FA32CF9479}.Debug|Mixed Platforms.ActiveCfg = Debug|Any CPU
		{9C29B700-3859-4E79-8C75-06FA32CF9479}.Debug|Mixed Platforms.Build.0 = Debug|Any CPU
		{9C29B700-3859-4E79-8C75-06FA32CF9479}.Debug|Win32.ActiveCfg = Debug|Any CPU
		{9C29B700-3859-4E79-8C75-06FA32CF9479}.Debug|x64.ActiveCfg = Debug|x64
		{9C29B700-3859-4E79-8C75-06FA32CF9479}.Debug|x64.Build.0 = Debug|x64
		{9C29B700-3859-4E79-8C75-06FA32CF9479}.Debug|x86.ActiveCfg = Debug|Any CPU
		{9C29B700-3859-4E79-8C75-06FA32CF9479}.Debug|x86.Build.0 = Debug|Any CPU
		{9C29B700-3859-4E79-8C75-06FA32CF9479}.Installer|Any CPU.ActiveCfg = Installer|Any CPU
		{9C29B700-3859-4E79-8C75-06FA32CF9479}.Installer|Any CPU.Build.0 = Installer|Any CPU
		{9C29B700-3859-4E79-8C75-06FA32CF9479}.Installer|Mixed Platforms.ActiveCfg = Installer|Any CPU
		{9C29B700-3859-4E79-8C75-06FA32CF9479}.Installer|Mixed Platforms.Build.0 = Installer|Any CPU
		{9C29B700-3859-4E79-8C75-06FA32CF9479}.Installer|Win32.ActiveCfg = Installer|Any CPU
		{9C29B700-3859-4E79-8C75-06FA32CF9479}.Installer|Win32.Build.0 = Installer|Any CPU
		{9C29B700-3859-4E79-8C75-06FA32CF9479}.Installer|x64.ActiveCfg = Installer|x64
		{9C29B700-3859-4E79-8C75-06FA32CF9479}.Installer|x64.Build.0 = Installer|x64
		{9C29B700-3859-4E79-8C75-06FA32CF9479}.Installer|x86.ActiveCfg = Installer|Any CPU
		{9C29B700-3859-4E79-8C75-06FA32CF9479}.Installer|x86.Build.0 = Installer|Any CPU
		{9C29B700-3859-4E79-8C75-06FA32CF9479}.Release|Any CPU.ActiveCfg = Release|Any CPU
		{9C29B700-3859-4E79-8C75-06FA32CF9479}.Release|Any CPU.Build.0 = Release|Any CPU
		{9C29B700-3859-4E79-8C75-06FA32CF9479}.Release|Mixed Platforms.ActiveCfg = Release|Any CPU
		{9C29B700-3859-4E79-8C75-06FA32CF9479}.Release|Mixed Platforms.Build.0 = Release|Any CPU
		{9C29B700-3859-4E79-8C75-06FA32CF9479}.Release|Win32.ActiveCfg = Release|Any CPU
		{9C29B700-3859-4E79-8C75-06FA32CF9479}.Release|x64.ActiveCfg = Release|x64
		{9C29B700-3859-4E79-8C75-06FA32CF9479}.Release|x64.Build.0 = Release|x64
		{9C29B700-3859-4E79-8C75-06FA32CF9479}.Release|x86.ActiveCfg = Release|Any CPU
		{9C29B700-3859-4E79-8C75-06FA32CF9479}.Release|x86.Build.0 = Release|Any CPU
		{F044C122-1910-437C-AB6C-0A4B803F5E2A}.Debug|Any CPU.ActiveCfg = Debug|Win32
		{F044C122-1910-437C-AB6C-0A4B803F5E2A}.Debug|Any CPU.Build.0 = Debug|Win32
		{F044C122-1910-437C-AB6C-0A4B803F5E2A}.Debug|Mixed Platforms.ActiveCfg = Debug|Win32
		{F044C122-1910-437C-AB6C-0A4B803F5E2A}.Debug|Mixed Platforms.Build.0 = Debug|Win32
		{F044C122-1910-437C-AB6C-0A4B803F5E2A}.Debug|Win32.ActiveCfg = Debug|Win32
		{F044C122-1910-437C-AB6C-0A4B803F5E2A}.Debug|Win32.Build.0 = Debug|Win32
		{F044C122-1910-437C-AB6C-0A4B803F5E2A}.Debug|x64.ActiveCfg = Debug|x64
		{F044C122-1910-437C-AB6C-0A4B803F5E2A}.Debug|x64.Build.0 = Debug|x64
		{F044C122-1910-437C-AB6C-0A4B803F5E2A}.Debug|x86.ActiveCfg = Debug|Win32
		{F044C122-1910-437C-AB6C-0A4B803F5E2A}.Debug|x86.Build.0 = Debug|Win32
		{F044C122-1910-437C-AB6C-0A4B803F5E2A}.Installer|Any CPU.ActiveCfg = Installer|Win32
		{F044C122-1910-437C-AB6C-0A4B803F5E2A}.Installer|Any CPU.Build.0 = Installer|Win32
		{F044C122-1910-437C-AB6C-0A4B803F5E2A}.Installer|Mixed Platforms.ActiveCfg = Installer|Win32
		{F044C122-1910-437C-AB6C-0A4B803F5E2A}.Installer|Mixed Platforms.Build.0 = Installer|Win32
		{F044C122-1910-437C-AB6C-0A4B803F5E2A}.Installer|Win32.ActiveCfg = Installer|Win32
		{F044C122-1910-437C-AB6C-0A4B803F5E2A}.Installer|Win32.Build.0 = Installer|Win32
		{F044C122-1910-437C-AB6C-0A4B803F5E2A}.Installer|x64.ActiveCfg = Installer|x64
		{F044C122-1910-437C-AB6C-0A4B803F5E2A}.Installer|x64.Build.0 = Installer|x64
		{F044C122-1910-437C-AB6C-0A4B803F5E2A}.Installer|x86.ActiveCfg = Installer|Win32
		{F044C122-1910-437C-AB6C-0A4B803F5E2A}.Installer|x86.Build.0 = Installer|Win32
		{F044C122-1910-437C-AB6C-0A4B803F5E2A}.Release|Any CPU.ActiveCfg = Release|Win32
		{F044C122-1910-437C-AB6C-0A4B803F5E2A}.Release|Any CPU.Build.0 = Release|Win32
		{F044C122-1910-437C-AB6C-0A4B803F5E2A}.Release|Mixed Platforms.ActiveCfg = Release|Win32
		{F044C122-1910-437C-AB6C-0A4B803F5E2A}.Release|Mixed Platforms.Build.0 = Release|Win32
		{F044C122-1910-437C-AB6C-0A4B803F5E2A}.Release|Win32.ActiveCfg = Release|Win32
		{F044C122-1910-437C-AB6C-0A4B803F5E2A}.Release|Win32.Build.0 = Release|Win32
		{F044C122-1910-437C-AB6C-0A4B803F5E2A}.Release|x64.ActiveCfg = Release|x64
		{F044C122-1910-437C-AB6C-0A4B803F5E2A}.Release|x64.Build.0 = Release|x64
		{F044C122-1910-437C-AB6C-0A4B803F5E2A}.Release|x86.ActiveCfg = Release|Win32
		{F044C122-1910-437C-AB6C-0A4B803F5E2A}.Release|x86.Build.0 = Release|Win32
		{C2C823A0-12C5-4D48-98C9-C9305C0A7E7B}.Debug|Any CPU.ActiveCfg = Debug|x64
		{C2C823A0-12C5-4D48-98C9-C9305C0A7E7B}.Debug|Mixed Platforms.ActiveCfg = Debug|x64
		{C2C823A0-12C5-4D48-98C9-C9305C0A7E7B}.Debug|Mixed Platforms.Build.0 = Debug|x64
		{C2C823A0-12C5-4D48-98C9-C9305C0A7E7B}.Debug|Win32.ActiveCfg = Debug|x64
		{C2C823A0-12C5-4D48-98C9-C9305C0A7E7B}.Debug|x64.ActiveCfg = Debug|x64
		{C2C823A0-12C5-4D48-98C9-C9305C0A7E7B}.Debug|x64.Build.0 = Debug|x64
		{C2C823A0-12C5-4D48-98C9-C9305C0A7E7B}.Debug|x86.ActiveCfg = Debug|x64
		{C2C823A0-12C5-4D48-98C9-C9305C0A7E7B}.Installer|Any CPU.ActiveCfg = Release|x64
		{C2C823A0-12C5-4D48-98C9-C9305C0A7E7B}.Installer|Mixed Platforms.ActiveCfg = Release|x64
		{C2C823A0-12C5-4D48-98C9-C9305C0A7E7B}.Installer|Mixed Platforms.Build.0 = Release|x64
		{C2C823A0-12C5-4D48-98C9-C9305C0A7E7B}.Installer|Win32.ActiveCfg = Release|x64
		{C2C823A0-12C5-4D48-98C9-C9305C0A7E7B}.Installer|x64.ActiveCfg = Release|x64
		{C2C823A0-12C5-4D48-98C9-C9305C0A7E7B}.Installer|x64.Build.0 = Release|x64
		{C2C823A0-12C5-4D48-98C9-C9305C0A7E7B}.Installer|x86.ActiveCfg = Release|x64
		{C2C823A0-12C5-4D48-98C9-C9305C0A7E7B}.Release|Any CPU.ActiveCfg = Release|x64
		{C2C823A0-12C5-4D48-98C9-C9305C0A7E7B}.Release|Mixed Platforms.ActiveCfg = Release|x64
		{C2C823A0-12C5-4D48-98C9-C9305C0A7E7B}.Release|Mixed Platforms.Build.0 = Release|x64
		{C2C823A0-12C5-4D48-98C9-C9305C0A7E7B}.Release|Win32.ActiveCfg = Release|x64
		{C2C823A0-12C5-4D48-98C9-C9305C0A7E7B}.Release|x64.ActiveCfg = Release|x64
		{C2C823A0-12C5-4D48-98C9-C9305C0A7E7B}.Release|x64.Build.0 = Release|x64
		{C2C823A0-12C5-4D48-98C9-C9305C0A7E7B}.Release|x86.ActiveCfg = Release|x64
		{5DEA2811-2FFA-4959-830B-CAD3ACACABEB}.Debug|Any CPU.ActiveCfg = Debug|Any CPU
		{5DEA2811-2FFA-4959-830B-CAD3ACACABEB}.Debug|Any CPU.Build.0 = Debug|Any CPU
		{5DEA2811-2FFA-4959-830B-CAD3ACACABEB}.Debug|Mixed Platforms.ActiveCfg = Debug|Any CPU
		{5DEA2811-2FFA-4959-830B-CAD3ACACABEB}.Debug|Mixed Platforms.Build.0 = Debug|Any CPU
		{5DEA2811-2FFA-4959-830B-CAD3ACACABEB}.Debug|Win32.ActiveCfg = Debug|Any CPU
		{5DEA2811-2FFA-4959-830B-CAD3ACACABEB}.Debug|x64.ActiveCfg = Debug|x64
		{5DEA2811-2FFA-4959-830B-CAD3ACACABEB}.Debug|x64.Build.0 = Debug|x64
		{5DEA2811-2FFA-4959-830B-CAD3ACACABEB}.Debug|x86.ActiveCfg = Debug|Any CPU
		{5DEA2811-2FFA-4959-830B-CAD3ACACABEB}.Debug|x86.Build.0 = Debug|Any CPU
		{5DEA2811-2FFA-4959-830B-CAD3ACACABEB}.Installer|Any CPU.ActiveCfg = Installer|Any CPU
		{5DEA2811-2FFA-4959-830B-CAD3ACACABEB}.Installer|Any CPU.Build.0 = Installer|Any CPU
		{5DEA2811-2FFA-4959-830B-CAD3ACACABEB}.Installer|Mixed Platforms.ActiveCfg = Installer|Any CPU
		{5DEA2811-2FFA-4959-830B-CAD3ACACABEB}.Installer|Mixed Platforms.Build.0 = Installer|Any CPU
		{5DEA2811-2FFA-4959-830B-CAD3ACACABEB}.Installer|Win32.ActiveCfg = Installer|Any CPU
		{5DEA2811-2FFA-4959-830B-CAD3ACACABEB}.Installer|Win32.Build.0 = Installer|Any CPU
		{5DEA2811-2FFA-4959-830B-CAD3ACACABEB}.Installer|x64.ActiveCfg = Installer|x64
		{5DEA2811-2FFA-4959-830B-CAD3ACACABEB}.Installer|x64.Build.0 = Installer|x64
		{5DEA2811-2FFA-4959-830B-CAD3ACACABEB}.Installer|x86.ActiveCfg = Installer|Any CPU
		{5DEA2811-2FFA-4959-830B-CAD3ACACABEB}.Installer|x86.Build.0 = Installer|Any CPU
		{5DEA2811-2FFA-4959-830B-CAD3ACACABEB}.Release|Any CPU.ActiveCfg = Release|Any CPU
		{5DEA2811-2FFA-4959-830B-CAD3ACACABEB}.Release|Any CPU.Build.0 = Release|Any CPU
		{5DEA2811-2FFA-4959-830B-CAD3ACACABEB}.Release|Mixed Platforms.ActiveCfg = Release|Any CPU
		{5DEA2811-2FFA-4959-830B-CAD3ACACABEB}.Release|Mixed Platforms.Build.0 = Release|Any CPU
		{5DEA2811-2FFA-4959-830B-CAD3ACACABEB}.Release|Win32.ActiveCfg = Release|Any CPU
		{5DEA2811-2FFA-4959-830B-CAD3ACACABEB}.Release|x64.ActiveCfg = Release|x64
		{5DEA2811-2FFA-4959-830B-CAD3ACACABEB}.Release|x64.Build.0 = Release|x64
		{5DEA2811-2FFA-4959-830B-CAD3ACACABEB}.Release|x86.ActiveCfg = Release|Any CPU
		{5DEA2811-2FFA-4959-830B-CAD3ACACABEB}.Release|x86.Build.0 = Release|Any CPU
		{C75532C4-765B-418E-B09B-46D36B2ABDB1}.Debug|Any CPU.ActiveCfg = Debug|Any CPU
		{C75532C4-765B-418E-B09B-46D36B2ABDB1}.Debug|Any CPU.Build.0 = Debug|Any CPU
		{C75532C4-765B-418E-B09B-46D36B2ABDB1}.Debug|Mixed Platforms.ActiveCfg = Debug|Any CPU
		{C75532C4-765B-418E-B09B-46D36B2ABDB1}.Debug|Mixed Platforms.Build.0 = Debug|Any CPU
		{C75532C4-765B-418E-B09B-46D36B2ABDB1}.Debug|Win32.ActiveCfg = Debug|Any CPU
		{C75532C4-765B-418E-B09B-46D36B2ABDB1}.Debug|x64.ActiveCfg = Debug|x64
		{C75532C4-765B-418E-B09B-46D36B2ABDB1}.Debug|x64.Build.0 = Debug|x64
		{C75532C4-765B-418E-B09B-46D36B2ABDB1}.Debug|x86.ActiveCfg = Debug|Any CPU
		{C75532C4-765B-418E-B09B-46D36B2ABDB1}.Debug|x86.Build.0 = Debug|Any CPU
		{C75532C4-765B-418E-B09B-46D36B2ABDB1}.Installer|Any CPU.ActiveCfg = Release|Any CPU
		{C75532C4-765B-418E-B09B-46D36B2ABDB1}.Installer|Any CPU.Build.0 = Release|Any CPU
		{C75532C4-765B-418E-B09B-46D36B2ABDB1}.Installer|Mixed Platforms.ActiveCfg = Release|Any CPU
		{C75532C4-765B-418E-B09B-46D36B2ABDB1}.Installer|Mixed Platforms.Build.0 = Release|Any CPU
		{C75532C4-765B-418E-B09B-46D36B2ABDB1}.Installer|Win32.ActiveCfg = Release|Any CPU
		{C75532C4-765B-418E-B09B-46D36B2ABDB1}.Installer|Win32.Build.0 = Release|Any CPU
		{C75532C4-765B-418E-B09B-46D36B2ABDB1}.Installer|x64.ActiveCfg = Release|x64
		{C75532C4-765B-418E-B09B-46D36B2ABDB1}.Installer|x64.Build.0 = Release|x64
		{C75532C4-765B-418E-B09B-46D36B2ABDB1}.Installer|x86.ActiveCfg = Release|Any CPU
		{C75532C4-765B-418E-B09B-46D36B2ABDB1}.Release|Any CPU.ActiveCfg = Release|Any CPU
		{C75532C4-765B-418E-B09B-46D36B2ABDB1}.Release|Any CPU.Build.0 = Release|Any CPU
		{C75532C4-765B-418E-B09B-46D36B2ABDB1}.Release|Mixed Platforms.ActiveCfg = Release|Any CPU
		{C75532C4-765B-418E-B09B-46D36B2ABDB1}.Release|Mixed Platforms.Build.0 = Release|Any CPU
		{C75532C4-765B-418E-B09B-46D36B2ABDB1}.Release|Win32.ActiveCfg = Release|Any CPU
		{C75532C4-765B-418E-B09B-46D36B2ABDB1}.Release|x64.ActiveCfg = Release|x64
		{C75532C4-765B-418E-B09B-46D36B2ABDB1}.Release|x64.Build.0 = Release|x64
		{C75532C4-765B-418E-B09B-46D36B2ABDB1}.Release|x86.ActiveCfg = Release|Any CPU
		{C75532C4-765B-418E-B09B-46D36B2ABDB1}.Release|x86.Build.0 = Release|Any CPU
		{62CED1D5-F603-40DE-8BF5-3E49D3A392F4}.Debug|Any CPU.ActiveCfg = Debug|Any CPU
		{62CED1D5-F603-40DE-8BF5-3E49D3A392F4}.Debug|Any CPU.Build.0 = Debug|Any CPU
		{62CED1D5-F603-40DE-8BF5-3E49D3A392F4}.Debug|Mixed Platforms.ActiveCfg = Debug|Any CPU
		{62CED1D5-F603-40DE-8BF5-3E49D3A392F4}.Debug|Mixed Platforms.Build.0 = Debug|Any CPU
		{62CED1D5-F603-40DE-8BF5-3E49D3A392F4}.Debug|Win32.ActiveCfg = Debug|Any CPU
		{62CED1D5-F603-40DE-8BF5-3E49D3A392F4}.Debug|x64.ActiveCfg = Debug|x64
		{62CED1D5-F603-40DE-8BF5-3E49D3A392F4}.Debug|x64.Build.0 = Debug|x64
		{62CED1D5-F603-40DE-8BF5-3E49D3A392F4}.Debug|x86.ActiveCfg = Debug|Any CPU
		{62CED1D5-F603-40DE-8BF5-3E49D3A392F4}.Debug|x86.Build.0 = Debug|Any CPU
		{62CED1D5-F603-40DE-8BF5-3E49D3A392F4}.Installer|Any CPU.ActiveCfg = Installer|Any CPU
		{62CED1D5-F603-40DE-8BF5-3E49D3A392F4}.Installer|Any CPU.Build.0 = Installer|Any CPU
		{62CED1D5-F603-40DE-8BF5-3E49D3A392F4}.Installer|Mixed Platforms.ActiveCfg = Installer|Any CPU
		{62CED1D5-F603-40DE-8BF5-3E49D3A392F4}.Installer|Mixed Platforms.Build.0 = Installer|Any CPU
		{62CED1D5-F603-40DE-8BF5-3E49D3A392F4}.Installer|Win32.ActiveCfg = Installer|Any CPU
		{62CED1D5-F603-40DE-8BF5-3E49D3A392F4}.Installer|Win32.Build.0 = Installer|Any CPU
		{62CED1D5-F603-40DE-8BF5-3E49D3A392F4}.Installer|x64.ActiveCfg = Installer|x64
		{62CED1D5-F603-40DE-8BF5-3E49D3A392F4}.Installer|x64.Build.0 = Installer|x64
		{62CED1D5-F603-40DE-8BF5-3E49D3A392F4}.Installer|x86.ActiveCfg = Installer|Any CPU
		{62CED1D5-F603-40DE-8BF5-3E49D3A392F4}.Installer|x86.Build.0 = Installer|Any CPU
		{62CED1D5-F603-40DE-8BF5-3E49D3A392F4}.Release|Any CPU.ActiveCfg = Release|Any CPU
		{62CED1D5-F603-40DE-8BF5-3E49D3A392F4}.Release|Any CPU.Build.0 = Release|Any CPU
		{62CED1D5-F603-40DE-8BF5-3E49D3A392F4}.Release|Mixed Platforms.ActiveCfg = Release|Any CPU
		{62CED1D5-F603-40DE-8BF5-3E49D3A392F4}.Release|Mixed Platforms.Build.0 = Release|Any CPU
		{62CED1D5-F603-40DE-8BF5-3E49D3A392F4}.Release|Win32.ActiveCfg = Release|Any CPU
		{62CED1D5-F603-40DE-8BF5-3E49D3A392F4}.Release|x64.ActiveCfg = Release|x64
		{62CED1D5-F603-40DE-8BF5-3E49D3A392F4}.Release|x64.Build.0 = Release|x64
		{62CED1D5-F603-40DE-8BF5-3E49D3A392F4}.Release|x86.ActiveCfg = Release|Any CPU
		{62CED1D5-F603-40DE-8BF5-3E49D3A392F4}.Release|x86.Build.0 = Release|Any CPU
		{73E0A3FA-C680-4D41-A40A-FABF2059F5D1}.Debug|Any CPU.ActiveCfg = Debug|Win32
		{73E0A3FA-C680-4D41-A40A-FABF2059F5D1}.Debug|Any CPU.Build.0 = Debug|Win32
		{73E0A3FA-C680-4D41-A40A-FABF2059F5D1}.Debug|Mixed Platforms.ActiveCfg = Debug|Win32
		{73E0A3FA-C680-4D41-A40A-FABF2059F5D1}.Debug|Mixed Platforms.Build.0 = Debug|Win32
		{73E0A3FA-C680-4D41-A40A-FABF2059F5D1}.Debug|Win32.ActiveCfg = Debug|Win32
		{73E0A3FA-C680-4D41-A40A-FABF2059F5D1}.Debug|Win32.Build.0 = Debug|Win32
		{73E0A3FA-C680-4D41-A40A-FABF2059F5D1}.Debug|x64.ActiveCfg = Debug|x64
		{73E0A3FA-C680-4D41-A40A-FABF2059F5D1}.Debug|x64.Build.0 = Debug|x64
		{73E0A3FA-C680-4D41-A40A-FABF2059F5D1}.Debug|x86.ActiveCfg = Debug|Win32
		{73E0A3FA-C680-4D41-A40A-FABF2059F5D1}.Debug|x86.Build.0 = Debug|Win32
		{73E0A3FA-C680-4D41-A40A-FABF2059F5D1}.Installer|Any CPU.ActiveCfg = Release|Win32
		{73E0A3FA-C680-4D41-A40A-FABF2059F5D1}.Installer|Any CPU.Build.0 = Release|Win32
		{73E0A3FA-C680-4D41-A40A-FABF2059F5D1}.Installer|Mixed Platforms.ActiveCfg = Release|Win32
		{73E0A3FA-C680-4D41-A40A-FABF2059F5D1}.Installer|Mixed Platforms.Build.0 = Release|Win32
		{73E0A3FA-C680-4D41-A40A-FABF2059F5D1}.Installer|Win32.ActiveCfg = Release|Win32
		{73E0A3FA-C680-4D41-A40A-FABF2059F5D1}.Installer|Win32.Build.0 = Release|Win32
		{73E0A3FA-C680-4D41-A40A-FABF2059F5D1}.Installer|x64.ActiveCfg = Release|x64
		{73E0A3FA-C680-4D41-A40A-FABF2059F5D1}.Installer|x64.Build.0 = Release|x64
		{73E0A3FA-C680-4D41-A40A-FABF2059F5D1}.Installer|x86.ActiveCfg = Release|Win32
		{73E0A3FA-C680-4D41-A40A-FABF2059F5D1}.Installer|x86.Build.0 = Release|Win32
		{73E0A3FA-C680-4D41-A40A-FABF2059F5D1}.Release|Any CPU.ActiveCfg = Release|Win32
		{73E0A3FA-C680-4D41-A40A-FABF2059F5D1}.Release|Any CPU.Build.0 = Release|Win32
		{73E0A3FA-C680-4D41-A40A-FABF2059F5D1}.Release|Mixed Platforms.ActiveCfg = Release|Win32
		{73E0A3FA-C680-4D41-A40A-FABF2059F5D1}.Release|Mixed Platforms.Build.0 = Release|Win32
		{73E0A3FA-C680-4D41-A40A-FABF2059F5D1}.Release|Win32.ActiveCfg = Release|Win32
		{73E0A3FA-C680-4D41-A40A-FABF2059F5D1}.Release|Win32.Build.0 = Release|Win32
		{73E0A3FA-C680-4D41-A40A-FABF2059F5D1}.Release|x64.ActiveCfg = Release|x64
		{73E0A3FA-C680-4D41-A40A-FABF2059F5D1}.Release|x64.Build.0 = Release|x64
		{73E0A3FA-C680-4D41-A40A-FABF2059F5D1}.Release|x86.ActiveCfg = Release|Win32
		{73E0A3FA-C680-4D41-A40A-FABF2059F5D1}.Release|x86.Build.0 = Release|Win32
		{7809CD92-E80E-4C83-83E3-F98BFC1A142A}.Debug|Any CPU.ActiveCfg = Debug|Win32
		{7809CD92-E80E-4C83-83E3-F98BFC1A142A}.Debug|Mixed Platforms.ActiveCfg = Debug|Win32
		{7809CD92-E80E-4C83-83E3-F98BFC1A142A}.Debug|Mixed Platforms.Build.0 = Debug|Win32
		{7809CD92-E80E-4C83-83E3-F98BFC1A142A}.Debug|Win32.ActiveCfg = Debug|Win32
		{7809CD92-E80E-4C83-83E3-F98BFC1A142A}.Debug|Win32.Build.0 = Debug|Win32
		{7809CD92-E80E-4C83-83E3-F98BFC1A142A}.Debug|x64.ActiveCfg = Debug|x64
		{7809CD92-E80E-4C83-83E3-F98BFC1A142A}.Debug|x64.Build.0 = Debug|x64
		{7809CD92-E80E-4C83-83E3-F98BFC1A142A}.Debug|x86.ActiveCfg = Debug|Win32
		{7809CD92-E80E-4C83-83E3-F98BFC1A142A}.Debug|x86.Build.0 = Debug|Win32
		{7809CD92-E80E-4C83-83E3-F98BFC1A142A}.Installer|Any CPU.ActiveCfg = Installer|Win32
		{7809CD92-E80E-4C83-83E3-F98BFC1A142A}.Installer|Mixed Platforms.ActiveCfg = Installer|Win32
		{7809CD92-E80E-4C83-83E3-F98BFC1A142A}.Installer|Mixed Platforms.Build.0 = Installer|Win32
		{7809CD92-E80E-4C83-83E3-F98BFC1A142A}.Installer|Win32.ActiveCfg = Installer|Win32
		{7809CD92-E80E-4C83-83E3-F98BFC1A142A}.Installer|Win32.Build.0 = Installer|Win32
		{7809CD92-E80E-4C83-83E3-F98BFC1A142A}.Installer|x64.ActiveCfg = Installer|x64
		{7809CD92-E80E-4C83-83E3-F98BFC1A142A}.Installer|x64.Build.0 = Installer|x64
		{7809CD92-E80E-4C83-83E3-F98BFC1A142A}.Installer|x86.ActiveCfg = Installer|Win32
		{7809CD92-E80E-4C83-83E3-F98BFC1A142A}.Installer|x86.Build.0 = Installer|Win32
		{7809CD92-E80E-4C83-83E3-F98BFC1A142A}.Release|Any CPU.ActiveCfg = Release|Win32
		{7809CD92-E80E-4C83-83E3-F98BFC1A142A}.Release|Mixed Platforms.ActiveCfg = Release|Win32
		{7809CD92-E80E-4C83-83E3-F98BFC1A142A}.Release|Mixed Platforms.Build.0 = Release|Win32
		{7809CD92-E80E-4C83-83E3-F98BFC1A142A}.Release|Win32.ActiveCfg = Release|Win32
		{7809CD92-E80E-4C83-83E3-F98BFC1A142A}.Release|Win32.Build.0 = Release|Win32
		{7809CD92-E80E-4C83-83E3-F98BFC1A142A}.Release|x64.ActiveCfg = Release|x64
		{7809CD92-E80E-4C83-83E3-F98BFC1A142A}.Release|x64.Build.0 = Release|x64
		{7809CD92-E80E-4C83-83E3-F98BFC1A142A}.Release|x86.ActiveCfg = Release|Win32
		{7809CD92-E80E-4C83-83E3-F98BFC1A142A}.Release|x86.Build.0 = Release|Win32
		{BBB24EF0-1FA7-4435-96DD-0FAA91CCA950}.Debug|Any CPU.ActiveCfg = Debug|Any CPU
		{BBB24EF0-1FA7-4435-96DD-0FAA91CCA950}.Debug|Any CPU.Build.0 = Debug|Any CPU
		{BBB24EF0-1FA7-4435-96DD-0FAA91CCA950}.Debug|Mixed Platforms.ActiveCfg = Debug|Any CPU
		{BBB24EF0-1FA7-4435-96DD-0FAA91CCA950}.Debug|Mixed Platforms.Build.0 = Debug|Any CPU
		{BBB24EF0-1FA7-4435-96DD-0FAA91CCA950}.Debug|Win32.ActiveCfg = Debug|Any CPU
		{BBB24EF0-1FA7-4435-96DD-0FAA91CCA950}.Debug|x64.ActiveCfg = Debug|x64
		{BBB24EF0-1FA7-4435-96DD-0FAA91CCA950}.Debug|x64.Build.0 = Debug|x64
		{BBB24EF0-1FA7-4435-96DD-0FAA91CCA950}.Debug|x86.ActiveCfg = Debug|Any CPU
		{BBB24EF0-1FA7-4435-96DD-0FAA91CCA950}.Installer|Any CPU.ActiveCfg = Release|Any CPU
		{BBB24EF0-1FA7-4435-96DD-0FAA91CCA950}.Installer|Any CPU.Build.0 = Release|Any CPU
		{BBB24EF0-1FA7-4435-96DD-0FAA91CCA950}.Installer|Mixed Platforms.ActiveCfg = Release|Any CPU
		{BBB24EF0-1FA7-4435-96DD-0FAA91CCA950}.Installer|Mixed Platforms.Build.0 = Release|Any CPU
		{BBB24EF0-1FA7-4435-96DD-0FAA91CCA950}.Installer|Win32.ActiveCfg = Release|Any CPU
		{BBB24EF0-1FA7-4435-96DD-0FAA91CCA950}.Installer|x64.ActiveCfg = Release|x64
		{BBB24EF0-1FA7-4435-96DD-0FAA91CCA950}.Installer|x64.Build.0 = Release|x64
		{BBB24EF0-1FA7-4435-96DD-0FAA91CCA950}.Installer|x86.ActiveCfg = Release|Any CPU
		{BBB24EF0-1FA7-4435-96DD-0FAA91CCA950}.Release|Any CPU.ActiveCfg = Release|Any CPU
		{BBB24EF0-1FA7-4435-96DD-0FAA91CCA950}.Release|Any CPU.Build.0 = Release|Any CPU
		{BBB24EF0-1FA7-4435-96DD-0FAA91CCA950}.Release|Mixed Platforms.ActiveCfg = Release|Any CPU
		{BBB24EF0-1FA7-4435-96DD-0FAA91CCA950}.Release|Mixed Platforms.Build.0 = Release|Any CPU
		{BBB24EF0-1FA7-4435-96DD-0FAA91CCA950}.Release|Win32.ActiveCfg = Release|Any CPU
		{BBB24EF0-1FA7-4435-96DD-0FAA91CCA950}.Release|x64.ActiveCfg = Release|x64
		{BBB24EF0-1FA7-4435-96DD-0FAA91CCA950}.Release|x64.Build.0 = Release|x64
		{BBB24EF0-1FA7-4435-96DD-0FAA91CCA950}.Release|x86.ActiveCfg = Release|Any CPU
	EndGlobalSection
	GlobalSection(SolutionProperties) = preSolution
		HideSolutionNode = FALSE
	EndGlobalSection
	GlobalSection(NestedProjects) = preSolution
		{634E57C0-50D0-406A-BF69-77EFD10C42DB} = {924A3016-4152-4D31-9112-3DA6491060A5}
		{89557778-07E7-4EDE-BAF6-47EE07B3331F} = {924A3016-4152-4D31-9112-3DA6491060A5}
		{DA73FD41-0CF7-41F6-803B-471A943923B9} = {924A3016-4152-4D31-9112-3DA6491060A5}
		{73E0A3FA-C680-4D41-A40A-FABF2059F5D1} = {924A3016-4152-4D31-9112-3DA6491060A5}
		{7809CD92-E80E-4C83-83E3-F98BFC1A142A} = {924A3016-4152-4D31-9112-3DA6491060A5}
		{AC6029BF-9729-43A4-AABA-735DA1FC3D02} = {634E57C0-50D0-406A-BF69-77EFD10C42DB}
		{CF872E5F-4408-4EA2-B853-3202A8E1DFF2} = {634E57C0-50D0-406A-BF69-77EFD10C42DB}
		{82646FBC-AAAB-4D18-913E-97ED077033E1} = {AC6029BF-9729-43A4-AABA-735DA1FC3D02}
		{4CC0F5E2-051F-4E55-800D-E49A2A0254F6} = {AC6029BF-9729-43A4-AABA-735DA1FC3D02}
		{C2C823A0-12C5-4D48-98C9-C9305C0A7E7B} = {82646FBC-AAAB-4D18-913E-97ED077033E1}
		{C75532C4-765B-418E-B09B-46D36B2ABDB1} = {89557778-07E7-4EDE-BAF6-47EE07B3331F}
		{62CED1D5-F603-40DE-8BF5-3E49D3A392F4} = {89557778-07E7-4EDE-BAF6-47EE07B3331F}
		{5DEA2811-2FFA-4959-830B-CAD3ACACABEB} = {89557778-07E7-4EDE-BAF6-47EE07B3331F}
		{F044C122-1910-437C-AB6C-0A4B803F5E2A} = {4CC0F5E2-051F-4E55-800D-E49A2A0254F6}
		{9C29B700-3859-4E79-8C75-06FA32CF9479} = {4CC0F5E2-051F-4E55-800D-E49A2A0254F6}
		{BBB24EF0-1FA7-4435-96DD-0FAA91CCA950} = {CF872E5F-4408-4EA2-B853-3202A8E1DFF2}
	EndGlobalSection
EndGlobal
