
Microsoft Visual Studio Solution File, Format Version 12.00
# Visual Studio 2012
Project("{FAE04EC0-301F-11D3-BF4B-00C04F79EFBC}") = "Win32Transport", "Win32Transport.csproj", "{C2C823A0-12C5-4D48-98C9-C9305C0A7E7B}"
EndProject
Global
	GlobalSection(SolutionConfigurationPlatforms) = preSolution
		Debug|Any CPU = Debug|Any CPU
		Release|Any CPU = Release|Any CPU
	EndGlobalSection
	GlobalSection(ProjectConfigurationPlatforms) = postSolution
		{C2C823A0-12C5-4D48-98C9-C9305C0A7E7B}.Debug|Any CPU.ActiveCfg = Debug|Any CPU
		{C2C823A0-12C5-4D48-98C9-C9305C0A7E7B}.Debug|Any CPU.Build.0 = Debug|Any CPU
		{C2C823A0-12C5-4D48-98C9-C9305C0A7E7B}.Release|Any CPU.ActiveCfg = Release|Any CPU
		{C2C823A0-12C5-4D48-98C9-C9305C0A7E7B}.Release|Any CPU.Build.0 = Release|Any CPU
	EndGlobalSection
	GlobalSection(SolutionProperties) = preSolution
		HideSolutionNode = FALSE
	EndGlobalSection
EndGlobal
