
Microsoft Visual Studio Solution File, Format Version 12.00
# Visual Studio 2012
Project("{FAE04EC0-301F-11D3-BF4B-00C04F79EFBC}") = "Win32Transport", "_Win32Transport.csproj", "{C2C823A0-12C5-4D48-98C9-C9305C0A7E7B}"
EndProject
Global
	GlobalSection(SolutionConfigurationPlatforms) = preSolution
		Debug|x64 = Debug|x64
		Release|x64 = Release|x64
	EndGlobalSection
	GlobalSection(ProjectConfigurationPlatforms) = postSolution
		{C2C823A0-12C5-4D48-98C9-C9305C0A7E7B}.Debug|x64.ActiveCfg = Debug|x64
		{C2C823A0-12C5-4D48-98C9-C9305C0A7E7B}.Debug|x64.Build.0 = Debug|x64
		{C2C823A0-12C5-4D48-98C9-C9305C0A7E7B}.Release|x64.ActiveCfg = Release|x64
		{C2C823A0-12C5-4D48-98C9-C9305C0A7E7B}.Release|x64.Build.0 = Release|x64
	EndGlobalSection
	GlobalSection(SolutionProperties) = preSolution
		HideSolutionNode = FALSE
	EndGlobalSection
EndGlobal
