
Microsoft Visual Studio Solution File, Format Version 12.00
# Visual Studio 2012
Project("{FAE04EC0-301F-11D3-BF4B-00C04F79EFBC}") = "Visualizer", "Visualizer.csproj", "{DA73FD41-0CF7-41F6-803B-471A943923B9}"
	ProjectSection(ProjectDependencies) = postProject
		{5E835BE4-39E6-406D-8536-9EF3238E6D40} = {5E835BE4-39E6-406D-8536-9EF3238E6D40}
	EndProjectSection
EndProject
Project("{FAE04EC0-301F-11D3-BF4B-00C04F79EFBC}") = "WinFormsUI", "..\External\dockpanelsuite\WinFormsUI\WinFormsUI.csproj", "{C75532C4-765B-418E-B09B-46D36B2ABDB1}"
EndProject
Project("{FAE04EC0-301F-11D3-BF4B-00C04F79EFBC}") = "NBug", "..\External\nbug\NBug\NBug.csproj", "{62CED1D5-F603-40DE-8BF5-3E49D3A392F4}"
EndProject
Project("{2150E333-8FDC-42A3-9474-1A3956D46DE8}") = "External", "External", "{430007DC-F0CB-4310-8614-BBB6AB48A91C}"
EndProject
Project("{2150E333-8FDC-42A3-9474-1A3956D46DE8}") = "Plugins", "Plugins", "{5BD4137A-17EE-45F7-86DD-4F91D54D267E}"
EndProject
Project("{FAE04EC0-301F-11D3-BF4B-00C04F79EFBC}") = "Win32Transport", "plugins\transport\Win32Transport\Win32Transport.csproj", "{C2C823A0-12C5-4D48-98C9-C9305C0A7E7B}"
EndProject
Project("{FAE04EC0-301F-11D3-BF4B-00C04F79EFBC}") = "ProcessSpyTransport", "plugins\transport\ProcessSpyTransport\ProcessSpyTransport.csproj", "{9C29B700-3859-4E79-8C75-06FA32CF9479}"
EndProject
Project("{8BC9CEB8-8B4A-11D0-8D11-00A0C91BC942}") = "HeapWalker", "plugins\transport\ProcessSpyTransport\HeapWalker\HeapWalker.vcxproj", "{F044C122-1910-437C-AB6C-0A4B803F5E2A}"
EndProject
Project("{2150E333-8FDC-42A3-9474-1A3956D46DE8}") = "Transport", "Transport", "{424ABE44-1E23-4FF2-8298-BB6863ABA097}"
EndProject
Project("{2150E333-8FDC-42A3-9474-1A3956D46DE8}") = "ProcessSpy", "ProcessSpy", "{04B4D549-A0F9-490E-91D2-8EA5C815400A}"
EndProject
Project("{2150E333-8FDC-42A3-9474-1A3956D46DE8}") = "Win32", "Win32", "{6D671C13-D33D-4AF7-ACD0-7A9FB5327B76}"
EndProject
Project("{8BC9CEB8-8B4A-11D0-8D11-00A0C91BC942}") = "Collector", "..\Collector\Collector.vcxproj", "{5E835BE4-39E6-406D-8536-9EF3238E6D40}"
EndProject
Project("{8BC9CEB8-8B4A-11D0-8D11-00A0C91BC942}") = "ConstantsBridge", "ConstantsBridge\ConstantsBridge.vcxproj", "{7809CD92-E80E-4C83-83E3-F98BFC1A142A}"
EndProject
Project("{FAE04EC0-301F-11D3-BF4B-00C04F79EFBC}") = "CommandLine", "..\External\CommandLine\src\libcmdline\CommandLine.csproj", "{5DEA2811-2FFA-4959-830B-CAD3ACACABEB}"
EndProject
Project("{2150E333-8FDC-42A3-9474-1A3956D46DE8}") = "ProcessInject", "ProcessInject", "{8CBD00ED-6FDF-4863-9976-75595622698E}"
EndProject
Project("{FAE04EC0-301F-11D3-BF4B-00C04F79EFBC}") = "ProcessInjectTransport", "plugins\transport\ProcessInjectTransport\ProcessInjectTransport.csproj", "{B2086A33-F22F-4430-A705-705C2E369950}"
EndProject
Project("{8BC9CEB8-8B4A-11D0-8D11-00A0C91BC942}") = "InjectHelper", "plugins\transport\ProcessInjectTransport\InjectHelper\InjectHelper.vcxproj", "{A3946D56-A042-4197-99B8-374F544D7857}"
	ProjectSection(ProjectDependencies) = postProject
		{6CB20F2D-D932-4315-ABE3-E99EA36D6BE4} = {6CB20F2D-D932-4315-ABE3-E99EA36D6BE4}
	EndProjectSection
EndProject
Project("{8BC9CEB8-8B4A-11D0-8D11-00A0C91BC942}") = "InjectDll", "plugins\transport\ProcessInjectTransport\InjectDll\InjectDll.vcxproj", "{6CB20F2D-D932-4315-ABE3-E99EA36D6BE4}"
	ProjectSection(ProjectDependencies) = postProject
		{5E835BE4-39E6-406D-8536-9EF3238E6D40} = {5E835BE4-39E6-406D-8536-9EF3238E6D40}
	EndProjectSection
EndProject
Global
	GlobalSection(SolutionConfigurationPlatforms) = preSolution
		Analysis|Any CPU = Analysis|Any CPU
		Analysis|Mixed Platforms = Analysis|Mixed Platforms
		Analysis|Win32 = Analysis|Win32
		Analysis|x86 = Analysis|x86
		Debug|Any CPU = Debug|Any CPU
		Debug|Mixed Platforms = Debug|Mixed Platforms
		Debug|Win32 = Debug|Win32
		Debug|x86 = Debug|x86
		DebugTests|Any CPU = DebugTests|Any CPU
		DebugTests|Mixed Platforms = DebugTests|Mixed Platforms
		DebugTests|Win32 = DebugTests|Win32
		DebugTests|x86 = DebugTests|x86
		Release|Any CPU = Release|Any CPU
		Release|Mixed Platforms = Release|Mixed Platforms
		Release|Win32 = Release|Win32
		Release|x86 = Release|x86
	EndGlobalSection
	GlobalSection(ProjectConfigurationPlatforms) = postSolution
		{DA73FD41-0CF7-41F6-803B-471A943923B9}.Analysis|Any CPU.ActiveCfg = Release|x86
		{DA73FD41-0CF7-41F6-803B-471A943923B9}.Analysis|Mixed Platforms.ActiveCfg = Release|x86
		{DA73FD41-0CF7-41F6-803B-471A943923B9}.Analysis|Mixed Platforms.Build.0 = Release|x86
		{DA73FD41-0CF7-41F6-803B-471A943923B9}.Analysis|Win32.ActiveCfg = Release|x86
		{DA73FD41-0CF7-41F6-803B-471A943923B9}.Analysis|Win32.Build.0 = Release|x86
		{DA73FD41-0CF7-41F6-803B-471A943923B9}.Analysis|x86.ActiveCfg = Release|x86
		{DA73FD41-0CF7-41F6-803B-471A943923B9}.Analysis|x86.Build.0 = Release|x86
		{DA73FD41-0CF7-41F6-803B-471A943923B9}.Debug|Any CPU.ActiveCfg = Debug|x86
		{DA73FD41-0CF7-41F6-803B-471A943923B9}.Debug|Mixed Platforms.ActiveCfg = Debug|x86
		{DA73FD41-0CF7-41F6-803B-471A943923B9}.Debug|Mixed Platforms.Build.0 = Debug|x86
		{DA73FD41-0CF7-41F6-803B-471A943923B9}.Debug|Win32.ActiveCfg = Debug|x86
		{DA73FD41-0CF7-41F6-803B-471A943923B9}.Debug|Win32.Build.0 = Debug|x86
		{DA73FD41-0CF7-41F6-803B-471A943923B9}.Debug|x86.ActiveCfg = Debug|x86
		{DA73FD41-0CF7-41F6-803B-471A943923B9}.Debug|x86.Build.0 = Debug|x86
		{DA73FD41-0CF7-41F6-803B-471A943923B9}.DebugTests|Any CPU.ActiveCfg = Debug|x86
		{DA73FD41-0CF7-41F6-803B-471A943923B9}.DebugTests|Mixed Platforms.ActiveCfg = Debug|x86
		{DA73FD41-0CF7-41F6-803B-471A943923B9}.DebugTests|Mixed Platforms.Build.0 = Debug|x86
		{DA73FD41-0CF7-41F6-803B-471A943923B9}.DebugTests|Win32.ActiveCfg = Debug|x86
		{DA73FD41-0CF7-41F6-803B-471A943923B9}.DebugTests|Win32.Build.0 = Debug|x86
		{DA73FD41-0CF7-41F6-803B-471A943923B9}.DebugTests|x86.ActiveCfg = Debug|x86
		{DA73FD41-0CF7-41F6-803B-471A943923B9}.DebugTests|x86.Build.0 = Debug|x86
		{DA73FD41-0CF7-41F6-803B-471A943923B9}.Release|Any CPU.ActiveCfg = Release|x86
		{DA73FD41-0CF7-41F6-803B-471A943923B9}.Release|Mixed Platforms.ActiveCfg = Release|x86
		{DA73FD41-0CF7-41F6-803B-471A943923B9}.Release|Mixed Platforms.Build.0 = Release|x86
		{DA73FD41-0CF7-41F6-803B-471A943923B9}.Release|Win32.ActiveCfg = Release|x86
		{DA73FD41-0CF7-41F6-803B-471A943923B9}.Release|Win32.Build.0 = Release|x86
		{DA73FD41-0CF7-41F6-803B-471A943923B9}.Release|x86.ActiveCfg = Release|x86
		{DA73FD41-0CF7-41F6-803B-471A943923B9}.Release|x86.Build.0 = Release|x86
		{C75532C4-765B-418E-B09B-46D36B2ABDB1}.Analysis|Any CPU.ActiveCfg = Release|Any CPU
		{C75532C4-765B-418E-B09B-46D36B2ABDB1}.Analysis|Any CPU.Build.0 = Release|Any CPU
		{C75532C4-765B-418E-B09B-46D36B2ABDB1}.Analysis|Mixed Platforms.ActiveCfg = Release|Any CPU
		{C75532C4-765B-418E-B09B-46D36B2ABDB1}.Analysis|Mixed Platforms.Build.0 = Release|Any CPU
		{C75532C4-765B-418E-B09B-46D36B2ABDB1}.Analysis|Win32.ActiveCfg = Release|Any CPU
		{C75532C4-765B-418E-B09B-46D36B2ABDB1}.Analysis|x86.ActiveCfg = Release|Any CPU
		{C75532C4-765B-418E-B09B-46D36B2ABDB1}.Debug|Any CPU.ActiveCfg = Debug|Any CPU
		{C75532C4-765B-418E-B09B-46D36B2ABDB1}.Debug|Any CPU.Build.0 = Debug|Any CPU
		{C75532C4-765B-418E-B09B-46D36B2ABDB1}.Debug|Mixed Platforms.ActiveCfg = Debug|Any CPU
		{C75532C4-765B-418E-B09B-46D36B2ABDB1}.Debug|Mixed Platforms.Build.0 = Debug|Any CPU
		{C75532C4-765B-418E-B09B-46D36B2ABDB1}.Debug|Win32.ActiveCfg = Debug|Any CPU
		{C75532C4-765B-418E-B09B-46D36B2ABDB1}.Debug|x86.ActiveCfg = Debug|Any CPU
		{C75532C4-765B-418E-B09B-46D36B2ABDB1}.DebugTests|Any CPU.ActiveCfg = Debug|Any CPU
		{C75532C4-765B-418E-B09B-46D36B2ABDB1}.DebugTests|Any CPU.Build.0 = Debug|Any CPU
		{C75532C4-765B-418E-B09B-46D36B2ABDB1}.DebugTests|Mixed Platforms.ActiveCfg = Debug|Any CPU
		{C75532C4-765B-418E-B09B-46D36B2ABDB1}.DebugTests|Mixed Platforms.Build.0 = Debug|Any CPU
		{C75532C4-765B-418E-B09B-46D36B2ABDB1}.DebugTests|Win32.ActiveCfg = Debug|Any CPU
		{C75532C4-765B-418E-B09B-46D36B2ABDB1}.DebugTests|x86.ActiveCfg = Debug|Any CPU
		{C75532C4-765B-418E-B09B-46D36B2ABDB1}.Release|Any CPU.ActiveCfg = Release|Any CPU
		{C75532C4-765B-418E-B09B-46D36B2ABDB1}.Release|Any CPU.Build.0 = Release|Any CPU
		{C75532C4-765B-418E-B09B-46D36B2ABDB1}.Release|Mixed Platforms.ActiveCfg = Release|Any CPU
		{C75532C4-765B-418E-B09B-46D36B2ABDB1}.Release|Mixed Platforms.Build.0 = Release|Any CPU
		{C75532C4-765B-418E-B09B-46D36B2ABDB1}.Release|Win32.ActiveCfg = Release|Any CPU
		{C75532C4-765B-418E-B09B-46D36B2ABDB1}.Release|x86.ActiveCfg = Release|Any CPU
		{62CED1D5-F603-40DE-8BF5-3E49D3A392F4}.Analysis|Any CPU.ActiveCfg = Release|Any CPU
		{62CED1D5-F603-40DE-8BF5-3E49D3A392F4}.Analysis|Any CPU.Build.0 = Release|Any CPU
		{62CED1D5-F603-40DE-8BF5-3E49D3A392F4}.Analysis|Mixed Platforms.ActiveCfg = Release|Any CPU
		{62CED1D5-F603-40DE-8BF5-3E49D3A392F4}.Analysis|Mixed Platforms.Build.0 = Release|Any CPU
		{62CED1D5-F603-40DE-8BF5-3E49D3A392F4}.Analysis|Win32.ActiveCfg = Release|Any CPU
		{62CED1D5-F603-40DE-8BF5-3E49D3A392F4}.Analysis|x86.ActiveCfg = Release|Any CPU
		{62CED1D5-F603-40DE-8BF5-3E49D3A392F4}.Debug|Any CPU.ActiveCfg = Debug|Any CPU
		{62CED1D5-F603-40DE-8BF5-3E49D3A392F4}.Debug|Any CPU.Build.0 = Debug|Any CPU
		{62CED1D5-F603-40DE-8BF5-3E49D3A392F4}.Debug|Mixed Platforms.ActiveCfg = Debug|Any CPU
		{62CED1D5-F603-40DE-8BF5-3E49D3A392F4}.Debug|Mixed Platforms.Build.0 = Debug|Any CPU
		{62CED1D5-F603-40DE-8BF5-3E49D3A392F4}.Debug|Win32.ActiveCfg = Debug|Any CPU
		{62CED1D5-F603-40DE-8BF5-3E49D3A392F4}.Debug|x86.ActiveCfg = Debug|Any CPU
		{62CED1D5-F603-40DE-8BF5-3E49D3A392F4}.DebugTests|Any CPU.ActiveCfg = Debug|Any CPU
		{62CED1D5-F603-40DE-8BF5-3E49D3A392F4}.DebugTests|Any CPU.Build.0 = Debug|Any CPU
		{62CED1D5-F603-40DE-8BF5-3E49D3A392F4}.DebugTests|Mixed Platforms.ActiveCfg = Debug|Any CPU
		{62CED1D5-F603-40DE-8BF5-3E49D3A392F4}.DebugTests|Mixed Platforms.Build.0 = Debug|Any CPU
		{62CED1D5-F603-40DE-8BF5-3E49D3A392F4}.DebugTests|Win32.ActiveCfg = Debug|Any CPU
		{62CED1D5-F603-40DE-8BF5-3E49D3A392F4}.DebugTests|x86.ActiveCfg = Debug|Any CPU
		{62CED1D5-F603-40DE-8BF5-3E49D3A392F4}.Release|Any CPU.ActiveCfg = Release|Any CPU
		{62CED1D5-F603-40DE-8BF5-3E49D3A392F4}.Release|Any CPU.Build.0 = Release|Any CPU
		{62CED1D5-F603-40DE-8BF5-3E49D3A392F4}.Release|Mixed Platforms.ActiveCfg = Release|Any CPU
		{62CED1D5-F603-40DE-8BF5-3E49D3A392F4}.Release|Mixed Platforms.Build.0 = Release|Any CPU
		{62CED1D5-F603-40DE-8BF5-3E49D3A392F4}.Release|Win32.ActiveCfg = Release|Any CPU
		{62CED1D5-F603-40DE-8BF5-3E49D3A392F4}.Release|x86.ActiveCfg = Release|Any CPU
		{C2C823A0-12C5-4D48-98C9-C9305C0A7E7B}.Analysis|Any CPU.ActiveCfg = Release|Any CPU
		{C2C823A0-12C5-4D48-98C9-C9305C0A7E7B}.Analysis|Any CPU.Build.0 = Release|Any CPU
		{C2C823A0-12C5-4D48-98C9-C9305C0A7E7B}.Analysis|Mixed Platforms.ActiveCfg = Release|Any CPU
		{C2C823A0-12C5-4D48-98C9-C9305C0A7E7B}.Analysis|Mixed Platforms.Build.0 = Release|Any CPU
		{C2C823A0-12C5-4D48-98C9-C9305C0A7E7B}.Analysis|Win32.ActiveCfg = Release|Any CPU
		{C2C823A0-12C5-4D48-98C9-C9305C0A7E7B}.Analysis|x86.ActiveCfg = Release|Any CPU
		{C2C823A0-12C5-4D48-98C9-C9305C0A7E7B}.Debug|Any CPU.ActiveCfg = Debug|Any CPU
		{C2C823A0-12C5-4D48-98C9-C9305C0A7E7B}.Debug|Any CPU.Build.0 = Debug|Any CPU
		{C2C823A0-12C5-4D48-98C9-C9305C0A7E7B}.Debug|Mixed Platforms.ActiveCfg = Debug|Any CPU
		{C2C823A0-12C5-4D48-98C9-C9305C0A7E7B}.Debug|Mixed Platforms.Build.0 = Debug|Any CPU
		{C2C823A0-12C5-4D48-98C9-C9305C0A7E7B}.Debug|Win32.ActiveCfg = Debug|Any CPU
		{C2C823A0-12C5-4D48-98C9-C9305C0A7E7B}.Debug|x86.ActiveCfg = Debug|Any CPU
		{C2C823A0-12C5-4D48-98C9-C9305C0A7E7B}.DebugTests|Any CPU.ActiveCfg = Debug|Any CPU
		{C2C823A0-12C5-4D48-98C9-C9305C0A7E7B}.DebugTests|Any CPU.Build.0 = Debug|Any CPU
		{C2C823A0-12C5-4D48-98C9-C9305C0A7E7B}.DebugTests|Mixed Platforms.ActiveCfg = Debug|Any CPU
		{C2C823A0-12C5-4D48-98C9-C9305C0A7E7B}.DebugTests|Mixed Platforms.Build.0 = Debug|Any CPU
		{C2C823A0-12C5-4D48-98C9-C9305C0A7E7B}.DebugTests|Win32.ActiveCfg = Debug|Any CPU
		{C2C823A0-12C5-4D48-98C9-C9305C0A7E7B}.DebugTests|x86.ActiveCfg = Debug|Any CPU
		{C2C823A0-12C5-4D48-98C9-C9305C0A7E7B}.Release|Any CPU.ActiveCfg = Release|Any CPU
		{C2C823A0-12C5-4D48-98C9-C9305C0A7E7B}.Release|Any CPU.Build.0 = Release|Any CPU
		{C2C823A0-12C5-4D48-98C9-C9305C0A7E7B}.Release|Mixed Platforms.ActiveCfg = Release|Any CPU
		{C2C823A0-12C5-4D48-98C9-C9305C0A7E7B}.Release|Mixed Platforms.Build.0 = Release|Any CPU
		{C2C823A0-12C5-4D48-98C9-C9305C0A7E7B}.Release|Win32.ActiveCfg = Release|Any CPU
		{C2C823A0-12C5-4D48-98C9-C9305C0A7E7B}.Release|x86.ActiveCfg = Release|Any CPU
		{9C29B700-3859-4E79-8C75-06FA32CF9479}.Analysis|Any CPU.ActiveCfg = Release|Any CPU
		{9C29B700-3859-4E79-8C75-06FA32CF9479}.Analysis|Any CPU.Build.0 = Release|Any CPU
		{9C29B700-3859-4E79-8C75-06FA32CF9479}.Analysis|Mixed Platforms.ActiveCfg = Release|Any CPU
		{9C29B700-3859-4E79-8C75-06FA32CF9479}.Analysis|Mixed Platforms.Build.0 = Release|Any CPU
		{9C29B700-3859-4E79-8C75-06FA32CF9479}.Analysis|Win32.ActiveCfg = Release|Any CPU
		{9C29B700-3859-4E79-8C75-06FA32CF9479}.Analysis|x86.ActiveCfg = Release|Any CPU
		{9C29B700-3859-4E79-8C75-06FA32CF9479}.Debug|Any CPU.ActiveCfg = Debug|Any CPU
		{9C29B700-3859-4E79-8C75-06FA32CF9479}.Debug|Any CPU.Build.0 = Debug|Any CPU
		{9C29B700-3859-4E79-8C75-06FA32CF9479}.Debug|Mixed Platforms.ActiveCfg = Debug|Any CPU
		{9C29B700-3859-4E79-8C75-06FA32CF9479}.Debug|Mixed Platforms.Build.0 = Debug|Any CPU
		{9C29B700-3859-4E79-8C75-06FA32CF9479}.Debug|Win32.ActiveCfg = Debug|Any CPU
		{9C29B700-3859-4E79-8C75-06FA32CF9479}.Debug|x86.ActiveCfg = Debug|Any CPU
		{9C29B700-3859-4E79-8C75-06FA32CF9479}.DebugTests|Any CPU.ActiveCfg = Debug|Any CPU
		{9C29B700-3859-4E79-8C75-06FA32CF9479}.DebugTests|Any CPU.Build.0 = Debug|Any CPU
		{9C29B700-3859-4E79-8C75-06FA32CF9479}.DebugTests|Mixed Platforms.ActiveCfg = Debug|Any CPU
		{9C29B700-3859-4E79-8C75-06FA32CF9479}.DebugTests|Mixed Platforms.Build.0 = Debug|Any CPU
		{9C29B700-3859-4E79-8C75-06FA32CF9479}.DebugTests|Win32.ActiveCfg = Debug|Any CPU
		{9C29B700-3859-4E79-8C75-06FA32CF9479}.DebugTests|x86.ActiveCfg = Debug|Any CPU
		{9C29B700-3859-4E79-8C75-06FA32CF9479}.Release|Any CPU.ActiveCfg = Release|Any CPU
		{9C29B700-3859-4E79-8C75-06FA32CF9479}.Release|Any CPU.Build.0 = Release|Any CPU
		{9C29B700-3859-4E79-8C75-06FA32CF9479}.Release|Mixed Platforms.ActiveCfg = Release|Any CPU
		{9C29B700-3859-4E79-8C75-06FA32CF9479}.Release|Mixed Platforms.Build.0 = Release|Any CPU
		{9C29B700-3859-4E79-8C75-06FA32CF9479}.Release|Win32.ActiveCfg = Release|Any CPU
		{9C29B700-3859-4E79-8C75-06FA32CF9479}.Release|x86.ActiveCfg = Release|Any CPU
		{F044C122-1910-437C-AB6C-0A4B803F5E2A}.Analysis|Any CPU.ActiveCfg = Release|Win32
		{F044C122-1910-437C-AB6C-0A4B803F5E2A}.Analysis|Mixed Platforms.ActiveCfg = Release|Win32
		{F044C122-1910-437C-AB6C-0A4B803F5E2A}.Analysis|Mixed Platforms.Build.0 = Release|Win32
		{F044C122-1910-437C-AB6C-0A4B803F5E2A}.Analysis|Win32.ActiveCfg = Release|Win32
		{F044C122-1910-437C-AB6C-0A4B803F5E2A}.Analysis|Win32.Build.0 = Release|Win32
		{F044C122-1910-437C-AB6C-0A4B803F5E2A}.Analysis|x86.ActiveCfg = Release|Win32
		{F044C122-1910-437C-AB6C-0A4B803F5E2A}.Analysis|x86.Build.0 = Release|Win32
		{F044C122-1910-437C-AB6C-0A4B803F5E2A}.Debug|Any CPU.ActiveCfg = Debug|Win32
		{F044C122-1910-437C-AB6C-0A4B803F5E2A}.Debug|Mixed Platforms.ActiveCfg = Debug|Win32
		{F044C122-1910-437C-AB6C-0A4B803F5E2A}.Debug|Mixed Platforms.Build.0 = Debug|Win32
		{F044C122-1910-437C-AB6C-0A4B803F5E2A}.Debug|Win32.ActiveCfg = Debug|Win32
		{F044C122-1910-437C-AB6C-0A4B803F5E2A}.Debug|Win32.Build.0 = Debug|Win32
		{F044C122-1910-437C-AB6C-0A4B803F5E2A}.Debug|x86.ActiveCfg = Debug|Win32
		{F044C122-1910-437C-AB6C-0A4B803F5E2A}.Debug|x86.Build.0 = Debug|Win32
		{F044C122-1910-437C-AB6C-0A4B803F5E2A}.DebugTests|Any CPU.ActiveCfg = Debug|Win32
		{F044C122-1910-437C-AB6C-0A4B803F5E2A}.DebugTests|Mixed Platforms.ActiveCfg = Debug|Win32
		{F044C122-1910-437C-AB6C-0A4B803F5E2A}.DebugTests|Mixed Platforms.Build.0 = Debug|Win32
		{F044C122-1910-437C-AB6C-0A4B803F5E2A}.DebugTests|Win32.ActiveCfg = Debug|Win32
		{F044C122-1910-437C-AB6C-0A4B803F5E2A}.DebugTests|Win32.Build.0 = Debug|Win32
		{F044C122-1910-437C-AB6C-0A4B803F5E2A}.DebugTests|x86.ActiveCfg = Debug|Win32
		{F044C122-1910-437C-AB6C-0A4B803F5E2A}.DebugTests|x86.Build.0 = Debug|Win32
		{F044C122-1910-437C-AB6C-0A4B803F5E2A}.Release|Any CPU.ActiveCfg = Release|Win32
		{F044C122-1910-437C-AB6C-0A4B803F5E2A}.Release|Mixed Platforms.ActiveCfg = Release|Win32
		{F044C122-1910-437C-AB6C-0A4B803F5E2A}.Release|Mixed Platforms.Build.0 = Release|Win32
		{F044C122-1910-437C-AB6C-0A4B803F5E2A}.Release|Win32.ActiveCfg = Release|Win32
		{F044C122-1910-437C-AB6C-0A4B803F5E2A}.Release|Win32.Build.0 = Release|Win32
		{F044C122-1910-437C-AB6C-0A4B803F5E2A}.Release|x86.ActiveCfg = Release|Win32
		{F044C122-1910-437C-AB6C-0A4B803F5E2A}.Release|x86.Build.0 = Release|Win32
		{5E835BE4-39E6-406D-8536-9EF3238E6D40}.Analysis|Any CPU.ActiveCfg = Analysis|Win32
		{5E835BE4-39E6-406D-8536-9EF3238E6D40}.Analysis|Mixed Platforms.ActiveCfg = Analysis|Win32
		{5E835BE4-39E6-406D-8536-9EF3238E6D40}.Analysis|Mixed Platforms.Build.0 = Analysis|Win32
		{5E835BE4-39E6-406D-8536-9EF3238E6D40}.Analysis|Win32.ActiveCfg = Analysis|Win32
		{5E835BE4-39E6-406D-8536-9EF3238E6D40}.Analysis|Win32.Build.0 = Analysis|Win32
		{5E835BE4-39E6-406D-8536-9EF3238E6D40}.Analysis|x86.ActiveCfg = Analysis|Win32
		{5E835BE4-39E6-406D-8536-9EF3238E6D40}.Analysis|x86.Build.0 = Analysis|Win32
		{5E835BE4-39E6-406D-8536-9EF3238E6D40}.Debug|Any CPU.ActiveCfg = Debug|Win32
		{5E835BE4-39E6-406D-8536-9EF3238E6D40}.Debug|Mixed Platforms.ActiveCfg = Debug|Win32
		{5E835BE4-39E6-406D-8536-9EF3238E6D40}.Debug|Win32.ActiveCfg = Debug|Win32
		{5E835BE4-39E6-406D-8536-9EF3238E6D40}.Debug|Win32.Build.0 = Debug|Win32
		{5E835BE4-39E6-406D-8536-9EF3238E6D40}.Debug|x86.ActiveCfg = Debug|Win32
		{5E835BE4-39E6-406D-8536-9EF3238E6D40}.Debug|x86.Build.0 = Debug|Win32
		{5E835BE4-39E6-406D-8536-9EF3238E6D40}.DebugTests|Any CPU.ActiveCfg = Debug|Win32
		{5E835BE4-39E6-406D-8536-9EF3238E6D40}.DebugTests|Mixed Platforms.ActiveCfg = Debug|Win32
		{5E835BE4-39E6-406D-8536-9EF3238E6D40}.DebugTests|Mixed Platforms.Build.0 = Debug|Win32
		{5E835BE4-39E6-406D-8536-9EF3238E6D40}.DebugTests|Win32.ActiveCfg = Debug|Win32
		{5E835BE4-39E6-406D-8536-9EF3238E6D40}.DebugTests|Win32.Build.0 = Debug|Win32
		{5E835BE4-39E6-406D-8536-9EF3238E6D40}.DebugTests|x86.ActiveCfg = Debug|Win32
		{5E835BE4-39E6-406D-8536-9EF3238E6D40}.DebugTests|x86.Build.0 = Debug|Win32
		{5E835BE4-39E6-406D-8536-9EF3238E6D40}.Release|Any CPU.ActiveCfg = Release|Win32
		{5E835BE4-39E6-406D-8536-9EF3238E6D40}.Release|Mixed Platforms.ActiveCfg = Release|Win32
		{5E835BE4-39E6-406D-8536-9EF3238E6D40}.Release|Mixed Platforms.Build.0 = Release|Win32
		{5E835BE4-39E6-406D-8536-9EF3238E6D40}.Release|Win32.ActiveCfg = Release|Win32
		{5E835BE4-39E6-406D-8536-9EF3238E6D40}.Release|Win32.Build.0 = Release|Win32
		{5E835BE4-39E6-406D-8536-9EF3238E6D40}.Release|x86.ActiveCfg = Release|Win32
		{5E835BE4-39E6-406D-8536-9EF3238E6D40}.Release|x86.Build.0 = Release|Win32
		{7809CD92-E80E-4C83-83E3-F98BFC1A142A}.Analysis|Any CPU.ActiveCfg = Release|Win32
		{7809CD92-E80E-4C83-83E3-F98BFC1A142A}.Analysis|Mixed Platforms.ActiveCfg = Release|Win32
		{7809CD92-E80E-4C83-83E3-F98BFC1A142A}.Analysis|Mixed Platforms.Build.0 = Release|Win32
		{7809CD92-E80E-4C83-83E3-F98BFC1A142A}.Analysis|Win32.ActiveCfg = Release|Win32
		{7809CD92-E80E-4C83-83E3-F98BFC1A142A}.Analysis|Win32.Build.0 = Release|Win32
		{7809CD92-E80E-4C83-83E3-F98BFC1A142A}.Analysis|x86.ActiveCfg = Release|Win32
		{7809CD92-E80E-4C83-83E3-F98BFC1A142A}.Analysis|x86.Build.0 = Release|Win32
		{7809CD92-E80E-4C83-83E3-F98BFC1A142A}.Debug|Any CPU.ActiveCfg = Debug|Win32
		{7809CD92-E80E-4C83-83E3-F98BFC1A142A}.Debug|Mixed Platforms.ActiveCfg = Debug|Win32
		{7809CD92-E80E-4C83-83E3-F98BFC1A142A}.Debug|Mixed Platforms.Build.0 = Debug|Win32
		{7809CD92-E80E-4C83-83E3-F98BFC1A142A}.Debug|Win32.ActiveCfg = Debug|Win32
		{7809CD92-E80E-4C83-83E3-F98BFC1A142A}.Debug|Win32.Build.0 = Debug|Win32
		{7809CD92-E80E-4C83-83E3-F98BFC1A142A}.Debug|x86.ActiveCfg = Debug|Win32
		{7809CD92-E80E-4C83-83E3-F98BFC1A142A}.Debug|x86.Build.0 = Debug|Win32
		{7809CD92-E80E-4C83-83E3-F98BFC1A142A}.DebugTests|Any CPU.ActiveCfg = Debug|Win32
		{7809CD92-E80E-4C83-83E3-F98BFC1A142A}.DebugTests|Mixed Platforms.ActiveCfg = Debug|Win32
		{7809CD92-E80E-4C83-83E3-F98BFC1A142A}.DebugTests|Mixed Platforms.Build.0 = Debug|Win32
		{7809CD92-E80E-4C83-83E3-F98BFC1A142A}.DebugTests|Win32.ActiveCfg = Debug|Win32
		{7809CD92-E80E-4C83-83E3-F98BFC1A142A}.DebugTests|Win32.Build.0 = Debug|Win32
		{7809CD92-E80E-4C83-83E3-F98BFC1A142A}.DebugTests|x86.ActiveCfg = Debug|Win32
		{7809CD92-E80E-4C83-83E3-F98BFC1A142A}.DebugTests|x86.Build.0 = Debug|Win32
		{7809CD92-E80E-4C83-83E3-F98BFC1A142A}.Release|Any CPU.ActiveCfg = Release|Win32
		{7809CD92-E80E-4C83-83E3-F98BFC1A142A}.Release|Mixed Platforms.ActiveCfg = Release|Win32
		{7809CD92-E80E-4C83-83E3-F98BFC1A142A}.Release|Mixed Platforms.Build.0 = Release|Win32
		{7809CD92-E80E-4C83-83E3-F98BFC1A142A}.Release|Win32.ActiveCfg = Release|Win32
		{7809CD92-E80E-4C83-83E3-F98BFC1A142A}.Release|Win32.Build.0 = Release|Win32
		{7809CD92-E80E-4C83-83E3-F98BFC1A142A}.Release|x86.ActiveCfg = Release|Win32
		{7809CD92-E80E-4C83-83E3-F98BFC1A142A}.Release|x86.Build.0 = Release|Win32
		{5DEA2811-2FFA-4959-830B-CAD3ACACABEB}.Analysis|Any CPU.ActiveCfg = DebugTests|Any CPU
		{5DEA2811-2FFA-4959-830B-CAD3ACACABEB}.Analysis|Any CPU.Build.0 = DebugTests|Any CPU
		{5DEA2811-2FFA-4959-830B-CAD3ACACABEB}.Analysis|Mixed Platforms.ActiveCfg = DebugTests|Any CPU
		{5DEA2811-2FFA-4959-830B-CAD3ACACABEB}.Analysis|Mixed Platforms.Build.0 = DebugTests|Any CPU
		{5DEA2811-2FFA-4959-830B-CAD3ACACABEB}.Analysis|Win32.ActiveCfg = DebugTests|Any CPU
		{5DEA2811-2FFA-4959-830B-CAD3ACACABEB}.Analysis|x86.ActiveCfg = DebugTests|Any CPU
		{5DEA2811-2FFA-4959-830B-CAD3ACACABEB}.Debug|Any CPU.ActiveCfg = Debug|Any CPU
		{5DEA2811-2FFA-4959-830B-CAD3ACACABEB}.Debug|Any CPU.Build.0 = Debug|Any CPU
		{5DEA2811-2FFA-4959-830B-CAD3ACACABEB}.Debug|Mixed Platforms.ActiveCfg = Debug|Any CPU
		{5DEA2811-2FFA-4959-830B-CAD3ACACABEB}.Debug|Mixed Platforms.Build.0 = Debug|Any CPU
		{5DEA2811-2FFA-4959-830B-CAD3ACACABEB}.Debug|Win32.ActiveCfg = Debug|Any CPU
		{5DEA2811-2FFA-4959-830B-CAD3ACACABEB}.Debug|x86.ActiveCfg = Debug|Any CPU
		{5DEA2811-2FFA-4959-830B-CAD3ACACABEB}.DebugTests|Any CPU.ActiveCfg = DebugTests|Any CPU
		{5DEA2811-2FFA-4959-830B-CAD3ACACABEB}.DebugTests|Any CPU.Build.0 = DebugTests|Any CPU
		{5DEA2811-2FFA-4959-830B-CAD3ACACABEB}.DebugTests|Mixed Platforms.ActiveCfg = DebugTests|Any CPU
		{5DEA2811-2FFA-4959-830B-CAD3ACACABEB}.DebugTests|Mixed Platforms.Build.0 = DebugTests|Any CPU
		{5DEA2811-2FFA-4959-830B-CAD3ACACABEB}.DebugTests|Win32.ActiveCfg = DebugTests|Any CPU
		{5DEA2811-2FFA-4959-830B-CAD3ACACABEB}.DebugTests|x86.ActiveCfg = DebugTests|Any CPU
		{5DEA2811-2FFA-4959-830B-CAD3ACACABEB}.Release|Any CPU.ActiveCfg = Release|Any CPU
		{5DEA2811-2FFA-4959-830B-CAD3ACACABEB}.Release|Any CPU.Build.0 = Release|Any CPU
		{5DEA2811-2FFA-4959-830B-CAD3ACACABEB}.Release|Mixed Platforms.ActiveCfg = Release|Any CPU
		{5DEA2811-2FFA-4959-830B-CAD3ACACABEB}.Release|Mixed Platforms.Build.0 = Release|Any CPU
		{5DEA2811-2FFA-4959-830B-CAD3ACACABEB}.Release|Win32.ActiveCfg = Release|Any CPU
		{5DEA2811-2FFA-4959-830B-CAD3ACACABEB}.Release|x86.ActiveCfg = Release|Any CPU
		{B2086A33-F22F-4430-A705-705C2E369950}.Analysis|Any CPU.ActiveCfg = Release|Any CPU
		{B2086A33-F22F-4430-A705-705C2E369950}.Analysis|Any CPU.Build.0 = Release|Any CPU
		{B2086A33-F22F-4430-A705-705C2E369950}.Analysis|Mixed Platforms.ActiveCfg = Release|Any CPU
		{B2086A33-F22F-4430-A705-705C2E369950}.Analysis|Mixed Platforms.Build.0 = Release|Any CPU
		{B2086A33-F22F-4430-A705-705C2E369950}.Analysis|Win32.ActiveCfg = Release|Any CPU
		{B2086A33-F22F-4430-A705-705C2E369950}.Analysis|x86.ActiveCfg = Release|Any CPU
		{B2086A33-F22F-4430-A705-705C2E369950}.Debug|Any CPU.ActiveCfg = Debug|Any CPU
		{B2086A33-F22F-4430-A705-705C2E369950}.Debug|Any CPU.Build.0 = Debug|Any CPU
		{B2086A33-F22F-4430-A705-705C2E369950}.Debug|Mixed Platforms.ActiveCfg = Debug|Any CPU
		{B2086A33-F22F-4430-A705-705C2E369950}.Debug|Mixed Platforms.Build.0 = Debug|Any CPU
		{B2086A33-F22F-4430-A705-705C2E369950}.Debug|Win32.ActiveCfg = Debug|Any CPU
		{B2086A33-F22F-4430-A705-705C2E369950}.Debug|x86.ActiveCfg = Debug|Any CPU
		{B2086A33-F22F-4430-A705-705C2E369950}.DebugTests|Any CPU.ActiveCfg = Debug|Any CPU
		{B2086A33-F22F-4430-A705-705C2E369950}.DebugTests|Any CPU.Build.0 = Debug|Any CPU
		{B2086A33-F22F-4430-A705-705C2E369950}.DebugTests|Mixed Platforms.ActiveCfg = Debug|Any CPU
		{B2086A33-F22F-4430-A705-705C2E369950}.DebugTests|Mixed Platforms.Build.0 = Debug|Any CPU
		{B2086A33-F22F-4430-A705-705C2E369950}.DebugTests|Win32.ActiveCfg = Debug|Any CPU
		{B2086A33-F22F-4430-A705-705C2E369950}.DebugTests|x86.ActiveCfg = Debug|Any CPU
		{B2086A33-F22F-4430-A705-705C2E369950}.Release|Any CPU.ActiveCfg = Release|Any CPU
		{B2086A33-F22F-4430-A705-705C2E369950}.Release|Any CPU.Build.0 = Release|Any CPU
		{B2086A33-F22F-4430-A705-705C2E369950}.Release|Mixed Platforms.ActiveCfg = Release|Any CPU
		{B2086A33-F22F-4430-A705-705C2E369950}.Release|Mixed Platforms.Build.0 = Release|Any CPU
		{B2086A33-F22F-4430-A705-705C2E369950}.Release|Win32.ActiveCfg = Release|Any CPU
		{B2086A33-F22F-4430-A705-705C2E369950}.Release|x86.ActiveCfg = Release|Any CPU
		{A3946D56-A042-4197-99B8-374F544D7857}.Analysis|Any CPU.ActiveCfg = Release|Win32
		{A3946D56-A042-4197-99B8-374F544D7857}.Analysis|Mixed Platforms.ActiveCfg = Release|Win32
		{A3946D56-A042-4197-99B8-374F544D7857}.Analysis|Mixed Platforms.Build.0 = Release|Win32
		{A3946D56-A042-4197-99B8-374F544D7857}.Analysis|Win32.ActiveCfg = Release|Win32
		{A3946D56-A042-4197-99B8-374F544D7857}.Analysis|Win32.Build.0 = Release|Win32
		{A3946D56-A042-4197-99B8-374F544D7857}.Analysis|x86.ActiveCfg = Release|Win32
		{A3946D56-A042-4197-99B8-374F544D7857}.Analysis|x86.Build.0 = Release|Win32
		{A3946D56-A042-4197-99B8-374F544D7857}.Debug|Any CPU.ActiveCfg = Debug|Win32
		{A3946D56-A042-4197-99B8-374F544D7857}.Debug|Mixed Platforms.ActiveCfg = Debug|Win32
		{A3946D56-A042-4197-99B8-374F544D7857}.Debug|Mixed Platforms.Build.0 = Debug|Win32
		{A3946D56-A042-4197-99B8-374F544D7857}.Debug|Win32.ActiveCfg = Debug|Win32
		{A3946D56-A042-4197-99B8-374F544D7857}.Debug|Win32.Build.0 = Debug|Win32
		{A3946D56-A042-4197-99B8-374F544D7857}.Debug|x86.ActiveCfg = Debug|Win32
		{A3946D56-A042-4197-99B8-374F544D7857}.Debug|x86.Build.0 = Debug|Win32
		{A3946D56-A042-4197-99B8-374F544D7857}.DebugTests|Any CPU.ActiveCfg = Debug|Win32
		{A3946D56-A042-4197-99B8-374F544D7857}.DebugTests|Mixed Platforms.ActiveCfg = Debug|Win32
		{A3946D56-A042-4197-99B8-374F544D7857}.DebugTests|Mixed Platforms.Build.0 = Debug|Win32
		{A3946D56-A042-4197-99B8-374F544D7857}.DebugTests|Win32.ActiveCfg = Debug|Win32
		{A3946D56-A042-4197-99B8-374F544D7857}.DebugTests|Win32.Build.0 = Debug|Win32
		{A3946D56-A042-4197-99B8-374F544D7857}.DebugTests|x86.ActiveCfg = Debug|Win32
		{A3946D56-A042-4197-99B8-374F544D7857}.DebugTests|x86.Build.0 = Debug|Win32
		{A3946D56-A042-4197-99B8-374F544D7857}.Release|Any CPU.ActiveCfg = Release|Win32
		{A3946D56-A042-4197-99B8-374F544D7857}.Release|Mixed Platforms.ActiveCfg = Release|Win32
		{A3946D56-A042-4197-99B8-374F544D7857}.Release|Mixed Platforms.Build.0 = Release|Win32
		{A3946D56-A042-4197-99B8-374F544D7857}.Release|Win32.ActiveCfg = Release|Win32
		{A3946D56-A042-4197-99B8-374F544D7857}.Release|Win32.Build.0 = Release|Win32
		{A3946D56-A042-4197-99B8-374F544D7857}.Release|x86.ActiveCfg = Release|Win32
		{A3946D56-A042-4197-99B8-374F544D7857}.Release|x86.Build.0 = Release|Win32
		{6CB20F2D-D932-4315-ABE3-E99EA36D6BE4}.Analysis|Any CPU.ActiveCfg = Release|Win32
		{6CB20F2D-D932-4315-ABE3-E99EA36D6BE4}.Analysis|Mixed Platforms.ActiveCfg = Release|Win32
		{6CB20F2D-D932-4315-ABE3-E99EA36D6BE4}.Analysis|Mixed Platforms.Build.0 = Release|Win32
		{6CB20F2D-D932-4315-ABE3-E99EA36D6BE4}.Analysis|Win32.ActiveCfg = Release|Win32
		{6CB20F2D-D932-4315-ABE3-E99EA36D6BE4}.Analysis|Win32.Build.0 = Release|Win32
		{6CB20F2D-D932-4315-ABE3-E99EA36D6BE4}.Analysis|x86.ActiveCfg = Release|Win32
		{6CB20F2D-D932-4315-ABE3-E99EA36D6BE4}.Analysis|x86.Build.0 = Release|Win32
		{6CB20F2D-D932-4315-ABE3-E99EA36D6BE4}.Debug|Any CPU.ActiveCfg = Debug|Win32
		{6CB20F2D-D932-4315-ABE3-E99EA36D6BE4}.Debug|Mixed Platforms.ActiveCfg = Debug|Win32
		{6CB20F2D-D932-4315-ABE3-E99EA36D6BE4}.Debug|Mixed Platforms.Build.0 = Debug|Win32
		{6CB20F2D-D932-4315-ABE3-E99EA36D6BE4}.Debug|Win32.ActiveCfg = Debug|Win32
		{6CB20F2D-D932-4315-ABE3-E99EA36D6BE4}.Debug|Win32.Build.0 = Debug|Win32
		{6CB20F2D-D932-4315-ABE3-E99EA36D6BE4}.Debug|x86.ActiveCfg = Debug|Win32
		{6CB20F2D-D932-4315-ABE3-E99EA36D6BE4}.Debug|x86.Build.0 = Debug|Win32
		{6CB20F2D-D932-4315-ABE3-E99EA36D6BE4}.DebugTests|Any CPU.ActiveCfg = Debug|Win32
		{6CB20F2D-D932-4315-ABE3-E99EA36D6BE4}.DebugTests|Mixed Platforms.ActiveCfg = Debug|Win32
		{6CB20F2D-D932-4315-ABE3-E99EA36D6BE4}.DebugTests|Mixed Platforms.Build.0 = Debug|Win32
		{6CB20F2D-D932-4315-ABE3-E99EA36D6BE4}.DebugTests|Win32.ActiveCfg = Debug|Win32
		{6CB20F2D-D932-4315-ABE3-E99EA36D6BE4}.DebugTests|Win32.Build.0 = Debug|Win32
		{6CB20F2D-D932-4315-ABE3-E99EA36D6BE4}.DebugTests|x86.ActiveCfg = Debug|Win32
		{6CB20F2D-D932-4315-ABE3-E99EA36D6BE4}.DebugTests|x86.Build.0 = Debug|Win32
		{6CB20F2D-D932-4315-ABE3-E99EA36D6BE4}.Release|Any CPU.ActiveCfg = Release|Win32
		{6CB20F2D-D932-4315-ABE3-E99EA36D6BE4}.Release|Mixed Platforms.ActiveCfg = Release|Win32
		{6CB20F2D-D932-4315-ABE3-E99EA36D6BE4}.Release|Mixed Platforms.Build.0 = Release|Win32
		{6CB20F2D-D932-4315-ABE3-E99EA36D6BE4}.Release|Win32.ActiveCfg = Release|Win32
		{6CB20F2D-D932-4315-ABE3-E99EA36D6BE4}.Release|Win32.Build.0 = Release|Win32
		{6CB20F2D-D932-4315-ABE3-E99EA36D6BE4}.Release|x86.ActiveCfg = Release|Win32
		{6CB20F2D-D932-4315-ABE3-E99EA36D6BE4}.Release|x86.Build.0 = Release|Win32
	EndGlobalSection
	GlobalSection(SolutionProperties) = preSolution
		HideSolutionNode = FALSE
	EndGlobalSection
	GlobalSection(NestedProjects) = preSolution
		{62CED1D5-F603-40DE-8BF5-3E49D3A392F4} = {430007DC-F0CB-4310-8614-BBB6AB48A91C}
		{C75532C4-765B-418E-B09B-46D36B2ABDB1} = {430007DC-F0CB-4310-8614-BBB6AB48A91C}
		{424ABE44-1E23-4FF2-8298-BB6863ABA097} = {5BD4137A-17EE-45F7-86DD-4F91D54D267E}
		{04B4D549-A0F9-490E-91D2-8EA5C815400A} = {424ABE44-1E23-4FF2-8298-BB6863ABA097}
		{6D671C13-D33D-4AF7-ACD0-7A9FB5327B76} = {424ABE44-1E23-4FF2-8298-BB6863ABA097}
		{8CBD00ED-6FDF-4863-9976-75595622698E} = {424ABE44-1E23-4FF2-8298-BB6863ABA097}
		{F044C122-1910-437C-AB6C-0A4B803F5E2A} = {04B4D549-A0F9-490E-91D2-8EA5C815400A}
		{9C29B700-3859-4E79-8C75-06FA32CF9479} = {04B4D549-A0F9-490E-91D2-8EA5C815400A}
		{C2C823A0-12C5-4D48-98C9-C9305C0A7E7B} = {6D671C13-D33D-4AF7-ACD0-7A9FB5327B76}
		{B2086A33-F22F-4430-A705-705C2E369950} = {8CBD00ED-6FDF-4863-9976-75595622698E}
		{A3946D56-A042-4197-99B8-374F544D7857} = {8CBD00ED-6FDF-4863-9976-75595622698E}
		{6CB20F2D-D932-4315-ABE3-E99EA36D6BE4} = {8CBD00ED-6FDF-4863-9976-75595622698E}
	EndGlobalSection
EndGlobal
