
Microsoft Visual Studio Solution File, Format Version 12.00
# Visual Studio 2012
Project("{FAE04EC0-301F-11D3-BF4B-00C04F79EFBC}") = "Visualizer", "Visualizer.csproj", "{DA73FD41-0CF7-41F6-803B-471A943923B9}"
EndProject
Project("{FAE04EC0-301F-11D3-BF4B-00C04F79EFBC}") = "WinFormsUI", "..\External\dockpanelsuite\WinFormsUI\WinFormsUI.csproj", "{C75532C4-765B-418E-B09B-46D36B2ABDB1}"
EndProject
Project("{FAE04EC0-301F-11D3-BF4B-00C04F79EFBC}") = "NBug", "..\External\nbug\NBug\NBug.csproj", "{62CED1D5-F603-40DE-8BF5-3E49D3A392F4}"
EndProject
Project("{2150E333-8FDC-42A3-9474-1A3956D46DE8}") = "External", "External", "{430007DC-F0CB-4310-8614-BBB6AB48A91C}"
EndProject
Project("{2150E333-8FDC-42A3-9474-1A3956D46DE8}") = "Plugins", "Plugins", "{5BD4137A-17EE-45F7-86DD-4F91D54D267E}"
EndProject
Project("{FAE04EC0-301F-11D3-BF4B-00C04F79EFBC}") = "Win32Transport", "plugins\transport\Win32Transport\Win32Transport.csproj", "{C2C823A0-12C5-4D48-98C9-C9305C0A7E7B}"
EndProject
Project("{FAE04EC0-301F-11D3-BF4B-00C04F79EFBC}") = "ProcessSpyTransport", "plugins\transport\ProcessSpyTransport\ProcessSpyTransport.csproj", "{9C29B700-3859-4E79-8C75-06FA32CF9479}"
EndProject
Global
	GlobalSection(SolutionConfigurationPlatforms) = preSolution
		Debug|Any CPU = Debug|Any CPU
		Debug|Mixed Platforms = Debug|Mixed Platforms
		Debug|x86 = Debug|x86
		Release|Any CPU = Release|Any CPU
		Release|Mixed Platforms = Release|Mixed Platforms
		Release|x86 = Release|x86
	EndGlobalSection
	GlobalSection(ProjectConfigurationPlatforms) = postSolution
		{DA73FD41-0CF7-41F6-803B-471A943923B9}.Debug|Any CPU.ActiveCfg = Debug|x86
		{DA73FD41-0CF7-41F6-803B-471A943923B9}.Debug|Mixed Platforms.ActiveCfg = Debug|x86
		{DA73FD41-0CF7-41F6-803B-471A943923B9}.Debug|Mixed Platforms.Build.0 = Debug|x86
		{DA73FD41-0CF7-41F6-803B-471A943923B9}.Debug|x86.ActiveCfg = Debug|x86
		{DA73FD41-0CF7-41F6-803B-471A943923B9}.Debug|x86.Build.0 = Debug|x86
		{DA73FD41-0CF7-41F6-803B-471A943923B9}.Release|Any CPU.ActiveCfg = Release|x86
		{DA73FD41-0CF7-41F6-803B-471A943923B9}.Release|Mixed Platforms.ActiveCfg = Release|x86
		{DA73FD41-0CF7-41F6-803B-471A943923B9}.Release|Mixed Platforms.Build.0 = Release|x86
		{DA73FD41-0CF7-41F6-803B-471A943923B9}.Release|x86.ActiveCfg = Release|x86
		{DA73FD41-0CF7-41F6-803B-471A943923B9}.Release|x86.Build.0 = Release|x86
		{C75532C4-765B-418E-B09B-46D36B2ABDB1}.Debug|Any CPU.ActiveCfg = Debug|Any CPU
		{C75532C4-765B-418E-B09B-46D36B2ABDB1}.Debug|Any CPU.Build.0 = Debug|Any CPU
		{C75532C4-765B-418E-B09B-46D36B2ABDB1}.Debug|Mixed Platforms.ActiveCfg = Debug|Any CPU
		{C75532C4-765B-418E-B09B-46D36B2ABDB1}.Debug|Mixed Platforms.Build.0 = Debug|Any CPU
		{C75532C4-765B-418E-B09B-46D36B2ABDB1}.Debug|x86.ActiveCfg = Debug|Any CPU
		{C75532C4-765B-418E-B09B-46D36B2ABDB1}.Release|Any CPU.ActiveCfg = Release|Any CPU
		{C75532C4-765B-418E-B09B-46D36B2ABDB1}.Release|Any CPU.Build.0 = Release|Any CPU
		{C75532C4-765B-418E-B09B-46D36B2ABDB1}.Release|Mixed Platforms.ActiveCfg = Release|Any CPU
		{C75532C4-765B-418E-B09B-46D36B2ABDB1}.Release|Mixed Platforms.Build.0 = Release|Any CPU
		{C75532C4-765B-418E-B09B-46D36B2ABDB1}.Release|x86.ActiveCfg = Release|Any CPU
		{62CED1D5-F603-40DE-8BF5-3E49D3A392F4}.Debug|Any CPU.ActiveCfg = Debug|Any CPU
		{62CED1D5-F603-40DE-8BF5-3E49D3A392F4}.Debug|Any CPU.Build.0 = Debug|Any CPU
		{62CED1D5-F603-40DE-8BF5-3E49D3A392F4}.Debug|Mixed Platforms.ActiveCfg = Debug|Any CPU
		{62CED1D5-F603-40DE-8BF5-3E49D3A392F4}.Debug|Mixed Platforms.Build.0 = Debug|Any CPU
		{62CED1D5-F603-40DE-8BF5-3E49D3A392F4}.Debug|x86.ActiveCfg = Debug|Any CPU
		{62CED1D5-F603-40DE-8BF5-3E49D3A392F4}.Release|Any CPU.ActiveCfg = Release|Any CPU
		{62CED1D5-F603-40DE-8BF5-3E49D3A392F4}.Release|Any CPU.Build.0 = Release|Any CPU
		{62CED1D5-F603-40DE-8BF5-3E49D3A392F4}.Release|Mixed Platforms.ActiveCfg = Release|Any CPU
		{62CED1D5-F603-40DE-8BF5-3E49D3A392F4}.Release|Mixed Platforms.Build.0 = Release|Any CPU
		{62CED1D5-F603-40DE-8BF5-3E49D3A392F4}.Release|x86.ActiveCfg = Release|Any CPU
		{C2C823A0-12C5-4D48-98C9-C9305C0A7E7B}.Debug|Any CPU.ActiveCfg = Debug|Any CPU
		{C2C823A0-12C5-4D48-98C9-C9305C0A7E7B}.Debug|Any CPU.Build.0 = Debug|Any CPU
		{C2C823A0-12C5-4D48-98C9-C9305C0A7E7B}.Debug|Mixed Platforms.ActiveCfg = Debug|Any CPU
		{C2C823A0-12C5-4D48-98C9-C9305C0A7E7B}.Debug|Mixed Platforms.Build.0 = Debug|Any CPU
		{C2C823A0-12C5-4D48-98C9-C9305C0A7E7B}.Debug|x86.ActiveCfg = Debug|Any CPU
		{C2C823A0-12C5-4D48-98C9-C9305C0A7E7B}.Release|Any CPU.ActiveCfg = Release|Any CPU
		{C2C823A0-12C5-4D48-98C9-C9305C0A7E7B}.Release|Any CPU.Build.0 = Release|Any CPU
		{C2C823A0-12C5-4D48-98C9-C9305C0A7E7B}.Release|Mixed Platforms.ActiveCfg = Release|Any CPU
		{C2C823A0-12C5-4D48-98C9-C9305C0A7E7B}.Release|Mixed Platforms.Build.0 = Release|Any CPU
		{C2C823A0-12C5-4D48-98C9-C9305C0A7E7B}.Release|x86.ActiveCfg = Release|Any CPU
		{9C29B700-3859-4E79-8C75-06FA32CF9479}.Debug|Any CPU.ActiveCfg = Debug|Any CPU
		{9C29B700-3859-4E79-8C75-06FA32CF9479}.Debug|Any CPU.Build.0 = Debug|Any CPU
		{9C29B700-3859-4E79-8C75-06FA32CF9479}.Debug|Mixed Platforms.ActiveCfg = Debug|Any CPU
		{9C29B700-3859-4E79-8C75-06FA32CF9479}.Debug|Mixed Platforms.Build.0 = Debug|Any CPU
		{9C29B700-3859-4E79-8C75-06FA32CF9479}.Debug|x86.ActiveCfg = Debug|Any CPU
		{9C29B700-3859-4E79-8C75-06FA32CF9479}.Release|Any CPU.ActiveCfg = Release|Any CPU
		{9C29B700-3859-4E79-8C75-06FA32CF9479}.Release|Any CPU.Build.0 = Release|Any CPU
		{9C29B700-3859-4E79-8C75-06FA32CF9479}.Release|Mixed Platforms.ActiveCfg = Release|Any CPU
		{9C29B700-3859-4E79-8C75-06FA32CF9479}.Release|Mixed Platforms.Build.0 = Release|Any CPU
		{9C29B700-3859-4E79-8C75-06FA32CF9479}.Release|x86.ActiveCfg = Release|Any CPU
	EndGlobalSection
	GlobalSection(SolutionProperties) = preSolution
		HideSolutionNode = FALSE
	EndGlobalSection
	GlobalSection(NestedProjects) = preSolution
		{62CED1D5-F603-40DE-8BF5-3E49D3A392F4} = {430007DC-F0CB-4310-8614-BBB6AB48A91C}
		{C75532C4-765B-418E-B09B-46D36B2ABDB1} = {430007DC-F0CB-4310-8614-BBB6AB48A91C}
		{C2C823A0-12C5-4D48-98C9-C9305C0A7E7B} = {5BD4137A-17EE-45F7-86DD-4F91D54D267E}
		{9C29B700-3859-4E79-8C75-06FA32CF9479} = {5BD4137A-17EE-45F7-86DD-4F91D54D267E}
	EndGlobalSection
EndGlobal
