
Microsoft Visual Studio Solution File, Format Version 10.00
# Visual C++ Express 2008
Project("{8BC9CEB8-8B4A-11D0-8D11-00A0C91BC942}") = "Collector_VS2008", "Collector_VS2008.vcproj", "{2F206F73-1FE6-46CB-8E37-B52F1B6DA32C}"
EndProject
Project("{8BC9CEB8-8B4A-11D0-8D11-00A0C91BC942}") = "TestCollector_VS2008", "TestCollector\TestCollector_VS2008.vcproj", "{AA491EBD-A843-4F4F-B5C3-D34E2F2F9CDB}"
EndProject
Global
	GlobalSection(SolutionConfigurationPlatforms) = preSolution
		Debug|Win32 = Debug|Win32
		Release|Win32 = Release|Win32
	EndGlobalSection
	GlobalSection(ProjectConfigurationPlatforms) = postSolution
		{2F206F73-1FE6-46CB-8E37-B52F1B6DA32C}.Debug|Win32.ActiveCfg = Debug|Win32
		{2F206F73-1FE6-46CB-8E37-B52F1B6DA32C}.Debug|Win32.Build.0 = Debug|Win32
		{2F206F73-1FE6-46CB-8E37-B52F1B6DA32C}.Release|Win32.ActiveCfg = Release|Win32
		{2F206F73-1FE6-46CB-8E37-B52F1B6DA32C}.Release|Win32.Build.0 = Release|Win32
		{AA491EBD-A843-4F4F-B5C3-D34E2F2F9CDB}.Debug|Win32.ActiveCfg = Debug|Win32
		{AA491EBD-A843-4F4F-B5C3-D34E2F2F9CDB}.Debug|Win32.Build.0 = Debug|Win32
		{AA491EBD-A843-4F4F-B5C3-D34E2F2F9CDB}.Release|Win32.ActiveCfg = Release|Win32
		{AA491EBD-A843-4F4F-B5C3-D34E2F2F9CDB}.Release|Win32.Build.0 = Release|Win32
	EndGlobalSection
	GlobalSection(SolutionProperties) = preSolution
		HideSolutionNode = FALSE
	EndGlobalSection
EndGlobal
