
Microsoft Visual Studio Solution File, Format Version 12.00
# Visual Studio 2012
Project("{8BC9CEB8-8B4A-11D0-8D11-00A0C91BC942}") = "Collector", "Collector.vcxproj", "{5E835BE4-39E6-406D-8536-9EF3238E6D40}"
EndProject
Project("{8BC9CEB8-8B4A-11D0-8D11-00A0C91BC942}") = "TestCollector", "TestCollector\TestCollector.vcxproj", "{1B044CCB-0105-4507-BF30-A0E058914ECF}"
EndProject
Global
	GlobalSection(SolutionConfigurationPlatforms) = preSolution
		Analysis|Win32 = Analysis|Win32
		Debug_Collector|Win32 = Debug_Collector|Win32
		Debug|Win32 = Debug|Win32
		Installer|Win32 = Installer|Win32
		Release_Collector|Win32 = Release_Collector|Win32
		Release|Win32 = Release|Win32
	EndGlobalSection
	GlobalSection(ProjectConfigurationPlatforms) = postSolution
		{5E835BE4-39E6-406D-8536-9EF3238E6D40}.Analysis|Win32.ActiveCfg = Analysis|Win32
		{5E835BE4-39E6-406D-8536-9EF3238E6D40}.Analysis|Win32.Build.0 = Analysis|Win32
		{5E835BE4-39E6-406D-8536-9EF3238E6D40}.Debug_Collector|Win32.ActiveCfg = Debug_Collector|Win32
		{5E835BE4-39E6-406D-8536-9EF3238E6D40}.Debug_Collector|Win32.Build.0 = Debug_Collector|Win32
		{5E835BE4-39E6-406D-8536-9EF3238E6D40}.Debug|Win32.ActiveCfg = Debug|Win32
		{5E835BE4-39E6-406D-8536-9EF3238E6D40}.Debug|Win32.Build.0 = Debug|Win32
		{5E835BE4-39E6-406D-8536-9EF3238E6D40}.Installer|Win32.ActiveCfg = Installer|Win32
		{5E835BE4-39E6-406D-8536-9EF3238E6D40}.Installer|Win32.Build.0 = Installer|Win32
		{5E835BE4-39E6-406D-8536-9EF3238E6D40}.Release_Collector|Win32.ActiveCfg = Release_Collector|Win32
		{5E835BE4-39E6-406D-8536-9EF3238E6D40}.Release_Collector|Win32.Build.0 = Release_Collector|Win32
		{5E835BE4-39E6-406D-8536-9EF3238E6D40}.Release|Win32.ActiveCfg = Release|Win32
		{5E835BE4-39E6-406D-8536-9EF3238E6D40}.Release|Win32.Build.0 = Release|Win32
		{1B044CCB-0105-4507-BF30-A0E058914ECF}.Analysis|Win32.ActiveCfg = Analysis|Win32
		{1B044CCB-0105-4507-BF30-A0E058914ECF}.Analysis|Win32.Build.0 = Analysis|Win32
		{1B044CCB-0105-4507-BF30-A0E058914ECF}.Debug_Collector|Win32.ActiveCfg = Debug_Collector|Win32
		{1B044CCB-0105-4507-BF30-A0E058914ECF}.Debug_Collector|Win32.Build.0 = Debug_Collector|Win32
		{1B044CCB-0105-4507-BF30-A0E058914ECF}.Debug|Win32.ActiveCfg = Debug|Win32
		{1B044CCB-0105-4507-BF30-A0E058914ECF}.Debug|Win32.Build.0 = Debug|Win32
		{1B044CCB-0105-4507-BF30-A0E058914ECF}.Installer|Win32.ActiveCfg = Installer|Win32
		{1B044CCB-0105-4507-BF30-A0E058914ECF}.Installer|Win32.Build.0 = Installer|Win32
		{1B044CCB-0105-4507-BF30-A0E058914ECF}.Release_Collector|Win32.ActiveCfg = Release_Collector|Win32
		{1B044CCB-0105-4507-BF30-A0E058914ECF}.Release_Collector|Win32.Build.0 = Release_Collector|Win32
		{1B044CCB-0105-4507-BF30-A0E058914ECF}.Release|Win32.ActiveCfg = Release|Win32
		{1B044CCB-0105-4507-BF30-A0E058914ECF}.Release|Win32.Build.0 = Release|Win32
	EndGlobalSection
	GlobalSection(SolutionProperties) = preSolution
		HideSolutionNode = FALSE
	EndGlobalSection
EndGlobal
