
Microsoft Visual Studio Solution File, Format Version 11.00
# Visual C++ Express 2010
Project("{8BC9CEB8-8B4A-11D0-8D11-00A0C91BC942}") = "Collector_VS2010", "Collector_VS2010.vcxproj", "{85221519-76F7-4B9A-B9C9-91F776035204}"
EndProject
Project("{8BC9CEB8-8B4A-11D0-8D11-00A0C91BC942}") = "TestCollector_VS2010", "TestCollector\TestCollector_VS2010.vcxproj", "{D14B6687-E753-4721-8C8B-D1815B5F4FDA}"
EndProject
Global
	GlobalSection(SolutionConfigurationPlatforms) = preSolution
		Debug|Win32 = Debug|Win32
		Release|Win32 = Release|Win32
	EndGlobalSection
	GlobalSection(ProjectConfigurationPlatforms) = postSolution
		{85221519-76F7-4B9A-B9C9-91F776035204}.Debug|Win32.ActiveCfg = Debug|Win32
		{85221519-76F7-4B9A-B9C9-91F776035204}.Debug|Win32.Build.0 = Debug|Win32
		{85221519-76F7-4B9A-B9C9-91F776035204}.Release|Win32.ActiveCfg = Release|Win32
		{85221519-76F7-4B9A-B9C9-91F776035204}.Release|Win32.Build.0 = Release|Win32
		{D14B6687-E753-4721-8C8B-D1815B5F4FDA}.Debug|Win32.ActiveCfg = Debug|Win32
		{D14B6687-E753-4721-8C8B-D1815B5F4FDA}.Debug|Win32.Build.0 = Debug|Win32
		{D14B6687-E753-4721-8C8B-D1815B5F4FDA}.Release|Win32.ActiveCfg = Release|Win32
		{D14B6687-E753-4721-8C8B-D1815B5F4FDA}.Release|Win32.Build.0 = Release|Win32
	EndGlobalSection
	GlobalSection(SolutionProperties) = preSolution
		HideSolutionNode = FALSE
	EndGlobalSection
EndGlobal
